Microsoft Visual Studio Solution File, Format Version 12.00
# Visual Studio 15
VisualStudioVersion = 15.0.26124.0
MinimumVisualStudioVersion = 15.0.26124.0

Project("{FAE04EC0-301F-11D3-BF4B-00C04F79EFBC}") = "Node", "Node\Node.csproj", "{7C564D0C-D181-44D6-AAC4-F8B63BF10554}"
EndProject
Project("{FAE04EC0-301F-11D3-BF4B-00C04F79EFBC}") = "GossipProto", "Protocols\Gossip\GossipProto.csproj", "{3AB5DD01-EBF1-4B5B-85A3-127711B1D098}"
EndProject
Project("{FAE04EC0-301F-11D3-BF4B-00C04F79EFBC}") = "MempoolProto", "Protocols\Mempool\MempoolProto.csproj", "{2061899B-1E4E-45FE-892C-BC507E258564}"
EndProject
Project("{FAE04EC0-301F-11D3-BF4B-00C04F79EFBC}") = "PeerProto", "Protocols\Peer\PeerProto.csproj", "{9B3C9ADF-A1FF-456E-8F51-980996052F81}"
EndProject
Project("{FAE04EC0-301F-11D3-BF4B-00C04F79EFBC}") = "NodeRpcProto", "Protocols\Rpc\Node\NodeRpcProto.csproj", "{9B9BA35A-F5B9-43C0-8E01-F5ED7C43537A}"
EndProject
Project("{FAE04EC0-301F-11D3-BF4B-00C04F79EFBC}") = "WalletRpcProto", "Protocols\Rpc\Wallet\WalletRpcProto.csproj", "{9299FD11-40A8-4C66-9C50-420CF98A5A0D}"
EndProject
Project("{FAE04EC0-301F-11D3-BF4B-00C04F79EFBC}") = "Bash", "Helpers\Bash\Bash.csproj", "{EA50CCC1-B035-4C94-B62F-B9CDB44A6F62}"
EndProject
Project("{FAE04EC0-301F-11D3-BF4B-00C04F79EFBC}") = "Cryptography", "Helpers\Cryptography\Cryptography.csproj", "{7B353D76-7524-4F35-AE0F-B8F09384336D}"
EndProject
Project("{FAE04EC0-301F-11D3-BF4B-00C04F79EFBC}") = "DataStore", "Helpers\DataStore\DataStore.csproj", "{48919063-2B79-4011-87E2-7EADD65EE53A}"
EndProject
Project("{FAE04EC0-301F-11D3-BF4B-00C04F79EFBC}") = "Exceptions", "Helpers\Exceptions\Exceptions.csproj", "{B785AA34-AE93-4377-A481-8A88B60C3522}"
EndProject
Project("{FAE04EC0-301F-11D3-BF4B-00C04F79EFBC}") = "FileSystem", "Helpers\FileSystem\FileSystem.csproj", "{001F7231-9074-4A23-BA17-B851A2168692}"
EndProject
Project("{FAE04EC0-301F-11D3-BF4B-00C04F79EFBC}") = "Logger", "Helpers\Logger\Logger.csproj", "{53774F6A-8194-4CC0-B077-B4DE132CD0EE}"
EndProject
Project("{FAE04EC0-301F-11D3-BF4B-00C04F79EFBC}") = "Math", "Helpers\Math\Math.csproj", "{1C4759AD-01D6-44D7-B1A4-5D20F8900714}"
EndProject
Project("{FAE04EC0-301F-11D3-BF4B-00C04F79EFBC}") = "Network", "Helpers\Network\Network.csproj", "{2EEA2C4C-03B8-4017-83D7-A85DFB8785F3}"
EndProject
Project("{FAE04EC0-301F-11D3-BF4B-00C04F79EFBC}") = "Platform", "Helpers\Platform\Platform.csproj", "{ACAE2D54-1A95-4CB2-9F77-2F748732B231}"
EndProject
Project("{FAE04EC0-301F-11D3-BF4B-00C04F79EFBC}") = "Ipfs", "Components\Ipfs\Ipfs.csproj", "{FA2339E8-C9BE-40EC-AA54-D74DD28F9A90}"
EndProject
Project("{FAE04EC0-301F-11D3-BF4B-00C04F79EFBC}") = "LevelDB", "Components\LevelDB\LevelDB.csproj", "{4F569BDF-DA3A-48B8-9428-F30690D62A1C}"
EndProject
Project("{FAE04EC0-301F-11D3-BF4B-00C04F79EFBC}") = "Redis", "Components\Redis\Redis.csproj", "{8C4A3313-875F-46BD-9879-C76144A9A115}"
EndProject
Project("{FAE04EC0-301F-11D3-BF4B-00C04F79EFBC}") = "Shell", "Components\Shell\Shell.csproj", "{571864F9-33B3-4173-AD64-5D765A69EACC}"
EndProject
Project("{FAE04EC0-301F-11D3-BF4B-00C04F79EFBC}") = "Token", "Components\Token\Token.csproj", "{A5FD5B8B-521B-4A62-9BF0-556F7CAA7A32}"
EndProject
Project("{FAE04EC0-301F-11D3-BF4B-00C04F79EFBC}") = "Transaction", "Components\Transaction\Transaction.csproj", "{5A24CD66-3489-4B0C-9462-DB723D8D3A13}"
EndProject
Project("{FAE04EC0-301F-11D3-BF4B-00C04F79EFBC}") = "UnitTest", "UnitTests\UnitTest.csproj", "{AA460BB3-A3A9-454A-8CF7-E0E845BBBD9E}"
EndProject
Global
	GlobalSection(SolutionConfigurationPlatforms) = preSolution
		Debug|Any CPU = Debug|Any CPU
		Debug|x64 = Debug|x64
		Debug|x86 = Debug|x86
		Release|Any CPU = Release|Any CPU
		Release|x64 = Release|x64
		Release|x86 = Release|x86
	EndGlobalSection
	GlobalSection(SolutionProperties) = preSolution
		HideSolutionNode = FALSE
	EndGlobalSection
	GlobalSection(ProjectConfigurationPlatforms) = postSolution
	
		{7C564D0C-D181-44D6-AAC4-F8B63BF10554}.Debug|Any CPU.ActiveCfg = Debug|Any CPU
		{7C564D0C-D181-44D6-AAC4-F8B63BF10554}.Debug|Any CPU.Build.0 = Debug|Any CPU
		{7C564D0C-D181-44D6-AAC4-F8B63BF10554}.Debug|x64.ActiveCfg = Debug|Any CPU
		{7C564D0C-D181-44D6-AAC4-F8B63BF10554}.Debug|x64.Build.0 = Debug|Any CPU
		{7C564D0C-D181-44D6-AAC4-F8B63BF10554}.Debug|x86.ActiveCfg = Debug|Any CPU
		{7C564D0C-D181-44D6-AAC4-F8B63BF10554}.Debug|x86.Build.0 = Debug|Any CPU
		{7C564D0C-D181-44D6-AAC4-F8B63BF10554}.Release|Any CPU.ActiveCfg = Release|Any CPU
		{7C564D0C-D181-44D6-AAC4-F8B63BF10554}.Release|Any CPU.Build.0 = Release|Any CPU
		{7C564D0C-D181-44D6-AAC4-F8B63BF10554}.Release|x64.ActiveCfg = Release|Any CPU
		{7C564D0C-D181-44D6-AAC4-F8B63BF10554}.Release|x64.Build.0 = Release|Any CPU
		{7C564D0C-D181-44D6-AAC4-F8B63BF10554}.Release|x86.ActiveCfg = Release|Any CPU
		{7C564D0C-D181-44D6-AAC4-F8B63BF10554}.Release|x86.Build.0 = Release|Any CPU
		{3AB5DD01-EBF1-4B5B-85A3-127711B1D098}.Debug|Any CPU.ActiveCfg = Debug|Any CPU
		{3AB5DD01-EBF1-4B5B-85A3-127711B1D098}.Debug|Any CPU.Build.0 = Debug|Any CPU
		{3AB5DD01-EBF1-4B5B-85A3-127711B1D098}.Debug|x64.ActiveCfg = Debug|Any CPU
		{3AB5DD01-EBF1-4B5B-85A3-127711B1D098}.Debug|x64.Build.0 = Debug|Any CPU
		{3AB5DD01-EBF1-4B5B-85A3-127711B1D098}.Debug|x86.ActiveCfg = Debug|Any CPU
		{3AB5DD01-EBF1-4B5B-85A3-127711B1D098}.Debug|x86.Build.0 = Debug|Any CPU
		{3AB5DD01-EBF1-4B5B-85A3-127711B1D098}.Release|Any CPU.ActiveCfg = Release|Any CPU
		{3AB5DD01-EBF1-4B5B-85A3-127711B1D098}.Release|Any CPU.Build.0 = Release|Any CPU
		{3AB5DD01-EBF1-4B5B-85A3-127711B1D098}.Release|x64.ActiveCfg = Release|Any CPU
		{3AB5DD01-EBF1-4B5B-85A3-127711B1D098}.Release|x64.Build.0 = Release|Any CPU
		{3AB5DD01-EBF1-4B5B-85A3-127711B1D098}.Release|x86.ActiveCfg = Release|Any CPU
		{3AB5DD01-EBF1-4B5B-85A3-127711B1D098}.Release|x86.Build.0 = Release|Any CPU
		{2061899B-1E4E-45FE-892C-BC507E258564}.Debug|Any CPU.ActiveCfg = Debug|Any CPU
		{2061899B-1E4E-45FE-892C-BC507E258564}.Debug|Any CPU.Build.0 = Debug|Any CPU
		{2061899B-1E4E-45FE-892C-BC507E258564}.Debug|x64.ActiveCfg = Debug|Any CPU
		{2061899B-1E4E-45FE-892C-BC507E258564}.Debug|x64.Build.0 = Debug|Any CPU
		{2061899B-1E4E-45FE-892C-BC507E258564}.Debug|x86.ActiveCfg = Debug|Any CPU
		{2061899B-1E4E-45FE-892C-BC507E258564}.Debug|x86.Build.0 = Debug|Any CPU
		{2061899B-1E4E-45FE-892C-BC507E258564}.Release|Any CPU.ActiveCfg = Release|Any CPU
		{2061899B-1E4E-45FE-892C-BC507E258564}.Release|Any CPU.Build.0 = Release|Any CPU
		{2061899B-1E4E-45FE-892C-BC507E258564}.Release|x64.ActiveCfg = Release|Any CPU
		{2061899B-1E4E-45FE-892C-BC507E258564}.Release|x64.Build.0 = Release|Any CPU
		{2061899B-1E4E-45FE-892C-BC507E258564}.Release|x86.ActiveCfg = Release|Any CPU
		{2061899B-1E4E-45FE-892C-BC507E258564}.Release|x86.Build.0 = Release|Any CPU
		{9B3C9ADF-A1FF-456E-8F51-980996052F81}.Debug|Any CPU.ActiveCfg = Debug|Any CPU
		{9B3C9ADF-A1FF-456E-8F51-980996052F81}.Debug|Any CPU.Build.0 = Debug|Any CPU
		{9B3C9ADF-A1FF-456E-8F51-980996052F81}.Debug|x64.ActiveCfg = Debug|Any CPU
		{9B3C9ADF-A1FF-456E-8F51-980996052F81}.Debug|x64.Build.0 = Debug|Any CPU
		{9B3C9ADF-A1FF-456E-8F51-980996052F81}.Debug|x86.ActiveCfg = Debug|Any CPU
		{9B3C9ADF-A1FF-456E-8F51-980996052F81}.Debug|x86.Build.0 = Debug|Any CPU
		{9B3C9ADF-A1FF-456E-8F51-980996052F81}.Release|Any CPU.ActiveCfg = Release|Any CPU
		{9B3C9ADF-A1FF-456E-8F51-980996052F81}.Release|Any CPU.Build.0 = Release|Any CPU
		{9B3C9ADF-A1FF-456E-8F51-980996052F81}.Release|x64.ActiveCfg = Release|Any CPU
		{9B3C9ADF-A1FF-456E-8F51-980996052F81}.Release|x64.Build.0 = Release|Any CPU
		{9B3C9ADF-A1FF-456E-8F51-980996052F81}.Release|x86.ActiveCfg = Release|Any CPU
		{9B3C9ADF-A1FF-456E-8F51-980996052F81}.Release|x86.Build.0 = Release|Any CPU
		{9B9BA35A-F5B9-43C0-8E01-F5ED7C43537A}.Debug|Any CPU.ActiveCfg = Debug|Any CPU
		{9B9BA35A-F5B9-43C0-8E01-F5ED7C43537A}.Debug|Any CPU.Build.0 = Debug|Any CPU
		{9B9BA35A-F5B9-43C0-8E01-F5ED7C43537A}.Debug|x64.ActiveCfg = Debug|Any CPU
		{9B9BA35A-F5B9-43C0-8E01-F5ED7C43537A}.Debug|x64.Build.0 = Debug|Any CPU
		{9B9BA35A-F5B9-43C0-8E01-F5ED7C43537A}.Debug|x86.ActiveCfg = Debug|Any CPU
		{9B9BA35A-F5B9-43C0-8E01-F5ED7C43537A}.Debug|x86.Build.0 = Debug|Any CPU
		{9B9BA35A-F5B9-43C0-8E01-F5ED7C43537A}.Release|Any CPU.ActiveCfg = Release|Any CPU
		{9B9BA35A-F5B9-43C0-8E01-F5ED7C43537A}.Release|Any CPU.Build.0 = Release|Any CPU
		{9B9BA35A-F5B9-43C0-8E01-F5ED7C43537A}.Release|x64.ActiveCfg = Release|Any CPU
		{9B9BA35A-F5B9-43C0-8E01-F5ED7C43537A}.Release|x64.Build.0 = Release|Any CPU
		{9B9BA35A-F5B9-43C0-8E01-F5ED7C43537A}.Release|x86.ActiveCfg = Release|Any CPU
		{9B9BA35A-F5B9-43C0-8E01-F5ED7C43537A}.Release|x86.Build.0 = Release|Any CPU
		{9299FD11-40A8-4C66-9C50-420CF98A5A0D}.Debug|Any CPU.ActiveCfg = Debug|Any CPU
		{9299FD11-40A8-4C66-9C50-420CF98A5A0D}.Debug|Any CPU.Build.0 = Debug|Any CPU
		{9299FD11-40A8-4C66-9C50-420CF98A5A0D}.Debug|x64.ActiveCfg = Debug|Any CPU
		{9299FD11-40A8-4C66-9C50-420CF98A5A0D}.Debug|x64.Build.0 = Debug|Any CPU
		{9299FD11-40A8-4C66-9C50-420CF98A5A0D}.Debug|x86.ActiveCfg = Debug|Any CPU
		{9299FD11-40A8-4C66-9C50-420CF98A5A0D}.Debug|x86.Build.0 = Debug|Any CPU
		{9299FD11-40A8-4C66-9C50-420CF98A5A0D}.Release|Any CPU.ActiveCfg = Release|Any CPU
		{9299FD11-40A8-4C66-9C50-420CF98A5A0D}.Release|Any CPU.Build.0 = Release|Any CPU
		{9299FD11-40A8-4C66-9C50-420CF98A5A0D}.Release|x64.ActiveCfg = Release|Any CPU
		{9299FD11-40A8-4C66-9C50-420CF98A5A0D}.Release|x64.Build.0 = Release|Any CPU
		{9299FD11-40A8-4C66-9C50-420CF98A5A0D}.Release|x86.ActiveCfg = Release|Any CPU
		{9299FD11-40A8-4C66-9C50-420CF98A5A0D}.Release|x86.Build.0 = Release|Any CPU
		{EA50CCC1-B035-4C94-B62F-B9CDB44A6F62}.Debug|Any CPU.ActiveCfg = Debug|Any CPU
		{EA50CCC1-B035-4C94-B62F-B9CDB44A6F62}.Debug|Any CPU.Build.0 = Debug|Any CPU
		{EA50CCC1-B035-4C94-B62F-B9CDB44A6F62}.Debug|x64.ActiveCfg = Debug|Any CPU
		{EA50CCC1-B035-4C94-B62F-B9CDB44A6F62}.Debug|x64.Build.0 = Debug|Any CPU
		{EA50CCC1-B035-4C94-B62F-B9CDB44A6F62}.Debug|x86.ActiveCfg = Debug|Any CPU
		{EA50CCC1-B035-4C94-B62F-B9CDB44A6F62}.Debug|x86.Build.0 = Debug|Any CPU
		{EA50CCC1-B035-4C94-B62F-B9CDB44A6F62}.Release|Any CPU.ActiveCfg = Release|Any CPU
		{EA50CCC1-B035-4C94-B62F-B9CDB44A6F62}.Release|Any CPU.Build.0 = Release|Any CPU
		{EA50CCC1-B035-4C94-B62F-B9CDB44A6F62}.Release|x64.ActiveCfg = Release|Any CPU
		{EA50CCC1-B035-4C94-B62F-B9CDB44A6F62}.Release|x64.Build.0 = Release|Any CPU
		{EA50CCC1-B035-4C94-B62F-B9CDB44A6F62}.Release|x86.ActiveCfg = Release|Any CPU
		{EA50CCC1-B035-4C94-B62F-B9CDB44A6F62}.Release|x86.Build.0 = Release|Any CPU
		{7B353D76-7524-4F35-AE0F-B8F09384336D}.Debug|Any CPU.ActiveCfg = Debug|Any CPU
		{7B353D76-7524-4F35-AE0F-B8F09384336D}.Debug|Any CPU.Build.0 = Debug|Any CPU
		{7B353D76-7524-4F35-AE0F-B8F09384336D}.Debug|x64.ActiveCfg = Debug|Any CPU
		{7B353D76-7524-4F35-AE0F-B8F09384336D}.Debug|x64.Build.0 = Debug|Any CPU
		{7B353D76-7524-4F35-AE0F-B8F09384336D}.Debug|x86.ActiveCfg = Debug|Any CPU
		{7B353D76-7524-4F35-AE0F-B8F09384336D}.Debug|x86.Build.0 = Debug|Any CPU
		{7B353D76-7524-4F35-AE0F-B8F09384336D}.Release|Any CPU.ActiveCfg = Release|Any CPU
		{7B353D76-7524-4F35-AE0F-B8F09384336D}.Release|Any CPU.Build.0 = Release|Any CPU
		{7B353D76-7524-4F35-AE0F-B8F09384336D}.Release|x64.ActiveCfg = Release|Any CPU
		{7B353D76-7524-4F35-AE0F-B8F09384336D}.Release|x64.Build.0 = Release|Any CPU
		{7B353D76-7524-4F35-AE0F-B8F09384336D}.Release|x86.ActiveCfg = Release|Any CPU
		{7B353D76-7524-4F35-AE0F-B8F09384336D}.Release|x86.Build.0 = Release|Any CPU
		{48919063-2B79-4011-87E2-7EADD65EE53A}.Debug|Any CPU.ActiveCfg = Debug|Any CPU
		{48919063-2B79-4011-87E2-7EADD65EE53A}.Debug|Any CPU.Build.0 = Debug|Any CPU
		{48919063-2B79-4011-87E2-7EADD65EE53A}.Debug|x64.ActiveCfg = Debug|Any CPU
		{48919063-2B79-4011-87E2-7EADD65EE53A}.Debug|x64.Build.0 = Debug|Any CPU
		{48919063-2B79-4011-87E2-7EADD65EE53A}.Debug|x86.ActiveCfg = Debug|Any CPU
		{48919063-2B79-4011-87E2-7EADD65EE53A}.Debug|x86.Build.0 = Debug|Any CPU
		{48919063-2B79-4011-87E2-7EADD65EE53A}.Release|Any CPU.ActiveCfg = Release|Any CPU
		{48919063-2B79-4011-87E2-7EADD65EE53A}.Release|Any CPU.Build.0 = Release|Any CPU
		{48919063-2B79-4011-87E2-7EADD65EE53A}.Release|x64.ActiveCfg = Release|Any CPU
		{48919063-2B79-4011-87E2-7EADD65EE53A}.Release|x64.Build.0 = Release|Any CPU
		{48919063-2B79-4011-87E2-7EADD65EE53A}.Release|x86.ActiveCfg = Release|Any CPU
		{48919063-2B79-4011-87E2-7EADD65EE53A}.Release|x86.Build.0 = Release|Any CPU
		{B785AA34-AE93-4377-A481-8A88B60C3522}.Debug|Any CPU.ActiveCfg = Debug|Any CPU
		{B785AA34-AE93-4377-A481-8A88B60C3522}.Debug|Any CPU.Build.0 = Debug|Any CPU
		{B785AA34-AE93-4377-A481-8A88B60C3522}.Debug|x64.ActiveCfg = Debug|Any CPU
		{B785AA34-AE93-4377-A481-8A88B60C3522}.Debug|x64.Build.0 = Debug|Any CPU
		{B785AA34-AE93-4377-A481-8A88B60C3522}.Debug|x86.ActiveCfg = Debug|Any CPU
		{B785AA34-AE93-4377-A481-8A88B60C3522}.Debug|x86.Build.0 = Debug|Any CPU
		{B785AA34-AE93-4377-A481-8A88B60C3522}.Release|Any CPU.ActiveCfg = Release|Any CPU
		{B785AA34-AE93-4377-A481-8A88B60C3522}.Release|Any CPU.Build.0 = Release|Any CPU
		{B785AA34-AE93-4377-A481-8A88B60C3522}.Release|x64.ActiveCfg = Release|Any CPU
		{B785AA34-AE93-4377-A481-8A88B60C3522}.Release|x64.Build.0 = Release|Any CPU
		{B785AA34-AE93-4377-A481-8A88B60C3522}.Release|x86.ActiveCfg = Release|Any CPU
		{B785AA34-AE93-4377-A481-8A88B60C3522}.Release|x86.Build.0 = Release|Any CPU
		{001F7231-9074-4A23-BA17-B851A2168692}.Debug|Any CPU.ActiveCfg = Debug|Any CPU
		{001F7231-9074-4A23-BA17-B851A2168692}.Debug|Any CPU.Build.0 = Debug|Any CPU
		{001F7231-9074-4A23-BA17-B851A2168692}.Debug|x64.ActiveCfg = Debug|Any CPU
		{001F7231-9074-4A23-BA17-B851A2168692}.Debug|x64.Build.0 = Debug|Any CPU
		{001F7231-9074-4A23-BA17-B851A2168692}.Debug|x86.ActiveCfg = Debug|Any CPU
		{001F7231-9074-4A23-BA17-B851A2168692}.Debug|x86.Build.0 = Debug|Any CPU
		{001F7231-9074-4A23-BA17-B851A2168692}.Release|Any CPU.ActiveCfg = Release|Any CPU
		{001F7231-9074-4A23-BA17-B851A2168692}.Release|Any CPU.Build.0 = Release|Any CPU
		{001F7231-9074-4A23-BA17-B851A2168692}.Release|x64.ActiveCfg = Release|Any CPU
		{001F7231-9074-4A23-BA17-B851A2168692}.Release|x64.Build.0 = Release|Any CPU
		{001F7231-9074-4A23-BA17-B851A2168692}.Release|x86.ActiveCfg = Release|Any CPU
		{001F7231-9074-4A23-BA17-B851A2168692}.Release|x86.Build.0 = Release|Any CPU
		{53774F6A-8194-4CC0-B077-B4DE132CD0EE}.Debug|Any CPU.ActiveCfg = Debug|Any CPU
		{53774F6A-8194-4CC0-B077-B4DE132CD0EE}.Debug|Any CPU.Build.0 = Debug|Any CPU
		{53774F6A-8194-4CC0-B077-B4DE132CD0EE}.Debug|x64.ActiveCfg = Debug|Any CPU
		{53774F6A-8194-4CC0-B077-B4DE132CD0EE}.Debug|x64.Build.0 = Debug|Any CPU
		{53774F6A-8194-4CC0-B077-B4DE132CD0EE}.Debug|x86.ActiveCfg = Debug|Any CPU
		{53774F6A-8194-4CC0-B077-B4DE132CD0EE}.Debug|x86.Build.0 = Debug|Any CPU
		{53774F6A-8194-4CC0-B077-B4DE132CD0EE}.Release|Any CPU.ActiveCfg = Release|Any CPU
		{53774F6A-8194-4CC0-B077-B4DE132CD0EE}.Release|Any CPU.Build.0 = Release|Any CPU
		{53774F6A-8194-4CC0-B077-B4DE132CD0EE}.Release|x64.ActiveCfg = Release|Any CPU
		{53774F6A-8194-4CC0-B077-B4DE132CD0EE}.Release|x64.Build.0 = Release|Any CPU
		{53774F6A-8194-4CC0-B077-B4DE132CD0EE}.Release|x86.ActiveCfg = Release|Any CPU
		{53774F6A-8194-4CC0-B077-B4DE132CD0EE}.Release|x86.Build.0 = Release|Any CPU
		{1C4759AD-01D6-44D7-B1A4-5D20F8900714}.Debug|Any CPU.ActiveCfg = Debug|Any CPU
		{1C4759AD-01D6-44D7-B1A4-5D20F8900714}.Debug|Any CPU.Build.0 = Debug|Any CPU
		{1C4759AD-01D6-44D7-B1A4-5D20F8900714}.Debug|x64.ActiveCfg = Debug|Any CPU
		{1C4759AD-01D6-44D7-B1A4-5D20F8900714}.Debug|x64.Build.0 = Debug|Any CPU
		{1C4759AD-01D6-44D7-B1A4-5D20F8900714}.Debug|x86.ActiveCfg = Debug|Any CPU
		{1C4759AD-01D6-44D7-B1A4-5D20F8900714}.Debug|x86.Build.0 = Debug|Any CPU
		{1C4759AD-01D6-44D7-B1A4-5D20F8900714}.Release|Any CPU.ActiveCfg = Release|Any CPU
		{1C4759AD-01D6-44D7-B1A4-5D20F8900714}.Release|Any CPU.Build.0 = Release|Any CPU
		{1C4759AD-01D6-44D7-B1A4-5D20F8900714}.Release|x64.ActiveCfg = Release|Any CPU
		{1C4759AD-01D6-44D7-B1A4-5D20F8900714}.Release|x64.Build.0 = Release|Any CPU
		{1C4759AD-01D6-44D7-B1A4-5D20F8900714}.Release|x86.ActiveCfg = Release|Any CPU
		{1C4759AD-01D6-44D7-B1A4-5D20F8900714}.Release|x86.Build.0 = Release|Any CPU
		{2EEA2C4C-03B8-4017-83D7-A85DFB8785F3}.Debug|Any CPU.ActiveCfg = Debug|Any CPU
		{2EEA2C4C-03B8-4017-83D7-A85DFB8785F3}.Debug|Any CPU.Build.0 = Debug|Any CPU
		{2EEA2C4C-03B8-4017-83D7-A85DFB8785F3}.Debug|x64.ActiveCfg = Debug|Any CPU
		{2EEA2C4C-03B8-4017-83D7-A85DFB8785F3}.Debug|x64.Build.0 = Debug|Any CPU
		{2EEA2C4C-03B8-4017-83D7-A85DFB8785F3}.Debug|x86.ActiveCfg = Debug|Any CPU
		{2EEA2C4C-03B8-4017-83D7-A85DFB8785F3}.Debug|x86.Build.0 = Debug|Any CPU
		{2EEA2C4C-03B8-4017-83D7-A85DFB8785F3}.Release|Any CPU.ActiveCfg = Release|Any CPU
		{2EEA2C4C-03B8-4017-83D7-A85DFB8785F3}.Release|Any CPU.Build.0 = Release|Any CPU
		{2EEA2C4C-03B8-4017-83D7-A85DFB8785F3}.Release|x64.ActiveCfg = Release|Any CPU
		{2EEA2C4C-03B8-4017-83D7-A85DFB8785F3}.Release|x64.Build.0 = Release|Any CPU
		{2EEA2C4C-03B8-4017-83D7-A85DFB8785F3}.Release|x86.ActiveCfg = Release|Any CPU
		{2EEA2C4C-03B8-4017-83D7-A85DFB8785F3}.Release|x86.Build.0 = Release|Any CPU
		{ACAE2D54-1A95-4CB2-9F77-2F748732B231}.Debug|Any CPU.ActiveCfg = Debug|Any CPU
		{ACAE2D54-1A95-4CB2-9F77-2F748732B231}.Debug|Any CPU.Build.0 = Debug|Any CPU
		{ACAE2D54-1A95-4CB2-9F77-2F748732B231}.Debug|x64.ActiveCfg = Debug|Any CPU
		{ACAE2D54-1A95-4CB2-9F77-2F748732B231}.Debug|x64.Build.0 = Debug|Any CPU
		{ACAE2D54-1A95-4CB2-9F77-2F748732B231}.Debug|x86.ActiveCfg = Debug|Any CPU
		{ACAE2D54-1A95-4CB2-9F77-2F748732B231}.Debug|x86.Build.0 = Debug|Any CPU
		{ACAE2D54-1A95-4CB2-9F77-2F748732B231}.Release|Any CPU.ActiveCfg = Release|Any CPU
		{ACAE2D54-1A95-4CB2-9F77-2F748732B231}.Release|Any CPU.Build.0 = Release|Any CPU
		{ACAE2D54-1A95-4CB2-9F77-2F748732B231}.Release|x64.ActiveCfg = Release|Any CPU
		{ACAE2D54-1A95-4CB2-9F77-2F748732B231}.Release|x64.Build.0 = Release|Any CPU
		{ACAE2D54-1A95-4CB2-9F77-2F748732B231}.Release|x86.ActiveCfg = Release|Any CPU
		{ACAE2D54-1A95-4CB2-9F77-2F748732B231}.Release|x86.Build.0 = Release|Any CPU
		{FA2339E8-C9BE-40EC-AA54-D74DD28F9A90}.Debug|Any CPU.ActiveCfg = Debug|Any CPU
		{FA2339E8-C9BE-40EC-AA54-D74DD28F9A90}.Debug|Any CPU.Build.0 = Debug|Any CPU
		{FA2339E8-C9BE-40EC-AA54-D74DD28F9A90}.Debug|x64.ActiveCfg = Debug|Any CPU
		{FA2339E8-C9BE-40EC-AA54-D74DD28F9A90}.Debug|x64.Build.0 = Debug|Any CPU
		{FA2339E8-C9BE-40EC-AA54-D74DD28F9A90}.Debug|x86.ActiveCfg = Debug|Any CPU
		{FA2339E8-C9BE-40EC-AA54-D74DD28F9A90}.Debug|x86.Build.0 = Debug|Any CPU
		{FA2339E8-C9BE-40EC-AA54-D74DD28F9A90}.Release|Any CPU.ActiveCfg = Release|Any CPU
		{FA2339E8-C9BE-40EC-AA54-D74DD28F9A90}.Release|Any CPU.Build.0 = Release|Any CPU
		{FA2339E8-C9BE-40EC-AA54-D74DD28F9A90}.Release|x64.ActiveCfg = Release|Any CPU
		{FA2339E8-C9BE-40EC-AA54-D74DD28F9A90}.Release|x64.Build.0 = Release|Any CPU
		{FA2339E8-C9BE-40EC-AA54-D74DD28F9A90}.Release|x86.ActiveCfg = Release|Any CPU
		{FA2339E8-C9BE-40EC-AA54-D74DD28F9A90}.Release|x86.Build.0 = Release|Any CPU
		{4F569BDF-DA3A-48B8-9428-F30690D62A1C}.Debug|Any CPU.ActiveCfg = Debug|Any CPU
		{4F569BDF-DA3A-48B8-9428-F30690D62A1C}.Debug|Any CPU.Build.0 = Debug|Any CPU
		{4F569BDF-DA3A-48B8-9428-F30690D62A1C}.Debug|x64.ActiveCfg = Debug|Any CPU
		{4F569BDF-DA3A-48B8-9428-F30690D62A1C}.Debug|x64.Build.0 = Debug|Any CPU
		{4F569BDF-DA3A-48B8-9428-F30690D62A1C}.Debug|x86.ActiveCfg = Debug|Any CPU
		{4F569BDF-DA3A-48B8-9428-F30690D62A1C}.Debug|x86.Build.0 = Debug|Any CPU
		{4F569BDF-DA3A-48B8-9428-F30690D62A1C}.Release|Any CPU.ActiveCfg = Release|Any CPU
		{4F569BDF-DA3A-48B8-9428-F30690D62A1C}.Release|Any CPU.Build.0 = Release|Any CPU
		{4F569BDF-DA3A-48B8-9428-F30690D62A1C}.Release|x64.ActiveCfg = Release|Any CPU
		{4F569BDF-DA3A-48B8-9428-F30690D62A1C}.Release|x64.Build.0 = Release|Any CPU
		{4F569BDF-DA3A-48B8-9428-F30690D62A1C}.Release|x86.ActiveCfg = Release|Any CPU
		{4F569BDF-DA3A-48B8-9428-F30690D62A1C}.Release|x86.Build.0 = Release|Any CPU
		{8C4A3313-875F-46BD-9879-C76144A9A115}.Debug|Any CPU.ActiveCfg = Debug|Any CPU
		{8C4A3313-875F-46BD-9879-C76144A9A115}.Debug|Any CPU.Build.0 = Debug|Any CPU
		{8C4A3313-875F-46BD-9879-C76144A9A115}.Debug|x64.ActiveCfg = Debug|Any CPU
		{8C4A3313-875F-46BD-9879-C76144A9A115}.Debug|x64.Build.0 = Debug|Any CPU
		{8C4A3313-875F-46BD-9879-C76144A9A115}.Debug|x86.ActiveCfg = Debug|Any CPU
		{8C4A3313-875F-46BD-9879-C76144A9A115}.Debug|x86.Build.0 = Debug|Any CPU
		{8C4A3313-875F-46BD-9879-C76144A9A115}.Release|Any CPU.ActiveCfg = Release|Any CPU
		{8C4A3313-875F-46BD-9879-C76144A9A115}.Release|Any CPU.Build.0 = Release|Any CPU
		{8C4A3313-875F-46BD-9879-C76144A9A115}.Release|x64.ActiveCfg = Release|Any CPU
		{8C4A3313-875F-46BD-9879-C76144A9A115}.Release|x64.Build.0 = Release|Any CPU
		{8C4A3313-875F-46BD-9879-C76144A9A115}.Release|x86.ActiveCfg = Release|Any CPU
		{8C4A3313-875F-46BD-9879-C76144A9A115}.Release|x86.Build.0 = Release|Any CPU
		{571864F9-33B3-4173-AD64-5D765A69EACC}.Debug|Any CPU.ActiveCfg = Debug|Any CPU
		{571864F9-33B3-4173-AD64-5D765A69EACC}.Debug|Any CPU.Build.0 = Debug|Any CPU
		{571864F9-33B3-4173-AD64-5D765A69EACC}.Debug|x64.ActiveCfg = Debug|Any CPU
		{571864F9-33B3-4173-AD64-5D765A69EACC}.Debug|x64.Build.0 = Debug|Any CPU
		{571864F9-33B3-4173-AD64-5D765A69EACC}.Debug|x86.ActiveCfg = Debug|Any CPU
		{571864F9-33B3-4173-AD64-5D765A69EACC}.Debug|x86.Build.0 = Debug|Any CPU
		{571864F9-33B3-4173-AD64-5D765A69EACC}.Release|Any CPU.ActiveCfg = Release|Any CPU
		{571864F9-33B3-4173-AD64-5D765A69EACC}.Release|Any CPU.Build.0 = Release|Any CPU
		{571864F9-33B3-4173-AD64-5D765A69EACC}.Release|x64.ActiveCfg = Release|Any CPU
		{571864F9-33B3-4173-AD64-5D765A69EACC}.Release|x64.Build.0 = Release|Any CPU
		{571864F9-33B3-4173-AD64-5D765A69EACC}.Release|x86.ActiveCfg = Release|Any CPU
		{571864F9-33B3-4173-AD64-5D765A69EACC}.Release|x86.Build.0 = Release|Any CPU
		{A5FD5B8B-521B-4A62-9BF0-556F7CAA7A32}.Debug|Any CPU.ActiveCfg = Debug|Any CPU
		{A5FD5B8B-521B-4A62-9BF0-556F7CAA7A32}.Debug|Any CPU.Build.0 = Debug|Any CPU
		{A5FD5B8B-521B-4A62-9BF0-556F7CAA7A32}.Debug|x64.ActiveCfg = Debug|Any CPU
		{A5FD5B8B-521B-4A62-9BF0-556F7CAA7A32}.Debug|x64.Build.0 = Debug|Any CPU
		{A5FD5B8B-521B-4A62-9BF0-556F7CAA7A32}.Debug|x86.ActiveCfg = Debug|Any CPU
		{A5FD5B8B-521B-4A62-9BF0-556F7CAA7A32}.Debug|x86.Build.0 = Debug|Any CPU
		{A5FD5B8B-521B-4A62-9BF0-556F7CAA7A32}.Release|Any CPU.ActiveCfg = Release|Any CPU
		{A5FD5B8B-521B-4A62-9BF0-556F7CAA7A32}.Release|Any CPU.Build.0 = Release|Any CPU
		{A5FD5B8B-521B-4A62-9BF0-556F7CAA7A32}.Release|x64.ActiveCfg = Release|Any CPU
		{A5FD5B8B-521B-4A62-9BF0-556F7CAA7A32}.Release|x64.Build.0 = Release|Any CPU
		{A5FD5B8B-521B-4A62-9BF0-556F7CAA7A32}.Release|x86.ActiveCfg = Release|Any CPU
		{A5FD5B8B-521B-4A62-9BF0-556F7CAA7A32}.Release|x86.Build.0 = Release|Any CPU
		{5A24CD66-3489-4B0C-9462-DB723D8D3A13}.Debug|Any CPU.ActiveCfg = Debug|Any CPU
		{5A24CD66-3489-4B0C-9462-DB723D8D3A13}.Debug|Any CPU.Build.0 = Debug|Any CPU
		{5A24CD66-3489-4B0C-9462-DB723D8D3A13}.Debug|x64.ActiveCfg = Debug|Any CPU
		{5A24CD66-3489-4B0C-9462-DB723D8D3A13}.Debug|x64.Build.0 = Debug|Any CPU
		{5A24CD66-3489-4B0C-9462-DB723D8D3A13}.Debug|x86.ActiveCfg = Debug|Any CPU
		{5A24CD66-3489-4B0C-9462-DB723D8D3A13}.Debug|x86.Build.0 = Debug|Any CPU
		{5A24CD66-3489-4B0C-9462-DB723D8D3A13}.Release|Any CPU.ActiveCfg = Release|Any CPU
		{5A24CD66-3489-4B0C-9462-DB723D8D3A13}.Release|Any CPU.Build.0 = Release|Any CPU
		{5A24CD66-3489-4B0C-9462-DB723D8D3A13}.Release|x64.ActiveCfg = Release|Any CPU
		{5A24CD66-3489-4B0C-9462-DB723D8D3A13}.Release|x64.Build.0 = Release|Any CPU
		{5A24CD66-3489-4B0C-9462-DB723D8D3A13}.Release|x86.ActiveCfg = Release|Any CPU
		{5A24CD66-3489-4B0C-9462-DB723D8D3A13}.Release|x86.Build.0 = Release|Any CPU
		{AA460BB3-A3A9-454A-8CF7-E0E845BBBD9E}.Debug|Any CPU.ActiveCfg = Debug|Any CPU
		{AA460BB3-A3A9-454A-8CF7-E0E845BBBD9E}.Debug|Any CPU.Build.0 = Debug|Any CPU
		{AA460BB3-A3A9-454A-8CF7-E0E845BBBD9E}.Debug|x64.ActiveCfg = Debug|Any CPU
		{AA460BB3-A3A9-454A-8CF7-E0E845BBBD9E}.Debug|x64.Build.0 = Debug|Any CPU
		{AA460BB3-A3A9-454A-8CF7-E0E845BBBD9E}.Debug|x86.ActiveCfg = Debug|Any CPU
		{AA460BB3-A3A9-454A-8CF7-E0E845BBBD9E}.Debug|x86.Build.0 = Debug|Any CPU
		{AA460BB3-A3A9-454A-8CF7-E0E845BBBD9E}.Release|Any CPU.ActiveCfg = Release|Any CPU
		{AA460BB3-A3A9-454A-8CF7-E0E845BBBD9E}.Release|Any CPU.Build.0 = Release|Any CPU
		{AA460BB3-A3A9-454A-8CF7-E0E845BBBD9E}.Release|x64.ActiveCfg = Release|Any CPU
		{AA460BB3-A3A9-454A-8CF7-E0E845BBBD9E}.Release|x64.Build.0 = Release|Any CPU
		{AA460BB3-A3A9-454A-8CF7-E0E845BBBD9E}.Release|x86.ActiveCfg = Release|Any CPU
		{AA460BB3-A3A9-454A-8CF7-E0E845BBBD9E}.Release|x86.Build.0 = Release|Any CPU
	EndGlobalSection

EndGlobal
