Microsoft Visual Studio Solution File, Format Version 12.00
# Visual Studio 15
VisualStudioVersion = 15.0.26124.0
MinimumVisualStudioVersion = 15.0.26124.0
Project("{FAE04EC0-301F-11D3-BF4B-00C04F79EFBC}") = "Consensus", "Components\Consensus\ConsensusService.csproj", "{A98831D9-2351-42DE-A761-C58A22E6E4C0}"
EndProject
Project("{FAE04EC0-301F-11D3-BF4B-00C04F79EFBC}") = "P2P", "Components\P2P\P2PService.csproj", "{9B1C7B57-3339-4565-9BF3-CECD0A8B0A05}"
EndProject
Project("{FAE04EC0-301F-11D3-BF4B-00C04F79EFBC}") = "Node", "Node\Node.csproj", "{65CB1AFE-4DA8-4C3B-9039-D06626AC09C3}"
EndProject
Project("{FAE04EC0-301F-11D3-BF4B-00C04F79EFBC}") = "Cli", "Cli\Cli.csproj", "{6A3A8E69-A2E6-4C28-8F87-2E6CF0C4454A}"
EndProject
Project("{FAE04EC0-301F-11D3-BF4B-00C04F79EFBC}") = "Contract", "Components\Contract\ContractService.csproj", "{29601B05-EDEB-4B25-B8AC-AB1DE8C31158}"
EndProject
Project("{FAE04EC0-301F-11D3-BF4B-00C04F79EFBC}") = "Cryptography", "Helpers\Cryptography\Cryptography.csproj", "{D20AC7F2-A666-42C3-9332-6737344FCEA6}"
EndProject
Project("{FAE04EC0-301F-11D3-BF4B-00C04F79EFBC}") = "Transaction", "Components\Transaction\Transaction.csproj", "{DB226237-36F7-410B-A2EE-71202C8937CD}"
EndProject
Project("{FAE04EC0-301F-11D3-BF4B-00C04F79EFBC}") = "Wallet", "Wallet\Wallet.csproj", "{CA0923F0-9976-4215-8333-AD84550FAD20}"
EndProject
Project("{FAE04EC0-301F-11D3-BF4B-00C04F79EFBC}") = "Math", "Helpers\Math\Math.csproj", "{DF16714F-7E8D-424B-9C80-3333B8AE5CDB}"
EndProject
Project("{FAE04EC0-301F-11D3-BF4B-00C04F79EFBC}") = "Economics", "Components\Economics\Economics.csproj", "{FCEE1583-B677-46AD-8E5F-376DA82A46D4}"
EndProject
Project("{FAE04EC0-301F-11D3-BF4B-00C04F79EFBC}") = "Gossip", "Components\Gossip\GossipService.csproj", "{01D46421-D0BD-4EE9-8905-1D19DD7D8713}"
EndProject
Project("{FAE04EC0-301F-11D3-BF4B-00C04F79EFBC}") = "Mempool", "Components\Mempool\MempoolService.csproj", "{8FF6C17A-EA4B-4853-9A00-2CC5E3CC5CCA}"
EndProject
Project("{FAE04EC0-301F-11D3-BF4B-00C04F79EFBC}") = "Token", "Components\Token\Token.csproj", "{5E71BB76-7FF2-4B84-ACD1-4B8382537885}"
EndProject
Project("{FAE04EC0-301F-11D3-BF4B-00C04F79EFBC}") = "RpcProto", "Rpc\Proto\RpcProto.csproj", "{74534F08-CB3C-4BC2-A81E-37F888D399D1}"
EndProject
Project("{FAE04EC0-301F-11D3-BF4B-00C04F79EFBC}") = "RpcService", "Components\Rpc\RpcService.csproj", "{FF5061A2-BDA5-4ED4-BC9D-C74E0D75CD54}"
EndProject
Project("{FAE04EC0-301F-11D3-BF4B-00C04F79EFBC}") = "DfsService", "Components\Dfs\DfsService.csproj", "{122C1677-6F04-41D1-8C77-1AF767D80492}"
EndProject
Project("{FAE04EC0-301F-11D3-BF4B-00C04F79EFBC}") = "RpcClient", "Rpc\Client\RpcClient.csproj", "{82C1063D-D1CE-4237-834A-C3484B81550C}"
EndProject
Project("{FAE04EC0-301F-11D3-BF4B-00C04F79EFBC}") = "UnitTests", "UnitTests\UnitTests.csproj", "{0AA50663-26B8-47E7-8731-BD7001A50294}"
EndProject
Global
	GlobalSection(SolutionConfigurationPlatforms) = preSolution
		Debug|Any CPU = Debug|Any CPU
		Debug|x64 = Debug|x64
		Debug|x86 = Debug|x86
		Release|Any CPU = Release|Any CPU
		Release|x64 = Release|x64
		Release|x86 = Release|x86
	EndGlobalSection
	GlobalSection(SolutionProperties) = preSolution
		HideSolutionNode = FALSE
	EndGlobalSection
	GlobalSection(ProjectConfigurationPlatforms) = postSolution
		{65CB1AFE-4DA8-4C3B-9039-D06626AC09C3}.Debug|Any CPU.ActiveCfg = Debug|Any CPU
		{65CB1AFE-4DA8-4C3B-9039-D06626AC09C3}.Debug|Any CPU.Build.0 = Debug|Any CPU
		{65CB1AFE-4DA8-4C3B-9039-D06626AC09C3}.Debug|x64.ActiveCfg = Debug|Any CPU
		{65CB1AFE-4DA8-4C3B-9039-D06626AC09C3}.Debug|x64.Build.0 = Debug|Any CPU
		{65CB1AFE-4DA8-4C3B-9039-D06626AC09C3}.Debug|x86.ActiveCfg = Debug|Any CPU
		{65CB1AFE-4DA8-4C3B-9039-D06626AC09C3}.Debug|x86.Build.0 = Debug|Any CPU
		{65CB1AFE-4DA8-4C3B-9039-D06626AC09C3}.Release|Any CPU.ActiveCfg = Release|Any CPU
		{65CB1AFE-4DA8-4C3B-9039-D06626AC09C3}.Release|Any CPU.Build.0 = Release|Any CPU
		{65CB1AFE-4DA8-4C3B-9039-D06626AC09C3}.Release|x64.ActiveCfg = Release|Any CPU
		{65CB1AFE-4DA8-4C3B-9039-D06626AC09C3}.Release|x64.Build.0 = Release|Any CPU
		{65CB1AFE-4DA8-4C3B-9039-D06626AC09C3}.Release|x86.ActiveCfg = Release|Any CPU
		{65CB1AFE-4DA8-4C3B-9039-D06626AC09C3}.Release|x86.Build.0 = Release|Any CPU
		{A98831D9-2351-42DE-A761-C58A22E6E4C0}.Debug|Any CPU.ActiveCfg = Debug|Any CPU
		{A98831D9-2351-42DE-A761-C58A22E6E4C0}.Debug|Any CPU.Build.0 = Debug|Any CPU
		{A98831D9-2351-42DE-A761-C58A22E6E4C0}.Debug|x64.ActiveCfg = Debug|Any CPU
		{A98831D9-2351-42DE-A761-C58A22E6E4C0}.Debug|x64.Build.0 = Debug|Any CPU
		{A98831D9-2351-42DE-A761-C58A22E6E4C0}.Debug|x86.ActiveCfg = Debug|Any CPU
		{A98831D9-2351-42DE-A761-C58A22E6E4C0}.Debug|x86.Build.0 = Debug|Any CPU
		{A98831D9-2351-42DE-A761-C58A22E6E4C0}.Release|Any CPU.ActiveCfg = Release|Any CPU
		{A98831D9-2351-42DE-A761-C58A22E6E4C0}.Release|Any CPU.Build.0 = Release|Any CPU
		{A98831D9-2351-42DE-A761-C58A22E6E4C0}.Release|x64.ActiveCfg = Release|Any CPU
		{A98831D9-2351-42DE-A761-C58A22E6E4C0}.Release|x64.Build.0 = Release|Any CPU
		{A98831D9-2351-42DE-A761-C58A22E6E4C0}.Release|x86.ActiveCfg = Release|Any CPU
		{A98831D9-2351-42DE-A761-C58A22E6E4C0}.Release|x86.Build.0 = Release|Any CPU
		{001D4C6D-13F7-4734-BE64-CAAE9D163E4F}.Debug|Any CPU.ActiveCfg = Debug|Any CPU
		{001D4C6D-13F7-4734-BE64-CAAE9D163E4F}.Debug|Any CPU.Build.0 = Debug|Any CPU
		{001D4C6D-13F7-4734-BE64-CAAE9D163E4F}.Debug|x64.ActiveCfg = Debug|Any CPU
		{001D4C6D-13F7-4734-BE64-CAAE9D163E4F}.Debug|x64.Build.0 = Debug|Any CPU
		{001D4C6D-13F7-4734-BE64-CAAE9D163E4F}.Debug|x86.ActiveCfg = Debug|Any CPU
		{001D4C6D-13F7-4734-BE64-CAAE9D163E4F}.Debug|x86.Build.0 = Debug|Any CPU
		{001D4C6D-13F7-4734-BE64-CAAE9D163E4F}.Release|Any CPU.ActiveCfg = Release|Any CPU
		{001D4C6D-13F7-4734-BE64-CAAE9D163E4F}.Release|Any CPU.Build.0 = Release|Any CPU
		{001D4C6D-13F7-4734-BE64-CAAE9D163E4F}.Release|x64.ActiveCfg = Release|Any CPU
		{001D4C6D-13F7-4734-BE64-CAAE9D163E4F}.Release|x64.Build.0 = Release|Any CPU
		{001D4C6D-13F7-4734-BE64-CAAE9D163E4F}.Release|x86.ActiveCfg = Release|Any CPU
		{001D4C6D-13F7-4734-BE64-CAAE9D163E4F}.Release|x86.Build.0 = Release|Any CPU
		{9B1C7B57-3339-4565-9BF3-CECD0A8B0A05}.Debug|Any CPU.ActiveCfg = Debug|Any CPU
		{9B1C7B57-3339-4565-9BF3-CECD0A8B0A05}.Debug|Any CPU.Build.0 = Debug|Any CPU
		{9B1C7B57-3339-4565-9BF3-CECD0A8B0A05}.Debug|x64.ActiveCfg = Debug|Any CPU
		{9B1C7B57-3339-4565-9BF3-CECD0A8B0A05}.Debug|x64.Build.0 = Debug|Any CPU
		{9B1C7B57-3339-4565-9BF3-CECD0A8B0A05}.Debug|x86.ActiveCfg = Debug|Any CPU
		{9B1C7B57-3339-4565-9BF3-CECD0A8B0A05}.Debug|x86.Build.0 = Debug|Any CPU
		{9B1C7B57-3339-4565-9BF3-CECD0A8B0A05}.Release|Any CPU.ActiveCfg = Release|Any CPU
		{9B1C7B57-3339-4565-9BF3-CECD0A8B0A05}.Release|Any CPU.Build.0 = Release|Any CPU
		{9B1C7B57-3339-4565-9BF3-CECD0A8B0A05}.Release|x64.ActiveCfg = Release|Any CPU
		{9B1C7B57-3339-4565-9BF3-CECD0A8B0A05}.Release|x64.Build.0 = Release|Any CPU
		{9B1C7B57-3339-4565-9BF3-CECD0A8B0A05}.Release|x86.ActiveCfg = Release|Any CPU
		{9B1C7B57-3339-4565-9BF3-CECD0A8B0A05}.Release|x86.Build.0 = Release|Any CPU
		{DF16714F-7E8D-424B-9C80-3333B8AE5CDB}.Debug|Any CPU.ActiveCfg = Debug|Any CPU
		{DF16714F-7E8D-424B-9C80-3333B8AE5CDB}.Debug|Any CPU.Build.0 = Debug|Any CPU
		{DF16714F-7E8D-424B-9C80-3333B8AE5CDB}.Debug|x64.ActiveCfg = Debug|Any CPU
		{DF16714F-7E8D-424B-9C80-3333B8AE5CDB}.Debug|x64.Build.0 = Debug|Any CPU
		{DF16714F-7E8D-424B-9C80-3333B8AE5CDB}.Debug|x86.ActiveCfg = Debug|Any CPU
		{DF16714F-7E8D-424B-9C80-3333B8AE5CDB}.Debug|x86.Build.0 = Debug|Any CPU
		{DF16714F-7E8D-424B-9C80-3333B8AE5CDB}.Release|Any CPU.ActiveCfg = Release|Any CPU
		{DF16714F-7E8D-424B-9C80-3333B8AE5CDB}.Release|Any CPU.Build.0 = Release|Any CPU
		{DF16714F-7E8D-424B-9C80-3333B8AE5CDB}.Release|x64.ActiveCfg = Release|Any CPU
		{DF16714F-7E8D-424B-9C80-3333B8AE5CDB}.Release|x64.Build.0 = Release|Any CPU
		{DF16714F-7E8D-424B-9C80-3333B8AE5CDB}.Release|x86.ActiveCfg = Release|Any CPU
		{DF16714F-7E8D-424B-9C80-3333B8AE5CDB}.Release|x86.Build.0 = Release|Any CPU
		{FCEE1583-B677-46AD-8E5F-376DA82A46D4}.Debug|Any CPU.ActiveCfg = Debug|Any CPU
		{FCEE1583-B677-46AD-8E5F-376DA82A46D4}.Debug|Any CPU.Build.0 = Debug|Any CPU
		{FCEE1583-B677-46AD-8E5F-376DA82A46D4}.Debug|x64.ActiveCfg = Debug|Any CPU
		{FCEE1583-B677-46AD-8E5F-376DA82A46D4}.Debug|x64.Build.0 = Debug|Any CPU
		{FCEE1583-B677-46AD-8E5F-376DA82A46D4}.Debug|x86.ActiveCfg = Debug|Any CPU
		{FCEE1583-B677-46AD-8E5F-376DA82A46D4}.Debug|x86.Build.0 = Debug|Any CPU
		{FCEE1583-B677-46AD-8E5F-376DA82A46D4}.Release|Any CPU.ActiveCfg = Release|Any CPU
		{FCEE1583-B677-46AD-8E5F-376DA82A46D4}.Release|Any CPU.Build.0 = Release|Any CPU
		{FCEE1583-B677-46AD-8E5F-376DA82A46D4}.Release|x64.ActiveCfg = Release|Any CPU
		{FCEE1583-B677-46AD-8E5F-376DA82A46D4}.Release|x64.Build.0 = Release|Any CPU
		{FCEE1583-B677-46AD-8E5F-376DA82A46D4}.Release|x86.ActiveCfg = Release|Any CPU
		{FCEE1583-B677-46AD-8E5F-376DA82A46D4}.Release|x86.Build.0 = Release|Any CPU
		{01D46421-D0BD-4EE9-8905-1D19DD7D8713}.Debug|Any CPU.ActiveCfg = Debug|Any CPU
		{01D46421-D0BD-4EE9-8905-1D19DD7D8713}.Debug|Any CPU.Build.0 = Debug|Any CPU
		{01D46421-D0BD-4EE9-8905-1D19DD7D8713}.Debug|x64.ActiveCfg = Debug|Any CPU
		{01D46421-D0BD-4EE9-8905-1D19DD7D8713}.Debug|x64.Build.0 = Debug|Any CPU
		{01D46421-D0BD-4EE9-8905-1D19DD7D8713}.Debug|x86.ActiveCfg = Debug|Any CPU
		{01D46421-D0BD-4EE9-8905-1D19DD7D8713}.Debug|x86.Build.0 = Debug|Any CPU
		{01D46421-D0BD-4EE9-8905-1D19DD7D8713}.Release|Any CPU.ActiveCfg = Release|Any CPU
		{01D46421-D0BD-4EE9-8905-1D19DD7D8713}.Release|Any CPU.Build.0 = Release|Any CPU
		{01D46421-D0BD-4EE9-8905-1D19DD7D8713}.Release|x64.ActiveCfg = Release|Any CPU
		{01D46421-D0BD-4EE9-8905-1D19DD7D8713}.Release|x64.Build.0 = Release|Any CPU
		{01D46421-D0BD-4EE9-8905-1D19DD7D8713}.Release|x86.ActiveCfg = Release|Any CPU
		{01D46421-D0BD-4EE9-8905-1D19DD7D8713}.Release|x86.Build.0 = Release|Any CPU
		{8FF6C17A-EA4B-4853-9A00-2CC5E3CC5CCA}.Debug|Any CPU.ActiveCfg = Debug|Any CPU
		{8FF6C17A-EA4B-4853-9A00-2CC5E3CC5CCA}.Debug|Any CPU.Build.0 = Debug|Any CPU
		{8FF6C17A-EA4B-4853-9A00-2CC5E3CC5CCA}.Debug|x64.ActiveCfg = Debug|Any CPU
		{8FF6C17A-EA4B-4853-9A00-2CC5E3CC5CCA}.Debug|x64.Build.0 = Debug|Any CPU
		{8FF6C17A-EA4B-4853-9A00-2CC5E3CC5CCA}.Debug|x86.ActiveCfg = Debug|Any CPU
		{8FF6C17A-EA4B-4853-9A00-2CC5E3CC5CCA}.Debug|x86.Build.0 = Debug|Any CPU
		{8FF6C17A-EA4B-4853-9A00-2CC5E3CC5CCA}.Release|Any CPU.ActiveCfg = Release|Any CPU
		{8FF6C17A-EA4B-4853-9A00-2CC5E3CC5CCA}.Release|Any CPU.Build.0 = Release|Any CPU
		{8FF6C17A-EA4B-4853-9A00-2CC5E3CC5CCA}.Release|x64.ActiveCfg = Release|Any CPU
		{8FF6C17A-EA4B-4853-9A00-2CC5E3CC5CCA}.Release|x64.Build.0 = Release|Any CPU
		{8FF6C17A-EA4B-4853-9A00-2CC5E3CC5CCA}.Release|x86.ActiveCfg = Release|Any CPU
		{8FF6C17A-EA4B-4853-9A00-2CC5E3CC5CCA}.Release|x86.Build.0 = Release|Any CPU
		{5E71BB76-7FF2-4B84-ACD1-4B8382537885}.Debug|Any CPU.ActiveCfg = Debug|Any CPU
		{5E71BB76-7FF2-4B84-ACD1-4B8382537885}.Debug|Any CPU.Build.0 = Debug|Any CPU
		{5E71BB76-7FF2-4B84-ACD1-4B8382537885}.Debug|x64.ActiveCfg = Debug|Any CPU
		{5E71BB76-7FF2-4B84-ACD1-4B8382537885}.Debug|x64.Build.0 = Debug|Any CPU
		{5E71BB76-7FF2-4B84-ACD1-4B8382537885}.Debug|x86.ActiveCfg = Debug|Any CPU
		{5E71BB76-7FF2-4B84-ACD1-4B8382537885}.Debug|x86.Build.0 = Debug|Any CPU
		{5E71BB76-7FF2-4B84-ACD1-4B8382537885}.Release|Any CPU.ActiveCfg = Release|Any CPU
		{5E71BB76-7FF2-4B84-ACD1-4B8382537885}.Release|Any CPU.Build.0 = Release|Any CPU
		{5E71BB76-7FF2-4B84-ACD1-4B8382537885}.Release|x64.ActiveCfg = Release|Any CPU
		{5E71BB76-7FF2-4B84-ACD1-4B8382537885}.Release|x64.Build.0 = Release|Any CPU
		{5E71BB76-7FF2-4B84-ACD1-4B8382537885}.Release|x86.ActiveCfg = Release|Any CPU
		{5E71BB76-7FF2-4B84-ACD1-4B8382537885}.Release|x86.Build.0 = Release|Any CPU
		{74534F08-CB3C-4BC2-A81E-37F888D399D1}.Debug|Any CPU.ActiveCfg = Debug|Any CPU
		{74534F08-CB3C-4BC2-A81E-37F888D399D1}.Debug|Any CPU.Build.0 = Debug|Any CPU
		{74534F08-CB3C-4BC2-A81E-37F888D399D1}.Debug|x64.ActiveCfg = Debug|Any CPU
		{74534F08-CB3C-4BC2-A81E-37F888D399D1}.Debug|x64.Build.0 = Debug|Any CPU
		{74534F08-CB3C-4BC2-A81E-37F888D399D1}.Debug|x86.ActiveCfg = Debug|Any CPU
		{74534F08-CB3C-4BC2-A81E-37F888D399D1}.Debug|x86.Build.0 = Debug|Any CPU
		{74534F08-CB3C-4BC2-A81E-37F888D399D1}.Release|Any CPU.ActiveCfg = Release|Any CPU
		{74534F08-CB3C-4BC2-A81E-37F888D399D1}.Release|Any CPU.Build.0 = Release|Any CPU
		{74534F08-CB3C-4BC2-A81E-37F888D399D1}.Release|x64.ActiveCfg = Release|Any CPU
		{74534F08-CB3C-4BC2-A81E-37F888D399D1}.Release|x64.Build.0 = Release|Any CPU
		{74534F08-CB3C-4BC2-A81E-37F888D399D1}.Release|x86.ActiveCfg = Release|Any CPU
		{74534F08-CB3C-4BC2-A81E-37F888D399D1}.Release|x86.Build.0 = Release|Any CPU
		{FF5061A2-BDA5-4ED4-BC9D-C74E0D75CD54}.Debug|Any CPU.ActiveCfg = Debug|Any CPU
		{FF5061A2-BDA5-4ED4-BC9D-C74E0D75CD54}.Debug|Any CPU.Build.0 = Debug|Any CPU
		{FF5061A2-BDA5-4ED4-BC9D-C74E0D75CD54}.Debug|x64.ActiveCfg = Debug|Any CPU
		{FF5061A2-BDA5-4ED4-BC9D-C74E0D75CD54}.Debug|x64.Build.0 = Debug|Any CPU
		{FF5061A2-BDA5-4ED4-BC9D-C74E0D75CD54}.Debug|x86.ActiveCfg = Debug|Any CPU
		{FF5061A2-BDA5-4ED4-BC9D-C74E0D75CD54}.Debug|x86.Build.0 = Debug|Any CPU
		{FF5061A2-BDA5-4ED4-BC9D-C74E0D75CD54}.Release|Any CPU.ActiveCfg = Release|Any CPU
		{FF5061A2-BDA5-4ED4-BC9D-C74E0D75CD54}.Release|Any CPU.Build.0 = Release|Any CPU
		{FF5061A2-BDA5-4ED4-BC9D-C74E0D75CD54}.Release|x64.ActiveCfg = Release|Any CPU
		{FF5061A2-BDA5-4ED4-BC9D-C74E0D75CD54}.Release|x64.Build.0 = Release|Any CPU
		{FF5061A2-BDA5-4ED4-BC9D-C74E0D75CD54}.Release|x86.ActiveCfg = Release|Any CPU
		{FF5061A2-BDA5-4ED4-BC9D-C74E0D75CD54}.Release|x86.Build.0 = Release|Any CPU
		{122C1677-6F04-41D1-8C77-1AF767D80492}.Debug|Any CPU.ActiveCfg = Debug|Any CPU
		{122C1677-6F04-41D1-8C77-1AF767D80492}.Debug|Any CPU.Build.0 = Debug|Any CPU
		{122C1677-6F04-41D1-8C77-1AF767D80492}.Debug|x64.ActiveCfg = Debug|Any CPU
		{122C1677-6F04-41D1-8C77-1AF767D80492}.Debug|x64.Build.0 = Debug|Any CPU
		{122C1677-6F04-41D1-8C77-1AF767D80492}.Debug|x86.ActiveCfg = Debug|Any CPU
		{122C1677-6F04-41D1-8C77-1AF767D80492}.Debug|x86.Build.0 = Debug|Any CPU
		{122C1677-6F04-41D1-8C77-1AF767D80492}.Release|Any CPU.ActiveCfg = Release|Any CPU
		{122C1677-6F04-41D1-8C77-1AF767D80492}.Release|Any CPU.Build.0 = Release|Any CPU
		{122C1677-6F04-41D1-8C77-1AF767D80492}.Release|x64.ActiveCfg = Release|Any CPU
		{122C1677-6F04-41D1-8C77-1AF767D80492}.Release|x64.Build.0 = Release|Any CPU
		{122C1677-6F04-41D1-8C77-1AF767D80492}.Release|x86.ActiveCfg = Release|Any CPU
		{122C1677-6F04-41D1-8C77-1AF767D80492}.Release|x86.Build.0 = Release|Any CPU
		{82C1063D-D1CE-4237-834A-C3484B81550C}.Debug|Any CPU.ActiveCfg = Debug|Any CPU
		{82C1063D-D1CE-4237-834A-C3484B81550C}.Debug|Any CPU.Build.0 = Debug|Any CPU
		{82C1063D-D1CE-4237-834A-C3484B81550C}.Debug|x64.ActiveCfg = Debug|Any CPU
		{82C1063D-D1CE-4237-834A-C3484B81550C}.Debug|x64.Build.0 = Debug|Any CPU
		{82C1063D-D1CE-4237-834A-C3484B81550C}.Debug|x86.ActiveCfg = Debug|Any CPU
		{82C1063D-D1CE-4237-834A-C3484B81550C}.Debug|x86.Build.0 = Debug|Any CPU
		{82C1063D-D1CE-4237-834A-C3484B81550C}.Release|Any CPU.ActiveCfg = Release|Any CPU
		{82C1063D-D1CE-4237-834A-C3484B81550C}.Release|Any CPU.Build.0 = Release|Any CPU
		{82C1063D-D1CE-4237-834A-C3484B81550C}.Release|x64.ActiveCfg = Release|Any CPU
		{82C1063D-D1CE-4237-834A-C3484B81550C}.Release|x64.Build.0 = Release|Any CPU
		{82C1063D-D1CE-4237-834A-C3484B81550C}.Release|x86.ActiveCfg = Release|Any CPU
		{82C1063D-D1CE-4237-834A-C3484B81550C}.Release|x86.Build.0 = Release|Any CPU
		{0AA50663-26B8-47E7-8731-BD7001A50294}.Debug|Any CPU.ActiveCfg = Debug|Any CPU
		{0AA50663-26B8-47E7-8731-BD7001A50294}.Debug|Any CPU.Build.0 = Debug|Any CPU
		{0AA50663-26B8-47E7-8731-BD7001A50294}.Debug|x64.ActiveCfg = Debug|Any CPU
		{0AA50663-26B8-47E7-8731-BD7001A50294}.Debug|x64.Build.0 = Debug|Any CPU
		{0AA50663-26B8-47E7-8731-BD7001A50294}.Debug|x86.ActiveCfg = Debug|Any CPU
		{0AA50663-26B8-47E7-8731-BD7001A50294}.Debug|x86.Build.0 = Debug|Any CPU
		{0AA50663-26B8-47E7-8731-BD7001A50294}.Release|Any CPU.ActiveCfg = Release|Any CPU
		{0AA50663-26B8-47E7-8731-BD7001A50294}.Release|Any CPU.Build.0 = Release|Any CPU
		{0AA50663-26B8-47E7-8731-BD7001A50294}.Release|x64.ActiveCfg = Release|Any CPU
		{0AA50663-26B8-47E7-8731-BD7001A50294}.Release|x64.Build.0 = Release|Any CPU
		{0AA50663-26B8-47E7-8731-BD7001A50294}.Release|x86.ActiveCfg = Release|Any CPU
		{0AA50663-26B8-47E7-8731-BD7001A50294}.Release|x86.Build.0 = Release|Any CPU
	EndGlobalSection
EndGlobal

