Microsoft Visual Studio Solution File, Format Version 12.00
# Visual Studio 15
VisualStudioVersion = 15.0.26124.0
MinimumVisualStudioVersion = 15.0.26124.0
Project("{FAE04EC0-301F-11D3-BF4B-00C04F79EFBC}") = "Token", "Components\Token\Token.csproj", "{41715818-9225-4675-95F8-098515C50F81}"
EndProject
Project("{FAE04EC0-301F-11D3-BF4B-00C04F79EFBC}") = "Transaction", "Components\Transaction\Transaction.csproj", "{BF4C089D-DE2F-4586-9C8A-9C01CCF8EECB}"
EndProject
Project("{FAE04EC0-301F-11D3-BF4B-00C04F79EFBC}") = "Cryptography", "Helpers\Cryptography\Cryptography.csproj", "{29158AC6-B235-440A-A22F-43F6E7657C4B}"
EndProject
Project("{FAE04EC0-301F-11D3-BF4B-00C04F79EFBC}") = "FileSystem", "Helpers\FileSystem\FileSystem.csproj", "{E6EFCD6B-8AC0-4841-A694-40A3C0B192BB}"
EndProject
Project("{FAE04EC0-301F-11D3-BF4B-00C04F79EFBC}") = "Logger", "Helpers\Logger\Logger.csproj", "{06EE3C21-E55D-49EF-890E-CDE5EB23A6DD}"
EndProject
Project("{FAE04EC0-301F-11D3-BF4B-00C04F79EFBC}") = "Network", "Helpers\Network\Network.csproj", "{2C74AB53-08EE-459B-952D-58247C01297F}"
EndProject
Project("{FAE04EC0-301F-11D3-BF4B-00C04F79EFBC}") = "Platform", "Helpers\Platform\Platform.csproj", "{5DA14A3B-16C4-4C68-AD81-61C4CFDB2AFF}"
EndProject
Project("{FAE04EC0-301F-11D3-BF4B-00C04F79EFBC}") = "Node", "Node\Node.csproj", "{902688FE-6299-4126-AFA2-D2A1586F8C64}"
EndProject
Project("{FAE04EC0-301F-11D3-BF4B-00C04F79EFBC}") = "Wallet", "Wallet\Wallet.csproj", "{0A29D297-7C20-4B0F-8797-11B0B8AE8740}"
EndProject
Project("{FAE04EC0-301F-11D3-BF4B-00C04F79EFBC}") = "GossipProto", "Protocols\Gossip\GossipProto.csproj", "{9859E585-607A-4D35-98E0-351D084E4942}"
EndProject
Project("{FAE04EC0-301F-11D3-BF4B-00C04F79EFBC}") = "Exceptions", "Helpers\Exceptions\Exceptions.csproj", "{8743F1C6-4609-45F6-8B2C-9EE38003CF4B}"
EndProject
Project("{FAE04EC0-301F-11D3-BF4B-00C04F79EFBC}") = "NodeRpcProto", "Protocols\Rpc\Node\NodeRpcProto.csproj", "{D799B75B-488A-4E59-B156-202B032E5C5A}"
EndProject
Project("{FAE04EC0-301F-11D3-BF4B-00C04F79EFBC}") = "WalletRpcProto", "Protocols\Rpc\Wallet\WalletRpcProto.csproj", "{145DD796-6E8A-4A3C-A328-2A7AC10E0EA4}"
EndProject
Project("{FAE04EC0-301F-11D3-BF4B-00C04F79EFBC}") = "Cli", "Cli\Cli.csproj", "{0FB165D9-9CCA-48E0-AD54-CF4CC4240275}"
EndProject
Project("{FAE04EC0-301F-11D3-BF4B-00C04F79EFBC}") = "Math", "Helpers\Math\Math.csproj", "{718F8007-1E3A-4FA3-AEC4-D72BA0A055AB}"
EndProject
Project("{FAE04EC0-301F-11D3-BF4B-00C04F79EFBC}") = "Services", "Helpers\Services\Services.csproj", "{4CD1C7C9-B035-4C95-888E-7059920015DC}"
EndProject
Project("{FAE04EC0-301F-11D3-BF4B-00C04F79EFBC}") = "Bash", "Helpers\Bash\Bash.csproj", "{5E55C991-0D4E-4206-A06E-610E802F1D0F}"
EndProject
Project("{FAE04EC0-301F-11D3-BF4B-00C04F79EFBC}") = "UnitTests", "UnitTests\UnitTests.csproj", "{C4D469FB-2D5D-41A9-A016-0E439CE2801D}"
EndProject
Project("{FAE04EC0-301F-11D3-BF4B-00C04F79EFBC}") = "NodeGrpc", "Components\NodeGrpc\NodeGrpc.csproj", "{993AE4AD-E31A-4EBE-9473-1A586559AC9F}"
EndProject
Project("{FAE04EC0-301F-11D3-BF4B-00C04F79EFBC}") = "Redis", "Components\Redis\Redis.csproj", "{79DB7DE9-D6FD-44C8-A2F2-0F939395B767}"
EndProject
Project("{FAE04EC0-301F-11D3-BF4B-00C04F79EFBC}") = "Shell", "Components\Shell\Shell.csproj", "{EE66E161-E2C8-4B52-9EE5-4294640A683E}"
EndProject
Project("{FAE04EC0-301F-11D3-BF4B-00C04F79EFBC}") = "ConsensusService", "Modules\Consensus\ConsensusService.csproj", "{7DA58EE3-B12D-42C2-BD22-8E3A1F83F8CC}"
EndProject
Project("{FAE04EC0-301F-11D3-BF4B-00C04F79EFBC}") = "ContractService", "Modules\Contract\ContractService.csproj", "{6909F964-E8D6-4FE6-BD95-34C2CDBC8BE6}"
EndProject
Project("{FAE04EC0-301F-11D3-BF4B-00C04F79EFBC}") = "DfsService", "Modules\Dfs\DfsService.csproj", "{AAA521C6-B7C6-44A1-A573-BB92F3CAC5D4}"
EndProject
Project("{FAE04EC0-301F-11D3-BF4B-00C04F79EFBC}") = "GossipService", "Modules\Gossip\GossipService.csproj", "{547B92D7-6458-4E0B-9D54-EE86E21460AC}"
EndProject
Project("{FAE04EC0-301F-11D3-BF4B-00C04F79EFBC}") = "LedgerService", "Modules\Ledger\LedgerService.csproj", "{0C8256BC-D297-40DB-9B78-D9EE3D356A8B}"
EndProject
Project("{FAE04EC0-301F-11D3-BF4B-00C04F79EFBC}") = "MempoolService", "Modules\Mempool\MempoolService.csproj", "{76F0FEA8-8EAE-4A5C-8B9F-236F284B94DC}"
EndProject
Project("{FAE04EC0-301F-11D3-BF4B-00C04F79EFBC}") = "PeerService", "Modules\Peer\PeerService.csproj", "{5E513828-254C-460B-90CC-372E31073CB2}"
EndProject
Project("{FAE04EC0-301F-11D3-BF4B-00C04F79EFBC}") = "RpcService", "Modules\Rpc\RpcService.csproj", "{0E832B5B-A26D-4DE3-952F-2ACB3D7C3376}"
EndProject
Project("{FAE04EC0-301F-11D3-BF4B-00C04F79EFBC}") = "DataStore", "Helpers\DataStore\DataStore.csproj", "{1B3CA035-47AE-4B1D-BBE6-85ED3BF3351C}"
EndProject
Project("{FAE04EC0-301F-11D3-BF4B-00C04F79EFBC}") = "MempoolProto", "Protocols\Mempool\MempoolProto.csproj", "{7B7B27AE-1CCD-4822-A5D6-F4A683005BCB}"
EndProject
Project("{FAE04EC0-301F-11D3-BF4B-00C04F79EFBC}") = "PeerProto", "Protocols\Peer\PeerProto.csproj", "{9AD90318-0558-4B65-AA04-B463A45C291E}"
EndProject
Project("{FAE04EC0-301F-11D3-BF4B-00C04F79EFBC}") = "Ipfs", "Components\Ipfs\Ipfs.csproj", "{08C69194-F0AD-42BD-A76E-12C70453A91A}"
EndProject
Global
	GlobalSection(SolutionConfigurationPlatforms) = preSolution
		Debug|Any CPU = Debug|Any CPU
		Debug|x64 = Debug|x64
		Debug|x86 = Debug|x86
		Release|Any CPU = Release|Any CPU
		Release|x64 = Release|x64
		Release|x86 = Release|x86
	EndGlobalSection
	GlobalSection(SolutionProperties) = preSolution
		HideSolutionNode = FALSE
	EndGlobalSection
	GlobalSection(ProjectConfigurationPlatforms) = postSolution
	
		{41715818-9225-4675-95F8-098515C50F81}.Debug|Any CPU.ActiveCfg = Debug|Any CPU
		{41715818-9225-4675-95F8-098515C50F81}.Debug|Any CPU.Build.0 = Debug|Any CPU
		{41715818-9225-4675-95F8-098515C50F81}.Debug|x64.ActiveCfg = Debug|Any CPU
		{41715818-9225-4675-95F8-098515C50F81}.Debug|x64.Build.0 = Debug|Any CPU
		{41715818-9225-4675-95F8-098515C50F81}.Debug|x86.ActiveCfg = Debug|Any CPU
		{41715818-9225-4675-95F8-098515C50F81}.Debug|x86.Build.0 = Debug|Any CPU
		{41715818-9225-4675-95F8-098515C50F81}.Release|Any CPU.ActiveCfg = Release|Any CPU
		{41715818-9225-4675-95F8-098515C50F81}.Release|Any CPU.Build.0 = Release|Any CPU
		{41715818-9225-4675-95F8-098515C50F81}.Release|x64.ActiveCfg = Release|Any CPU
		{41715818-9225-4675-95F8-098515C50F81}.Release|x64.Build.0 = Release|Any CPU
		{41715818-9225-4675-95F8-098515C50F81}.Release|x86.ActiveCfg = Release|Any CPU
		{41715818-9225-4675-95F8-098515C50F81}.Release|x86.Build.0 = Release|Any CPU
		{BF4C089D-DE2F-4586-9C8A-9C01CCF8EECB}.Debug|Any CPU.ActiveCfg = Debug|Any CPU
		{BF4C089D-DE2F-4586-9C8A-9C01CCF8EECB}.Debug|Any CPU.Build.0 = Debug|Any CPU
		{BF4C089D-DE2F-4586-9C8A-9C01CCF8EECB}.Debug|x64.ActiveCfg = Debug|Any CPU
		{BF4C089D-DE2F-4586-9C8A-9C01CCF8EECB}.Debug|x64.Build.0 = Debug|Any CPU
		{BF4C089D-DE2F-4586-9C8A-9C01CCF8EECB}.Debug|x86.ActiveCfg = Debug|Any CPU
		{BF4C089D-DE2F-4586-9C8A-9C01CCF8EECB}.Debug|x86.Build.0 = Debug|Any CPU
		{BF4C089D-DE2F-4586-9C8A-9C01CCF8EECB}.Release|Any CPU.ActiveCfg = Release|Any CPU
		{BF4C089D-DE2F-4586-9C8A-9C01CCF8EECB}.Release|Any CPU.Build.0 = Release|Any CPU
		{BF4C089D-DE2F-4586-9C8A-9C01CCF8EECB}.Release|x64.ActiveCfg = Release|Any CPU
		{BF4C089D-DE2F-4586-9C8A-9C01CCF8EECB}.Release|x64.Build.0 = Release|Any CPU
		{BF4C089D-DE2F-4586-9C8A-9C01CCF8EECB}.Release|x86.ActiveCfg = Release|Any CPU
		{BF4C089D-DE2F-4586-9C8A-9C01CCF8EECB}.Release|x86.Build.0 = Release|Any CPU
		{29158AC6-B235-440A-A22F-43F6E7657C4B}.Debug|Any CPU.ActiveCfg = Debug|Any CPU
		{29158AC6-B235-440A-A22F-43F6E7657C4B}.Debug|Any CPU.Build.0 = Debug|Any CPU
		{29158AC6-B235-440A-A22F-43F6E7657C4B}.Debug|x64.ActiveCfg = Debug|Any CPU
		{29158AC6-B235-440A-A22F-43F6E7657C4B}.Debug|x64.Build.0 = Debug|Any CPU
		{29158AC6-B235-440A-A22F-43F6E7657C4B}.Debug|x86.ActiveCfg = Debug|Any CPU
		{29158AC6-B235-440A-A22F-43F6E7657C4B}.Debug|x86.Build.0 = Debug|Any CPU
		{29158AC6-B235-440A-A22F-43F6E7657C4B}.Release|Any CPU.ActiveCfg = Release|Any CPU
		{29158AC6-B235-440A-A22F-43F6E7657C4B}.Release|Any CPU.Build.0 = Release|Any CPU
		{29158AC6-B235-440A-A22F-43F6E7657C4B}.Release|x64.ActiveCfg = Release|Any CPU
		{29158AC6-B235-440A-A22F-43F6E7657C4B}.Release|x64.Build.0 = Release|Any CPU
		{29158AC6-B235-440A-A22F-43F6E7657C4B}.Release|x86.ActiveCfg = Release|Any CPU
		{29158AC6-B235-440A-A22F-43F6E7657C4B}.Release|x86.Build.0 = Release|Any CPU
		{E6EFCD6B-8AC0-4841-A694-40A3C0B192BB}.Debug|Any CPU.ActiveCfg = Debug|Any CPU
		{E6EFCD6B-8AC0-4841-A694-40A3C0B192BB}.Debug|Any CPU.Build.0 = Debug|Any CPU
		{E6EFCD6B-8AC0-4841-A694-40A3C0B192BB}.Debug|x64.ActiveCfg = Debug|Any CPU
		{E6EFCD6B-8AC0-4841-A694-40A3C0B192BB}.Debug|x64.Build.0 = Debug|Any CPU
		{E6EFCD6B-8AC0-4841-A694-40A3C0B192BB}.Debug|x86.ActiveCfg = Debug|Any CPU
		{E6EFCD6B-8AC0-4841-A694-40A3C0B192BB}.Debug|x86.Build.0 = Debug|Any CPU
		{E6EFCD6B-8AC0-4841-A694-40A3C0B192BB}.Release|Any CPU.ActiveCfg = Release|Any CPU
		{E6EFCD6B-8AC0-4841-A694-40A3C0B192BB}.Release|Any CPU.Build.0 = Release|Any CPU
		{E6EFCD6B-8AC0-4841-A694-40A3C0B192BB}.Release|x64.ActiveCfg = Release|Any CPU
		{E6EFCD6B-8AC0-4841-A694-40A3C0B192BB}.Release|x64.Build.0 = Release|Any CPU
		{E6EFCD6B-8AC0-4841-A694-40A3C0B192BB}.Release|x86.ActiveCfg = Release|Any CPU
		{E6EFCD6B-8AC0-4841-A694-40A3C0B192BB}.Release|x86.Build.0 = Release|Any CPU
		{06EE3C21-E55D-49EF-890E-CDE5EB23A6DD}.Debug|Any CPU.ActiveCfg = Debug|Any CPU
		{06EE3C21-E55D-49EF-890E-CDE5EB23A6DD}.Debug|Any CPU.Build.0 = Debug|Any CPU
		{06EE3C21-E55D-49EF-890E-CDE5EB23A6DD}.Debug|x64.ActiveCfg = Debug|Any CPU
		{06EE3C21-E55D-49EF-890E-CDE5EB23A6DD}.Debug|x64.Build.0 = Debug|Any CPU
		{06EE3C21-E55D-49EF-890E-CDE5EB23A6DD}.Debug|x86.ActiveCfg = Debug|Any CPU
		{06EE3C21-E55D-49EF-890E-CDE5EB23A6DD}.Debug|x86.Build.0 = Debug|Any CPU
		{06EE3C21-E55D-49EF-890E-CDE5EB23A6DD}.Release|Any CPU.ActiveCfg = Release|Any CPU
		{06EE3C21-E55D-49EF-890E-CDE5EB23A6DD}.Release|Any CPU.Build.0 = Release|Any CPU
		{06EE3C21-E55D-49EF-890E-CDE5EB23A6DD}.Release|x64.ActiveCfg = Release|Any CPU
		{06EE3C21-E55D-49EF-890E-CDE5EB23A6DD}.Release|x64.Build.0 = Release|Any CPU
		{06EE3C21-E55D-49EF-890E-CDE5EB23A6DD}.Release|x86.ActiveCfg = Release|Any CPU
		{06EE3C21-E55D-49EF-890E-CDE5EB23A6DD}.Release|x86.Build.0 = Release|Any CPU
		{2C74AB53-08EE-459B-952D-58247C01297F}.Debug|Any CPU.ActiveCfg = Debug|Any CPU
		{2C74AB53-08EE-459B-952D-58247C01297F}.Debug|Any CPU.Build.0 = Debug|Any CPU
		{2C74AB53-08EE-459B-952D-58247C01297F}.Debug|x64.ActiveCfg = Debug|Any CPU
		{2C74AB53-08EE-459B-952D-58247C01297F}.Debug|x64.Build.0 = Debug|Any CPU
		{2C74AB53-08EE-459B-952D-58247C01297F}.Debug|x86.ActiveCfg = Debug|Any CPU
		{2C74AB53-08EE-459B-952D-58247C01297F}.Debug|x86.Build.0 = Debug|Any CPU
		{2C74AB53-08EE-459B-952D-58247C01297F}.Release|Any CPU.ActiveCfg = Release|Any CPU
		{2C74AB53-08EE-459B-952D-58247C01297F}.Release|Any CPU.Build.0 = Release|Any CPU
		{2C74AB53-08EE-459B-952D-58247C01297F}.Release|x64.ActiveCfg = Release|Any CPU
		{2C74AB53-08EE-459B-952D-58247C01297F}.Release|x64.Build.0 = Release|Any CPU
		{2C74AB53-08EE-459B-952D-58247C01297F}.Release|x86.ActiveCfg = Release|Any CPU
		{2C74AB53-08EE-459B-952D-58247C01297F}.Release|x86.Build.0 = Release|Any CPU
		{5DA14A3B-16C4-4C68-AD81-61C4CFDB2AFF}.Debug|Any CPU.ActiveCfg = Debug|Any CPU
		{5DA14A3B-16C4-4C68-AD81-61C4CFDB2AFF}.Debug|Any CPU.Build.0 = Debug|Any CPU
		{5DA14A3B-16C4-4C68-AD81-61C4CFDB2AFF}.Debug|x64.ActiveCfg = Debug|Any CPU
		{5DA14A3B-16C4-4C68-AD81-61C4CFDB2AFF}.Debug|x64.Build.0 = Debug|Any CPU
		{5DA14A3B-16C4-4C68-AD81-61C4CFDB2AFF}.Debug|x86.ActiveCfg = Debug|Any CPU
		{5DA14A3B-16C4-4C68-AD81-61C4CFDB2AFF}.Debug|x86.Build.0 = Debug|Any CPU
		{5DA14A3B-16C4-4C68-AD81-61C4CFDB2AFF}.Release|Any CPU.ActiveCfg = Release|Any CPU
		{5DA14A3B-16C4-4C68-AD81-61C4CFDB2AFF}.Release|Any CPU.Build.0 = Release|Any CPU
		{5DA14A3B-16C4-4C68-AD81-61C4CFDB2AFF}.Release|x64.ActiveCfg = Release|Any CPU
		{5DA14A3B-16C4-4C68-AD81-61C4CFDB2AFF}.Release|x64.Build.0 = Release|Any CPU
		{5DA14A3B-16C4-4C68-AD81-61C4CFDB2AFF}.Release|x86.ActiveCfg = Release|Any CPU
		{5DA14A3B-16C4-4C68-AD81-61C4CFDB2AFF}.Release|x86.Build.0 = Release|Any CPU
		{902688FE-6299-4126-AFA2-D2A1586F8C64}.Debug|Any CPU.ActiveCfg = Debug|Any CPU
		{902688FE-6299-4126-AFA2-D2A1586F8C64}.Debug|Any CPU.Build.0 = Debug|Any CPU
		{902688FE-6299-4126-AFA2-D2A1586F8C64}.Debug|x64.ActiveCfg = Debug|Any CPU
		{902688FE-6299-4126-AFA2-D2A1586F8C64}.Debug|x64.Build.0 = Debug|Any CPU
		{902688FE-6299-4126-AFA2-D2A1586F8C64}.Debug|x86.ActiveCfg = Debug|Any CPU
		{902688FE-6299-4126-AFA2-D2A1586F8C64}.Debug|x86.Build.0 = Debug|Any CPU
		{902688FE-6299-4126-AFA2-D2A1586F8C64}.Release|Any CPU.ActiveCfg = Release|Any CPU
		{902688FE-6299-4126-AFA2-D2A1586F8C64}.Release|Any CPU.Build.0 = Release|Any CPU
		{902688FE-6299-4126-AFA2-D2A1586F8C64}.Release|x64.ActiveCfg = Release|Any CPU
		{902688FE-6299-4126-AFA2-D2A1586F8C64}.Release|x64.Build.0 = Release|Any CPU
		{902688FE-6299-4126-AFA2-D2A1586F8C64}.Release|x86.ActiveCfg = Release|Any CPU
		{902688FE-6299-4126-AFA2-D2A1586F8C64}.Release|x86.Build.0 = Release|Any CPU
		{0A29D297-7C20-4B0F-8797-11B0B8AE8740}.Debug|Any CPU.ActiveCfg = Debug|Any CPU
		{0A29D297-7C20-4B0F-8797-11B0B8AE8740}.Debug|Any CPU.Build.0 = Debug|Any CPU
		{0A29D297-7C20-4B0F-8797-11B0B8AE8740}.Debug|x64.ActiveCfg = Debug|Any CPU
		{0A29D297-7C20-4B0F-8797-11B0B8AE8740}.Debug|x64.Build.0 = Debug|Any CPU
		{0A29D297-7C20-4B0F-8797-11B0B8AE8740}.Debug|x86.ActiveCfg = Debug|Any CPU
		{0A29D297-7C20-4B0F-8797-11B0B8AE8740}.Debug|x86.Build.0 = Debug|Any CPU
		{0A29D297-7C20-4B0F-8797-11B0B8AE8740}.Release|Any CPU.ActiveCfg = Release|Any CPU
		{0A29D297-7C20-4B0F-8797-11B0B8AE8740}.Release|Any CPU.Build.0 = Release|Any CPU
		{0A29D297-7C20-4B0F-8797-11B0B8AE8740}.Release|x64.ActiveCfg = Release|Any CPU
		{0A29D297-7C20-4B0F-8797-11B0B8AE8740}.Release|x64.Build.0 = Release|Any CPU
		{0A29D297-7C20-4B0F-8797-11B0B8AE8740}.Release|x86.ActiveCfg = Release|Any CPU
		{0A29D297-7C20-4B0F-8797-11B0B8AE8740}.Release|x86.Build.0 = Release|Any CPU
		{9859E585-607A-4D35-98E0-351D084E4942}.Debug|Any CPU.ActiveCfg = Debug|Any CPU
		{9859E585-607A-4D35-98E0-351D084E4942}.Debug|Any CPU.Build.0 = Debug|Any CPU
		{9859E585-607A-4D35-98E0-351D084E4942}.Debug|x64.ActiveCfg = Debug|Any CPU
		{9859E585-607A-4D35-98E0-351D084E4942}.Debug|x64.Build.0 = Debug|Any CPU
		{9859E585-607A-4D35-98E0-351D084E4942}.Debug|x86.ActiveCfg = Debug|Any CPU
		{9859E585-607A-4D35-98E0-351D084E4942}.Debug|x86.Build.0 = Debug|Any CPU
		{9859E585-607A-4D35-98E0-351D084E4942}.Release|Any CPU.ActiveCfg = Release|Any CPU
		{9859E585-607A-4D35-98E0-351D084E4942}.Release|Any CPU.Build.0 = Release|Any CPU
		{9859E585-607A-4D35-98E0-351D084E4942}.Release|x64.ActiveCfg = Release|Any CPU
		{9859E585-607A-4D35-98E0-351D084E4942}.Release|x64.Build.0 = Release|Any CPU
		{9859E585-607A-4D35-98E0-351D084E4942}.Release|x86.ActiveCfg = Release|Any CPU
		{9859E585-607A-4D35-98E0-351D084E4942}.Release|x86.Build.0 = Release|Any CPU
		{8743F1C6-4609-45F6-8B2C-9EE38003CF4B}.Debug|Any CPU.ActiveCfg = Debug|Any CPU
		{8743F1C6-4609-45F6-8B2C-9EE38003CF4B}.Debug|Any CPU.Build.0 = Debug|Any CPU
		{8743F1C6-4609-45F6-8B2C-9EE38003CF4B}.Debug|x64.ActiveCfg = Debug|Any CPU
		{8743F1C6-4609-45F6-8B2C-9EE38003CF4B}.Debug|x64.Build.0 = Debug|Any CPU
		{8743F1C6-4609-45F6-8B2C-9EE38003CF4B}.Debug|x86.ActiveCfg = Debug|Any CPU
		{8743F1C6-4609-45F6-8B2C-9EE38003CF4B}.Debug|x86.Build.0 = Debug|Any CPU
		{8743F1C6-4609-45F6-8B2C-9EE38003CF4B}.Release|Any CPU.ActiveCfg = Release|Any CPU
		{8743F1C6-4609-45F6-8B2C-9EE38003CF4B}.Release|Any CPU.Build.0 = Release|Any CPU
		{8743F1C6-4609-45F6-8B2C-9EE38003CF4B}.Release|x64.ActiveCfg = Release|Any CPU
		{8743F1C6-4609-45F6-8B2C-9EE38003CF4B}.Release|x64.Build.0 = Release|Any CPU
		{8743F1C6-4609-45F6-8B2C-9EE38003CF4B}.Release|x86.ActiveCfg = Release|Any CPU
		{8743F1C6-4609-45F6-8B2C-9EE38003CF4B}.Release|x86.Build.0 = Release|Any CPU
		{D799B75B-488A-4E59-B156-202B032E5C5A}.Debug|Any CPU.ActiveCfg = Debug|Any CPU
		{D799B75B-488A-4E59-B156-202B032E5C5A}.Debug|Any CPU.Build.0 = Debug|Any CPU
		{D799B75B-488A-4E59-B156-202B032E5C5A}.Debug|x64.ActiveCfg = Debug|Any CPU
		{D799B75B-488A-4E59-B156-202B032E5C5A}.Debug|x64.Build.0 = Debug|Any CPU
		{D799B75B-488A-4E59-B156-202B032E5C5A}.Debug|x86.ActiveCfg = Debug|Any CPU
		{D799B75B-488A-4E59-B156-202B032E5C5A}.Debug|x86.Build.0 = Debug|Any CPU
		{D799B75B-488A-4E59-B156-202B032E5C5A}.Release|Any CPU.ActiveCfg = Release|Any CPU
		{D799B75B-488A-4E59-B156-202B032E5C5A}.Release|Any CPU.Build.0 = Release|Any CPU
		{D799B75B-488A-4E59-B156-202B032E5C5A}.Release|x64.ActiveCfg = Release|Any CPU
		{D799B75B-488A-4E59-B156-202B032E5C5A}.Release|x64.Build.0 = Release|Any CPU
		{D799B75B-488A-4E59-B156-202B032E5C5A}.Release|x86.ActiveCfg = Release|Any CPU
		{D799B75B-488A-4E59-B156-202B032E5C5A}.Release|x86.Build.0 = Release|Any CPU
		{145DD796-6E8A-4A3C-A328-2A7AC10E0EA4}.Debug|Any CPU.ActiveCfg = Debug|Any CPU
		{145DD796-6E8A-4A3C-A328-2A7AC10E0EA4}.Debug|Any CPU.Build.0 = Debug|Any CPU
		{145DD796-6E8A-4A3C-A328-2A7AC10E0EA4}.Debug|x64.ActiveCfg = Debug|Any CPU
		{145DD796-6E8A-4A3C-A328-2A7AC10E0EA4}.Debug|x64.Build.0 = Debug|Any CPU
		{145DD796-6E8A-4A3C-A328-2A7AC10E0EA4}.Debug|x86.ActiveCfg = Debug|Any CPU
		{145DD796-6E8A-4A3C-A328-2A7AC10E0EA4}.Debug|x86.Build.0 = Debug|Any CPU
		{145DD796-6E8A-4A3C-A328-2A7AC10E0EA4}.Release|Any CPU.ActiveCfg = Release|Any CPU
		{145DD796-6E8A-4A3C-A328-2A7AC10E0EA4}.Release|Any CPU.Build.0 = Release|Any CPU
		{145DD796-6E8A-4A3C-A328-2A7AC10E0EA4}.Release|x64.ActiveCfg = Release|Any CPU
		{145DD796-6E8A-4A3C-A328-2A7AC10E0EA4}.Release|x64.Build.0 = Release|Any CPU
		{145DD796-6E8A-4A3C-A328-2A7AC10E0EA4}.Release|x86.ActiveCfg = Release|Any CPU
		{145DD796-6E8A-4A3C-A328-2A7AC10E0EA4}.Release|x86.Build.0 = Release|Any CPU
		{0FB165D9-9CCA-48E0-AD54-CF4CC4240275}.Debug|Any CPU.ActiveCfg = Debug|Any CPU
		{0FB165D9-9CCA-48E0-AD54-CF4CC4240275}.Debug|Any CPU.Build.0 = Debug|Any CPU
		{0FB165D9-9CCA-48E0-AD54-CF4CC4240275}.Debug|x64.ActiveCfg = Debug|Any CPU
		{0FB165D9-9CCA-48E0-AD54-CF4CC4240275}.Debug|x64.Build.0 = Debug|Any CPU
		{0FB165D9-9CCA-48E0-AD54-CF4CC4240275}.Debug|x86.ActiveCfg = Debug|Any CPU
		{0FB165D9-9CCA-48E0-AD54-CF4CC4240275}.Debug|x86.Build.0 = Debug|Any CPU
		{0FB165D9-9CCA-48E0-AD54-CF4CC4240275}.Release|Any CPU.ActiveCfg = Release|Any CPU
		{0FB165D9-9CCA-48E0-AD54-CF4CC4240275}.Release|Any CPU.Build.0 = Release|Any CPU
		{0FB165D9-9CCA-48E0-AD54-CF4CC4240275}.Release|x64.ActiveCfg = Release|Any CPU
		{0FB165D9-9CCA-48E0-AD54-CF4CC4240275}.Release|x64.Build.0 = Release|Any CPU
		{0FB165D9-9CCA-48E0-AD54-CF4CC4240275}.Release|x86.ActiveCfg = Release|Any CPU
		{0FB165D9-9CCA-48E0-AD54-CF4CC4240275}.Release|x86.Build.0 = Release|Any CPU
		{718F8007-1E3A-4FA3-AEC4-D72BA0A055AB}.Debug|Any CPU.ActiveCfg = Debug|Any CPU
		{718F8007-1E3A-4FA3-AEC4-D72BA0A055AB}.Debug|Any CPU.Build.0 = Debug|Any CPU
		{718F8007-1E3A-4FA3-AEC4-D72BA0A055AB}.Debug|x64.ActiveCfg = Debug|Any CPU
		{718F8007-1E3A-4FA3-AEC4-D72BA0A055AB}.Debug|x64.Build.0 = Debug|Any CPU
		{718F8007-1E3A-4FA3-AEC4-D72BA0A055AB}.Debug|x86.ActiveCfg = Debug|Any CPU
		{718F8007-1E3A-4FA3-AEC4-D72BA0A055AB}.Debug|x86.Build.0 = Debug|Any CPU
		{718F8007-1E3A-4FA3-AEC4-D72BA0A055AB}.Release|Any CPU.ActiveCfg = Release|Any CPU
		{718F8007-1E3A-4FA3-AEC4-D72BA0A055AB}.Release|Any CPU.Build.0 = Release|Any CPU
		{718F8007-1E3A-4FA3-AEC4-D72BA0A055AB}.Release|x64.ActiveCfg = Release|Any CPU
		{718F8007-1E3A-4FA3-AEC4-D72BA0A055AB}.Release|x64.Build.0 = Release|Any CPU
		{718F8007-1E3A-4FA3-AEC4-D72BA0A055AB}.Release|x86.ActiveCfg = Release|Any CPU
		{718F8007-1E3A-4FA3-AEC4-D72BA0A055AB}.Release|x86.Build.0 = Release|Any CPU
		{4CD1C7C9-B035-4C95-888E-7059920015DC}.Debug|Any CPU.ActiveCfg = Debug|Any CPU
		{4CD1C7C9-B035-4C95-888E-7059920015DC}.Debug|Any CPU.Build.0 = Debug|Any CPU
		{4CD1C7C9-B035-4C95-888E-7059920015DC}.Debug|x64.ActiveCfg = Debug|Any CPU
		{4CD1C7C9-B035-4C95-888E-7059920015DC}.Debug|x64.Build.0 = Debug|Any CPU
		{4CD1C7C9-B035-4C95-888E-7059920015DC}.Debug|x86.ActiveCfg = Debug|Any CPU
		{4CD1C7C9-B035-4C95-888E-7059920015DC}.Debug|x86.Build.0 = Debug|Any CPU
		{4CD1C7C9-B035-4C95-888E-7059920015DC}.Release|Any CPU.ActiveCfg = Release|Any CPU
		{4CD1C7C9-B035-4C95-888E-7059920015DC}.Release|Any CPU.Build.0 = Release|Any CPU
		{4CD1C7C9-B035-4C95-888E-7059920015DC}.Release|x64.ActiveCfg = Release|Any CPU
		{4CD1C7C9-B035-4C95-888E-7059920015DC}.Release|x64.Build.0 = Release|Any CPU
		{4CD1C7C9-B035-4C95-888E-7059920015DC}.Release|x86.ActiveCfg = Release|Any CPU
		{4CD1C7C9-B035-4C95-888E-7059920015DC}.Release|x86.Build.0 = Release|Any CPU
		{5E55C991-0D4E-4206-A06E-610E802F1D0F}.Debug|Any CPU.ActiveCfg = Debug|Any CPU
		{5E55C991-0D4E-4206-A06E-610E802F1D0F}.Debug|Any CPU.Build.0 = Debug|Any CPU
		{5E55C991-0D4E-4206-A06E-610E802F1D0F}.Debug|x64.ActiveCfg = Debug|Any CPU
		{5E55C991-0D4E-4206-A06E-610E802F1D0F}.Debug|x64.Build.0 = Debug|Any CPU
		{5E55C991-0D4E-4206-A06E-610E802F1D0F}.Debug|x86.ActiveCfg = Debug|Any CPU
		{5E55C991-0D4E-4206-A06E-610E802F1D0F}.Debug|x86.Build.0 = Debug|Any CPU
		{5E55C991-0D4E-4206-A06E-610E802F1D0F}.Release|Any CPU.ActiveCfg = Release|Any CPU
		{5E55C991-0D4E-4206-A06E-610E802F1D0F}.Release|Any CPU.Build.0 = Release|Any CPU
		{5E55C991-0D4E-4206-A06E-610E802F1D0F}.Release|x64.ActiveCfg = Release|Any CPU
		{5E55C991-0D4E-4206-A06E-610E802F1D0F}.Release|x64.Build.0 = Release|Any CPU
		{5E55C991-0D4E-4206-A06E-610E802F1D0F}.Release|x86.ActiveCfg = Release|Any CPU
		{5E55C991-0D4E-4206-A06E-610E802F1D0F}.Release|x86.Build.0 = Release|Any CPU
		{C4D469FB-2D5D-41A9-A016-0E439CE2801D}.Debug|Any CPU.ActiveCfg = Debug|Any CPU
		{C4D469FB-2D5D-41A9-A016-0E439CE2801D}.Debug|Any CPU.Build.0 = Debug|Any CPU
		{C4D469FB-2D5D-41A9-A016-0E439CE2801D}.Debug|x64.ActiveCfg = Debug|Any CPU
		{C4D469FB-2D5D-41A9-A016-0E439CE2801D}.Debug|x64.Build.0 = Debug|Any CPU
		{C4D469FB-2D5D-41A9-A016-0E439CE2801D}.Debug|x86.ActiveCfg = Debug|Any CPU
		{C4D469FB-2D5D-41A9-A016-0E439CE2801D}.Debug|x86.Build.0 = Debug|Any CPU
		{C4D469FB-2D5D-41A9-A016-0E439CE2801D}.Release|Any CPU.ActiveCfg = Release|Any CPU
		{C4D469FB-2D5D-41A9-A016-0E439CE2801D}.Release|Any CPU.Build.0 = Release|Any CPU
		{C4D469FB-2D5D-41A9-A016-0E439CE2801D}.Release|x64.ActiveCfg = Release|Any CPU
		{C4D469FB-2D5D-41A9-A016-0E439CE2801D}.Release|x64.Build.0 = Release|Any CPU
		{C4D469FB-2D5D-41A9-A016-0E439CE2801D}.Release|x86.ActiveCfg = Release|Any CPU
		{C4D469FB-2D5D-41A9-A016-0E439CE2801D}.Release|x86.Build.0 = Release|Any CPU
		{D439D090-8AE3-4B16-B8C1-870C3BA6BEE5}.Debug|Any CPU.ActiveCfg = Debug|Any CPU
		{D439D090-8AE3-4B16-B8C1-870C3BA6BEE5}.Debug|Any CPU.Build.0 = Debug|Any CPU
		{D439D090-8AE3-4B16-B8C1-870C3BA6BEE5}.Debug|x64.ActiveCfg = Debug|Any CPU
		{D439D090-8AE3-4B16-B8C1-870C3BA6BEE5}.Debug|x64.Build.0 = Debug|Any CPU
		{D439D090-8AE3-4B16-B8C1-870C3BA6BEE5}.Debug|x86.ActiveCfg = Debug|Any CPU
		{D439D090-8AE3-4B16-B8C1-870C3BA6BEE5}.Debug|x86.Build.0 = Debug|Any CPU
		{D439D090-8AE3-4B16-B8C1-870C3BA6BEE5}.Release|Any CPU.ActiveCfg = Release|Any CPU
		{D439D090-8AE3-4B16-B8C1-870C3BA6BEE5}.Release|Any CPU.Build.0 = Release|Any CPU
		{D439D090-8AE3-4B16-B8C1-870C3BA6BEE5}.Release|x64.ActiveCfg = Release|Any CPU
		{D439D090-8AE3-4B16-B8C1-870C3BA6BEE5}.Release|x64.Build.0 = Release|Any CPU
		{D439D090-8AE3-4B16-B8C1-870C3BA6BEE5}.Release|x86.ActiveCfg = Release|Any CPU
		{D439D090-8AE3-4B16-B8C1-870C3BA6BEE5}.Release|x86.Build.0 = Release|Any CPU
		{993AE4AD-E31A-4EBE-9473-1A586559AC9F}.Debug|Any CPU.ActiveCfg = Debug|Any CPU
		{993AE4AD-E31A-4EBE-9473-1A586559AC9F}.Debug|Any CPU.Build.0 = Debug|Any CPU
		{993AE4AD-E31A-4EBE-9473-1A586559AC9F}.Debug|x64.ActiveCfg = Debug|Any CPU
		{993AE4AD-E31A-4EBE-9473-1A586559AC9F}.Debug|x64.Build.0 = Debug|Any CPU
		{993AE4AD-E31A-4EBE-9473-1A586559AC9F}.Debug|x86.ActiveCfg = Debug|Any CPU
		{993AE4AD-E31A-4EBE-9473-1A586559AC9F}.Debug|x86.Build.0 = Debug|Any CPU
		{993AE4AD-E31A-4EBE-9473-1A586559AC9F}.Release|Any CPU.ActiveCfg = Release|Any CPU
		{993AE4AD-E31A-4EBE-9473-1A586559AC9F}.Release|Any CPU.Build.0 = Release|Any CPU
		{993AE4AD-E31A-4EBE-9473-1A586559AC9F}.Release|x64.ActiveCfg = Release|Any CPU
		{993AE4AD-E31A-4EBE-9473-1A586559AC9F}.Release|x64.Build.0 = Release|Any CPU
		{993AE4AD-E31A-4EBE-9473-1A586559AC9F}.Release|x86.ActiveCfg = Release|Any CPU
		{993AE4AD-E31A-4EBE-9473-1A586559AC9F}.Release|x86.Build.0 = Release|Any CPU
		{79DB7DE9-D6FD-44C8-A2F2-0F939395B767}.Debug|Any CPU.ActiveCfg = Debug|Any CPU
		{79DB7DE9-D6FD-44C8-A2F2-0F939395B767}.Debug|Any CPU.Build.0 = Debug|Any CPU
		{79DB7DE9-D6FD-44C8-A2F2-0F939395B767}.Debug|x64.ActiveCfg = Debug|Any CPU
		{79DB7DE9-D6FD-44C8-A2F2-0F939395B767}.Debug|x64.Build.0 = Debug|Any CPU
		{79DB7DE9-D6FD-44C8-A2F2-0F939395B767}.Debug|x86.ActiveCfg = Debug|Any CPU
		{79DB7DE9-D6FD-44C8-A2F2-0F939395B767}.Debug|x86.Build.0 = Debug|Any CPU
		{79DB7DE9-D6FD-44C8-A2F2-0F939395B767}.Release|Any CPU.ActiveCfg = Release|Any CPU
		{79DB7DE9-D6FD-44C8-A2F2-0F939395B767}.Release|Any CPU.Build.0 = Release|Any CPU
		{79DB7DE9-D6FD-44C8-A2F2-0F939395B767}.Release|x64.ActiveCfg = Release|Any CPU
		{79DB7DE9-D6FD-44C8-A2F2-0F939395B767}.Release|x64.Build.0 = Release|Any CPU
		{79DB7DE9-D6FD-44C8-A2F2-0F939395B767}.Release|x86.ActiveCfg = Release|Any CPU
		{79DB7DE9-D6FD-44C8-A2F2-0F939395B767}.Release|x86.Build.0 = Release|Any CPU
		{EE66E161-E2C8-4B52-9EE5-4294640A683E}.Debug|Any CPU.ActiveCfg = Debug|Any CPU
		{EE66E161-E2C8-4B52-9EE5-4294640A683E}.Debug|Any CPU.Build.0 = Debug|Any CPU
		{EE66E161-E2C8-4B52-9EE5-4294640A683E}.Debug|x64.ActiveCfg = Debug|Any CPU
		{EE66E161-E2C8-4B52-9EE5-4294640A683E}.Debug|x64.Build.0 = Debug|Any CPU
		{EE66E161-E2C8-4B52-9EE5-4294640A683E}.Debug|x86.ActiveCfg = Debug|Any CPU
		{EE66E161-E2C8-4B52-9EE5-4294640A683E}.Debug|x86.Build.0 = Debug|Any CPU
		{EE66E161-E2C8-4B52-9EE5-4294640A683E}.Release|Any CPU.ActiveCfg = Release|Any CPU
		{EE66E161-E2C8-4B52-9EE5-4294640A683E}.Release|Any CPU.Build.0 = Release|Any CPU
		{EE66E161-E2C8-4B52-9EE5-4294640A683E}.Release|x64.ActiveCfg = Release|Any CPU
		{EE66E161-E2C8-4B52-9EE5-4294640A683E}.Release|x64.Build.0 = Release|Any CPU
		{EE66E161-E2C8-4B52-9EE5-4294640A683E}.Release|x86.ActiveCfg = Release|Any CPU
		{EE66E161-E2C8-4B52-9EE5-4294640A683E}.Release|x86.Build.0 = Release|Any CPU
		{7DA58EE3-B12D-42C2-BD22-8E3A1F83F8CC}.Debug|Any CPU.ActiveCfg = Debug|Any CPU
		{7DA58EE3-B12D-42C2-BD22-8E3A1F83F8CC}.Debug|Any CPU.Build.0 = Debug|Any CPU
		{7DA58EE3-B12D-42C2-BD22-8E3A1F83F8CC}.Debug|x64.ActiveCfg = Debug|Any CPU
		{7DA58EE3-B12D-42C2-BD22-8E3A1F83F8CC}.Debug|x64.Build.0 = Debug|Any CPU
		{7DA58EE3-B12D-42C2-BD22-8E3A1F83F8CC}.Debug|x86.ActiveCfg = Debug|Any CPU
		{7DA58EE3-B12D-42C2-BD22-8E3A1F83F8CC}.Debug|x86.Build.0 = Debug|Any CPU
		{7DA58EE3-B12D-42C2-BD22-8E3A1F83F8CC}.Release|Any CPU.ActiveCfg = Release|Any CPU
		{7DA58EE3-B12D-42C2-BD22-8E3A1F83F8CC}.Release|Any CPU.Build.0 = Release|Any CPU
		{7DA58EE3-B12D-42C2-BD22-8E3A1F83F8CC}.Release|x64.ActiveCfg = Release|Any CPU
		{7DA58EE3-B12D-42C2-BD22-8E3A1F83F8CC}.Release|x64.Build.0 = Release|Any CPU
		{7DA58EE3-B12D-42C2-BD22-8E3A1F83F8CC}.Release|x86.ActiveCfg = Release|Any CPU
		{7DA58EE3-B12D-42C2-BD22-8E3A1F83F8CC}.Release|x86.Build.0 = Release|Any CPU
		{6909F964-E8D6-4FE6-BD95-34C2CDBC8BE6}.Debug|Any CPU.ActiveCfg = Debug|Any CPU
		{6909F964-E8D6-4FE6-BD95-34C2CDBC8BE6}.Debug|Any CPU.Build.0 = Debug|Any CPU
		{6909F964-E8D6-4FE6-BD95-34C2CDBC8BE6}.Debug|x64.ActiveCfg = Debug|Any CPU
		{6909F964-E8D6-4FE6-BD95-34C2CDBC8BE6}.Debug|x64.Build.0 = Debug|Any CPU
		{6909F964-E8D6-4FE6-BD95-34C2CDBC8BE6}.Debug|x86.ActiveCfg = Debug|Any CPU
		{6909F964-E8D6-4FE6-BD95-34C2CDBC8BE6}.Debug|x86.Build.0 = Debug|Any CPU
		{6909F964-E8D6-4FE6-BD95-34C2CDBC8BE6}.Release|Any CPU.ActiveCfg = Release|Any CPU
		{6909F964-E8D6-4FE6-BD95-34C2CDBC8BE6}.Release|Any CPU.Build.0 = Release|Any CPU
		{6909F964-E8D6-4FE6-BD95-34C2CDBC8BE6}.Release|x64.ActiveCfg = Release|Any CPU
		{6909F964-E8D6-4FE6-BD95-34C2CDBC8BE6}.Release|x64.Build.0 = Release|Any CPU
		{6909F964-E8D6-4FE6-BD95-34C2CDBC8BE6}.Release|x86.ActiveCfg = Release|Any CPU
		{6909F964-E8D6-4FE6-BD95-34C2CDBC8BE6}.Release|x86.Build.0 = Release|Any CPU
		{AAA521C6-B7C6-44A1-A573-BB92F3CAC5D4}.Debug|Any CPU.ActiveCfg = Debug|Any CPU
		{AAA521C6-B7C6-44A1-A573-BB92F3CAC5D4}.Debug|Any CPU.Build.0 = Debug|Any CPU
		{AAA521C6-B7C6-44A1-A573-BB92F3CAC5D4}.Debug|x64.ActiveCfg = Debug|Any CPU
		{AAA521C6-B7C6-44A1-A573-BB92F3CAC5D4}.Debug|x64.Build.0 = Debug|Any CPU
		{AAA521C6-B7C6-44A1-A573-BB92F3CAC5D4}.Debug|x86.ActiveCfg = Debug|Any CPU
		{AAA521C6-B7C6-44A1-A573-BB92F3CAC5D4}.Debug|x86.Build.0 = Debug|Any CPU
		{AAA521C6-B7C6-44A1-A573-BB92F3CAC5D4}.Release|Any CPU.ActiveCfg = Release|Any CPU
		{AAA521C6-B7C6-44A1-A573-BB92F3CAC5D4}.Release|Any CPU.Build.0 = Release|Any CPU
		{AAA521C6-B7C6-44A1-A573-BB92F3CAC5D4}.Release|x64.ActiveCfg = Release|Any CPU
		{AAA521C6-B7C6-44A1-A573-BB92F3CAC5D4}.Release|x64.Build.0 = Release|Any CPU
		{AAA521C6-B7C6-44A1-A573-BB92F3CAC5D4}.Release|x86.ActiveCfg = Release|Any CPU
		{AAA521C6-B7C6-44A1-A573-BB92F3CAC5D4}.Release|x86.Build.0 = Release|Any CPU
		{547B92D7-6458-4E0B-9D54-EE86E21460AC}.Debug|Any CPU.ActiveCfg = Debug|Any CPU
		{547B92D7-6458-4E0B-9D54-EE86E21460AC}.Debug|Any CPU.Build.0 = Debug|Any CPU
		{547B92D7-6458-4E0B-9D54-EE86E21460AC}.Debug|x64.ActiveCfg = Debug|Any CPU
		{547B92D7-6458-4E0B-9D54-EE86E21460AC}.Debug|x64.Build.0 = Debug|Any CPU
		{547B92D7-6458-4E0B-9D54-EE86E21460AC}.Debug|x86.ActiveCfg = Debug|Any CPU
		{547B92D7-6458-4E0B-9D54-EE86E21460AC}.Debug|x86.Build.0 = Debug|Any CPU
		{547B92D7-6458-4E0B-9D54-EE86E21460AC}.Release|Any CPU.ActiveCfg = Release|Any CPU
		{547B92D7-6458-4E0B-9D54-EE86E21460AC}.Release|Any CPU.Build.0 = Release|Any CPU
		{547B92D7-6458-4E0B-9D54-EE86E21460AC}.Release|x64.ActiveCfg = Release|Any CPU
		{547B92D7-6458-4E0B-9D54-EE86E21460AC}.Release|x64.Build.0 = Release|Any CPU
		{547B92D7-6458-4E0B-9D54-EE86E21460AC}.Release|x86.ActiveCfg = Release|Any CPU
		{547B92D7-6458-4E0B-9D54-EE86E21460AC}.Release|x86.Build.0 = Release|Any CPU
		{0C8256BC-D297-40DB-9B78-D9EE3D356A8B}.Debug|Any CPU.ActiveCfg = Debug|Any CPU
		{0C8256BC-D297-40DB-9B78-D9EE3D356A8B}.Debug|Any CPU.Build.0 = Debug|Any CPU
		{0C8256BC-D297-40DB-9B78-D9EE3D356A8B}.Debug|x64.ActiveCfg = Debug|Any CPU
		{0C8256BC-D297-40DB-9B78-D9EE3D356A8B}.Debug|x64.Build.0 = Debug|Any CPU
		{0C8256BC-D297-40DB-9B78-D9EE3D356A8B}.Debug|x86.ActiveCfg = Debug|Any CPU
		{0C8256BC-D297-40DB-9B78-D9EE3D356A8B}.Debug|x86.Build.0 = Debug|Any CPU
		{0C8256BC-D297-40DB-9B78-D9EE3D356A8B}.Release|Any CPU.ActiveCfg = Release|Any CPU
		{0C8256BC-D297-40DB-9B78-D9EE3D356A8B}.Release|Any CPU.Build.0 = Release|Any CPU
		{0C8256BC-D297-40DB-9B78-D9EE3D356A8B}.Release|x64.ActiveCfg = Release|Any CPU
		{0C8256BC-D297-40DB-9B78-D9EE3D356A8B}.Release|x64.Build.0 = Release|Any CPU
		{0C8256BC-D297-40DB-9B78-D9EE3D356A8B}.Release|x86.ActiveCfg = Release|Any CPU
		{0C8256BC-D297-40DB-9B78-D9EE3D356A8B}.Release|x86.Build.0 = Release|Any CPU
		{76F0FEA8-8EAE-4A5C-8B9F-236F284B94DC}.Debug|Any CPU.ActiveCfg = Debug|Any CPU
		{76F0FEA8-8EAE-4A5C-8B9F-236F284B94DC}.Debug|Any CPU.Build.0 = Debug|Any CPU
		{76F0FEA8-8EAE-4A5C-8B9F-236F284B94DC}.Debug|x64.ActiveCfg = Debug|Any CPU
		{76F0FEA8-8EAE-4A5C-8B9F-236F284B94DC}.Debug|x64.Build.0 = Debug|Any CPU
		{76F0FEA8-8EAE-4A5C-8B9F-236F284B94DC}.Debug|x86.ActiveCfg = Debug|Any CPU
		{76F0FEA8-8EAE-4A5C-8B9F-236F284B94DC}.Debug|x86.Build.0 = Debug|Any CPU
		{76F0FEA8-8EAE-4A5C-8B9F-236F284B94DC}.Release|Any CPU.ActiveCfg = Release|Any CPU
		{76F0FEA8-8EAE-4A5C-8B9F-236F284B94DC}.Release|Any CPU.Build.0 = Release|Any CPU
		{76F0FEA8-8EAE-4A5C-8B9F-236F284B94DC}.Release|x64.ActiveCfg = Release|Any CPU
		{76F0FEA8-8EAE-4A5C-8B9F-236F284B94DC}.Release|x64.Build.0 = Release|Any CPU
		{76F0FEA8-8EAE-4A5C-8B9F-236F284B94DC}.Release|x86.ActiveCfg = Release|Any CPU
		{76F0FEA8-8EAE-4A5C-8B9F-236F284B94DC}.Release|x86.Build.0 = Release|Any CPU
		{5E513828-254C-460B-90CC-372E31073CB2}.Debug|Any CPU.ActiveCfg = Debug|Any CPU
		{5E513828-254C-460B-90CC-372E31073CB2}.Debug|Any CPU.Build.0 = Debug|Any CPU
		{5E513828-254C-460B-90CC-372E31073CB2}.Debug|x64.ActiveCfg = Debug|Any CPU
		{5E513828-254C-460B-90CC-372E31073CB2}.Debug|x64.Build.0 = Debug|Any CPU
		{5E513828-254C-460B-90CC-372E31073CB2}.Debug|x86.ActiveCfg = Debug|Any CPU
		{5E513828-254C-460B-90CC-372E31073CB2}.Debug|x86.Build.0 = Debug|Any CPU
		{5E513828-254C-460B-90CC-372E31073CB2}.Release|Any CPU.ActiveCfg = Release|Any CPU
		{5E513828-254C-460B-90CC-372E31073CB2}.Release|Any CPU.Build.0 = Release|Any CPU
		{5E513828-254C-460B-90CC-372E31073CB2}.Release|x64.ActiveCfg = Release|Any CPU
		{5E513828-254C-460B-90CC-372E31073CB2}.Release|x64.Build.0 = Release|Any CPU
		{5E513828-254C-460B-90CC-372E31073CB2}.Release|x86.ActiveCfg = Release|Any CPU
		{5E513828-254C-460B-90CC-372E31073CB2}.Release|x86.Build.0 = Release|Any CPU
		{0E832B5B-A26D-4DE3-952F-2ACB3D7C3376}.Debug|Any CPU.ActiveCfg = Debug|Any CPU
		{0E832B5B-A26D-4DE3-952F-2ACB3D7C3376}.Debug|Any CPU.Build.0 = Debug|Any CPU
		{0E832B5B-A26D-4DE3-952F-2ACB3D7C3376}.Debug|x64.ActiveCfg = Debug|Any CPU
		{0E832B5B-A26D-4DE3-952F-2ACB3D7C3376}.Debug|x64.Build.0 = Debug|Any CPU
		{0E832B5B-A26D-4DE3-952F-2ACB3D7C3376}.Debug|x86.ActiveCfg = Debug|Any CPU
		{0E832B5B-A26D-4DE3-952F-2ACB3D7C3376}.Debug|x86.Build.0 = Debug|Any CPU
		{0E832B5B-A26D-4DE3-952F-2ACB3D7C3376}.Release|Any CPU.ActiveCfg = Release|Any CPU
		{0E832B5B-A26D-4DE3-952F-2ACB3D7C3376}.Release|Any CPU.Build.0 = Release|Any CPU
		{0E832B5B-A26D-4DE3-952F-2ACB3D7C3376}.Release|x64.ActiveCfg = Release|Any CPU
		{0E832B5B-A26D-4DE3-952F-2ACB3D7C3376}.Release|x64.Build.0 = Release|Any CPU
		{0E832B5B-A26D-4DE3-952F-2ACB3D7C3376}.Release|x86.ActiveCfg = Release|Any CPU
		{0E832B5B-A26D-4DE3-952F-2ACB3D7C3376}.Release|x86.Build.0 = Release|Any CPU
		{1B3CA035-47AE-4B1D-BBE6-85ED3BF3351C}.Debug|Any CPU.ActiveCfg = Debug|Any CPU
		{1B3CA035-47AE-4B1D-BBE6-85ED3BF3351C}.Debug|Any CPU.Build.0 = Debug|Any CPU
		{1B3CA035-47AE-4B1D-BBE6-85ED3BF3351C}.Debug|x64.ActiveCfg = Debug|Any CPU
		{1B3CA035-47AE-4B1D-BBE6-85ED3BF3351C}.Debug|x64.Build.0 = Debug|Any CPU
		{1B3CA035-47AE-4B1D-BBE6-85ED3BF3351C}.Debug|x86.ActiveCfg = Debug|Any CPU
		{1B3CA035-47AE-4B1D-BBE6-85ED3BF3351C}.Debug|x86.Build.0 = Debug|Any CPU
		{1B3CA035-47AE-4B1D-BBE6-85ED3BF3351C}.Release|Any CPU.ActiveCfg = Release|Any CPU
		{1B3CA035-47AE-4B1D-BBE6-85ED3BF3351C}.Release|Any CPU.Build.0 = Release|Any CPU
		{1B3CA035-47AE-4B1D-BBE6-85ED3BF3351C}.Release|x64.ActiveCfg = Release|Any CPU
		{1B3CA035-47AE-4B1D-BBE6-85ED3BF3351C}.Release|x64.Build.0 = Release|Any CPU
		{1B3CA035-47AE-4B1D-BBE6-85ED3BF3351C}.Release|x86.ActiveCfg = Release|Any CPU
		{1B3CA035-47AE-4B1D-BBE6-85ED3BF3351C}.Release|x86.Build.0 = Release|Any CPU
		{7B7B27AE-1CCD-4822-A5D6-F4A683005BCB}.Debug|Any CPU.ActiveCfg = Debug|Any CPU
		{7B7B27AE-1CCD-4822-A5D6-F4A683005BCB}.Debug|Any CPU.Build.0 = Debug|Any CPU
		{7B7B27AE-1CCD-4822-A5D6-F4A683005BCB}.Debug|x64.ActiveCfg = Debug|Any CPU
		{7B7B27AE-1CCD-4822-A5D6-F4A683005BCB}.Debug|x64.Build.0 = Debug|Any CPU
		{7B7B27AE-1CCD-4822-A5D6-F4A683005BCB}.Debug|x86.ActiveCfg = Debug|Any CPU
		{7B7B27AE-1CCD-4822-A5D6-F4A683005BCB}.Debug|x86.Build.0 = Debug|Any CPU
		{7B7B27AE-1CCD-4822-A5D6-F4A683005BCB}.Release|Any CPU.ActiveCfg = Release|Any CPU
		{7B7B27AE-1CCD-4822-A5D6-F4A683005BCB}.Release|Any CPU.Build.0 = Release|Any CPU
		{7B7B27AE-1CCD-4822-A5D6-F4A683005BCB}.Release|x64.ActiveCfg = Release|Any CPU
		{7B7B27AE-1CCD-4822-A5D6-F4A683005BCB}.Release|x64.Build.0 = Release|Any CPU
		{7B7B27AE-1CCD-4822-A5D6-F4A683005BCB}.Release|x86.ActiveCfg = Release|Any CPU
		{7B7B27AE-1CCD-4822-A5D6-F4A683005BCB}.Release|x86.Build.0 = Release|Any CPU
		{9AD90318-0558-4B65-AA04-B463A45C291E}.Debug|Any CPU.ActiveCfg = Debug|Any CPU
		{9AD90318-0558-4B65-AA04-B463A45C291E}.Debug|Any CPU.Build.0 = Debug|Any CPU
		{9AD90318-0558-4B65-AA04-B463A45C291E}.Debug|x64.ActiveCfg = Debug|Any CPU
		{9AD90318-0558-4B65-AA04-B463A45C291E}.Debug|x64.Build.0 = Debug|Any CPU
		{9AD90318-0558-4B65-AA04-B463A45C291E}.Debug|x86.ActiveCfg = Debug|Any CPU
		{9AD90318-0558-4B65-AA04-B463A45C291E}.Debug|x86.Build.0 = Debug|Any CPU
		{9AD90318-0558-4B65-AA04-B463A45C291E}.Release|Any CPU.ActiveCfg = Release|Any CPU
		{9AD90318-0558-4B65-AA04-B463A45C291E}.Release|Any CPU.Build.0 = Release|Any CPU
		{9AD90318-0558-4B65-AA04-B463A45C291E}.Release|x64.ActiveCfg = Release|Any CPU
		{9AD90318-0558-4B65-AA04-B463A45C291E}.Release|x64.Build.0 = Release|Any CPU
		{9AD90318-0558-4B65-AA04-B463A45C291E}.Release|x86.ActiveCfg = Release|Any CPU
		{9AD90318-0558-4B65-AA04-B463A45C291E}.Release|x86.Build.0 = Release|Any CPU
		{08C69194-F0AD-42BD-A76E-12C70453A91A}.Debug|Any CPU.ActiveCfg = Debug|Any CPU
		{08C69194-F0AD-42BD-A76E-12C70453A91A}.Debug|Any CPU.Build.0 = Debug|Any CPU
		{08C69194-F0AD-42BD-A76E-12C70453A91A}.Debug|x64.ActiveCfg = Debug|Any CPU
		{08C69194-F0AD-42BD-A76E-12C70453A91A}.Debug|x64.Build.0 = Debug|Any CPU
		{08C69194-F0AD-42BD-A76E-12C70453A91A}.Debug|x86.ActiveCfg = Debug|Any CPU
		{08C69194-F0AD-42BD-A76E-12C70453A91A}.Debug|x86.Build.0 = Debug|Any CPU
		{08C69194-F0AD-42BD-A76E-12C70453A91A}.Release|Any CPU.ActiveCfg = Release|Any CPU
		{08C69194-F0AD-42BD-A76E-12C70453A91A}.Release|Any CPU.Build.0 = Release|Any CPU
		{08C69194-F0AD-42BD-A76E-12C70453A91A}.Release|x64.ActiveCfg = Release|Any CPU
		{08C69194-F0AD-42BD-A76E-12C70453A91A}.Release|x64.Build.0 = Release|Any CPU
		{08C69194-F0AD-42BD-A76E-12C70453A91A}.Release|x86.ActiveCfg = Release|Any CPU
		{08C69194-F0AD-42BD-A76E-12C70453A91A}.Release|x86.Build.0 = Release|Any CPU
	EndGlobalSection

EndGlobal
