Microsoft Visual Studio Solution File, Format Version 12.00
# Visual Studio 15
VisualStudioVersion = 15.0.26124.0
MinimumVisualStudioVersion = 15.0.26124.0

Project("{FAE04EC0-301F-11D3-BF4B-00C04F79EFBC}") = "Catalyst.Cli", "Catalyst.Cli\Catalyst.Cli.csproj", "{A16198A3-FFC8-4A96-81C7-C7D45F5FECF6}"
EndProject
Project("{FAE04EC0-301F-11D3-BF4B-00C04F79EFBC}") = "Catalyst.Helpers.CouchDB", "Catalyst.Helpers.CouchDB\Catalyst.Helpers.CouchDB.csproj", "{9AF02C7D-0C14-458B-B79E-77310974A1AF}"
EndProject
Project("{FAE04EC0-301F-11D3-BF4B-00C04F79EFBC}") = "Catalyst.Helpers.Ipfs", "Catalyst.Helpers.Ipfs\Catalyst.Helpers.Ipfs.csproj", "{B0F68C8B-14AC-4050-B9F6-31775E8F85A0}"
EndProject
Project("{FAE04EC0-301F-11D3-BF4B-00C04F79EFBC}") = "Catalyst.Helpers.Shell", "Catalyst.Helpers.Shell\Catalyst.Helpers.Shell.csproj", "{788BD6C7-0AD6-4DC3-9447-F66ACDA2265E}"
EndProject
Project("{FAE04EC0-301F-11D3-BF4B-00C04F79EFBC}") = "Catalyst.Node.Modules.Core.Transactions", "Catalyst.Node.Modules.Core.Transactions\Catalyst.Node.Modules.Core.Transactions.csproj", "{B4412F21-8BA9-4003-A3CC-755601509551}"
EndProject
Project("{FAE04EC0-301F-11D3-BF4B-00C04F79EFBC}") = "Catalyst.Helpers.Bash", "Catalyst.Helpers.Bash\Catalyst.Helpers.Bash.csproj", "{388B5D77-D420-4445-B527-C1069B63EE1A}"
EndProject
Project("{FAE04EC0-301F-11D3-BF4B-00C04F79EFBC}") = "Catalyst.Helpers.BigInteger", "Catalyst.Helpers.BigInteger\Catalyst.Helpers.BigInteger.csproj", "{7742DB22-1B51-4377-B87C-5C2B9683349F}"
EndProject
Project("{FAE04EC0-301F-11D3-BF4B-00C04F79EFBC}") = "Catalyst.Helpers.Cryptography", "Catalyst.Helpers.Cryptography\Catalyst.Helpers.Cryptography.csproj", "{EE91839A-915C-4D93-AAC0-C5A6A7DDCE5D}"
EndProject
Project("{FAE04EC0-301F-11D3-BF4B-00C04F79EFBC}") = "Catalyst.Helpers.Exceptions", "Catalyst.Helpers.Exceptions\Catalyst.Helpers.Exceptions.csproj", "{E0EE5E41-441B-4B16-8AC6-CA48398D74CD}"
EndProject
Project("{FAE04EC0-301F-11D3-BF4B-00C04F79EFBC}") = "Catalyst.Helpers.FileSystem", "Catalyst.Helpers.FileSystem\Catalyst.Helpers.FileSystem.csproj", "{C45117C2-FABA-4665-B9D6-D9F883EB653B}"
EndProject
Project("{FAE04EC0-301F-11D3-BF4B-00C04F79EFBC}") = "Catalyst.Helpers.Hex", "Catalyst.Helpers.Hex\Catalyst.Helpers.Hex.csproj", "{E5D1F828-D186-4095-9BA8-8A2BABE68875}"
EndProject
Project("{FAE04EC0-301F-11D3-BF4B-00C04F79EFBC}") = "Catalyst.Helpers.KeyValueStore", "Catalyst.Helpers.KeyValueStore\Catalyst.Helpers.KeyValueStore.csproj", "{87655690-BC82-4BF6-90E2-928527DDA946}"
EndProject
Project("{FAE04EC0-301F-11D3-BF4B-00C04F79EFBC}") = "Catalyst.Helpers.Logger", "Catalyst.Helpers.Logger\Catalyst.Helpers.Logger.csproj", "{14803D56-8605-441C-8314-3CE0753403CA}"
EndProject
Project("{FAE04EC0-301F-11D3-BF4B-00C04F79EFBC}") = "Catalyst.Helpers.Math", "Catalyst.Helpers.Math\Catalyst.Helpers.Math.csproj", "{FF4EDCAC-2FCF-4F75-8A54-69FEE8BC5610}"
EndProject
Project("{FAE04EC0-301F-11D3-BF4B-00C04F79EFBC}") = "Catalyst.Helpers.Network", "Catalyst.Helpers.Network\Catalyst.Helpers.Network.csproj", "{562A098A-13F7-4283-9B20-45A3F32D70E8}"
EndProject
Project("{FAE04EC0-301F-11D3-BF4B-00C04F79EFBC}") = "Catalyst.Helpers.Platform", "Catalyst.Helpers.Platform\Catalyst.Helpers.Platform.csproj", "{0438FDB2-3A7B-4AE8-83DA-C029CFF0A896}"
EndProject
Project("{FAE04EC0-301F-11D3-BF4B-00C04F79EFBC}") = "Catalyst.Helpers.RLP", "Catalyst.Helpers.RLP\Catalyst.Helpers.RLP.csproj", "{ADF27DF2-2BD4-41B9-9350-02DEADC72A8E}"
EndProject
Project("{FAE04EC0-301F-11D3-BF4B-00C04F79EFBC}") = "Catalyst.Helpers.RLP.UnitTest", "Catalyst.Helpers.RLP\UnitTests\Catalyst.Helpers.RLP.UnitTest.csproj", "{3BF3FD90-D9CA-42AC-B272-698C9C3519D7}"
EndProject
Project("{FAE04EC0-301F-11D3-BF4B-00C04F79EFBC}") = "Catalyst.Helpers.Util", "Catalyst.Helpers.Util\Catalyst.Helpers.Util.csproj", "{39611303-D885-421E-BDC5-464E404C4AEE}"
EndProject
Project("{FAE04EC0-301F-11D3-BF4B-00C04F79EFBC}") = "Catalyst.Helpers.Util.UnitTests", "Catalyst.Helpers.Util\UnitTests\Catalyst.Helpers.Util.UnitTests.csproj", "{D6C232B8-22F9-4E8E-A8B0-A0402E63DFBD}"
EndProject
Project("{FAE04EC0-301F-11D3-BF4B-00C04F79EFBC}") = "Catalyst.Node", "Catalyst.Node\Catalyst.Node.csproj", "{3BD5BCD4-2FA5-4A8A-BBB9-74C10B3D870E}"
EndProject
Project("{FAE04EC0-301F-11D3-BF4B-00C04F79EFBC}") = "Catalyst.Node.Modules.Core.Contract", "Catalyst.Node.Modules.Core.Contract\Catalyst.Node.Modules.Core.Contract.csproj", "{B86D842F-5C25-4987-88D6-E409AA1F43F3}"
EndProject
Project("{FAE04EC0-301F-11D3-BF4B-00C04F79EFBC}") = "Catalyst.Node.Modules.Core.Dfs", "Catalyst.Node.Modules.Core.Dfs\Catalyst.Node.Modules.Core.Dfs.csproj", "{55B4C959-E44C-4F73-A675-F911B85E50BA}"
EndProject
Project("{FAE04EC0-301F-11D3-BF4B-00C04F79EFBC}") = "Catalyst.Node.Modules.Core.Gossip", "Catalyst.Node.Modules.Core.Gossip\Catalyst.Node.Modules.Core.Gossip.csproj", "{FE3FD473-C565-4183-8501-C0BFE4DFC8E1}"
EndProject
Project("{FAE04EC0-301F-11D3-BF4B-00C04F79EFBC}") = "Catalyst.Node.Modules.Core.Mempool", "Catalyst.Node.Modules.Core.Mempool\Catalyst.Node.Modules.Core.Mempool.csproj", "{459764C6-541A-4BB1-90DC-68408F8241AC}"
EndProject
Project("{FAE04EC0-301F-11D3-BF4B-00C04F79EFBC}") = "Catalyst.Node.Modules.Core.P2P", "Catalyst.Node.Modules.Core.P2P\Catalyst.Node.Modules.Core.P2P.csproj", "{4BCC3B38-E77B-4987-807B-B87B61001D4F}"
EndProject
Project("{FAE04EC0-301F-11D3-BF4B-00C04F79EFBC}") = "Catalyst.Node.Modules.Core.Consensus", "Catalyst.Node.Modules.Core.Consensus\Catalyst.Node.Modules.Core.Consensus.csproj", "{ACD47223-4327-418C-BAC4-4CE53F810E58}"
EndProject
Project("{FAE04EC0-301F-11D3-BF4B-00C04F79EFBC}") = "Catalyst.Helpers.Redis", "Catalyst.Helpers.Redis\Catalyst.Helpers.Redis.csproj", "{B4024CB0-D90E-40A7-AC8E-1EE7A6344BEF}"
EndProject
Project("{FAE04EC0-301F-11D3-BF4B-00C04F79EFBC}") = "Catalyst.Node.Modules.Core.Ledger", "Catalyst.Node.Modules.Core.Ledger\Catalyst.Node.Modules.Core.Ledger.csproj", "{09E31C96-21B7-40B8-ADF3-01C7276F14BA}"
EndProject
Project("{FAE04EC0-301F-11D3-BF4B-00C04F79EFBC}") = "Catalyst.Protocol.Mempool", "..\Sdk\Catalyst.Protocol.Mempool\csharp\Catalyst.Protocol.Mempool.csproj", "{C6773136-9614-4778-9B94-C6BB7BA4319E}"
EndProject
Project("{FAE04EC0-301F-11D3-BF4B-00C04F79EFBC}") = "Catalyst.Protocol.P2P", "..\Sdk\Catalyst.Protocol.P2P\csharp\Catalyst.Protocol.P2P.csproj", "{95F5F255-05D3-40DF-8E52-13D27332E12C}"
EndProject
Project("{FAE04EC0-301F-11D3-BF4B-00C04F79EFBC}") = "Catalyst.Node.Events.Core", "Catalyst.Node.Events.Core\Catalyst.Node.Events.Core.csproj", "{98DD44C7-DEBA-4E79-B95F-03E31AB07696}"
EndProject
Project("{FAE04EC0-301F-11D3-BF4B-00C04F79EFBC}") = "Catalyst.Cli.UnitTest", "Catalyst.Cli\UnitTests\Catalyst.Cli.UnitTest.csproj", "{36BB4F56-1F74-405F-83DD-51C9E74FA66D}"
EndProject
Project("{FAE04EC0-301F-11D3-BF4B-00C04F79EFBC}") = "Catalyst.Helpers.Bash.UnitTests", "Catalyst.Helpers.Bash\UnitTests\Catalyst.Helpers.Bash.UnitTests.csproj", "{E7E4AB75-B21F-43FA-8F56-3A9779F19D31}"
EndProject
Project("{FAE04EC0-301F-11D3-BF4B-00C04F79EFBC}") = "Catalyst.Helpers.BigInteger.UnitTests", "Catalyst.Helpers.BigInteger\UnitTests\Catalyst.Helpers.BigInteger.UnitTests.csproj", "{2F0690F1-9043-4811-B4E8-40681D5F2F8B}"
EndProject
Project("{FAE04EC0-301F-11D3-BF4B-00C04F79EFBC}") = "Catalyst.Helpers.CouchDB.UnitTests", "Catalyst.Helpers.CouchDB\UnitTests\Catalyst.Helpers.CouchDB.UnitTests.csproj", "{10BAD950-3BD9-4FBF-8D75-DD0E30F03CD8}"
EndProject
Project("{FAE04EC0-301F-11D3-BF4B-00C04F79EFBC}") = "Catalyst.Helpers.Cryptography.UnitTests", "Catalyst.Helpers.Cryptography\UnitTests\Catalyst.Helpers.Cryptography.UnitTests.csproj", "{6EAF4BEB-21D7-4FD1-AA33-CAB4CF1F3D4D}"
EndProject
Project("{FAE04EC0-301F-11D3-BF4B-00C04F79EFBC}") = "Catalyst.Helpers.Exceptions.UnitTests", "Catalyst.Helpers.Exceptions\UnitTests\Catalyst.Helpers.Exceptions.UnitTests.csproj", "{270AE7E5-5219-4E21-A99A-354B7FFF3F77}"
EndProject
Project("{FAE04EC0-301F-11D3-BF4B-00C04F79EFBC}") = "Catalyst.Helpers.FileSysten.UnitTests", "Catalyst.Helpers.FileSystem\UnitTests\Catalyst.Helpers.FileSysten.UnitTests.csproj", "{3792173B-AC3A-4892-9AAB-B44C98E39254}"
EndProject
Project("{FAE04EC0-301F-11D3-BF4B-00C04F79EFBC}") = "Catalyst.Helpers.Hex.UnitTests", "Catalyst.Helpers.Hex\UnitTests\Catalyst.Helpers.Hex.UnitTests.csproj", "{55D9976B-E83D-43B1-AE45-B71DDC03464E}"
EndProject
Project("{FAE04EC0-301F-11D3-BF4B-00C04F79EFBC}") = "Catalyst.Helpers.Ipfs.UnitTests", "Catalyst.Helpers.Ipfs\UnitTests\Catalyst.Helpers.Ipfs.UnitTests.csproj", "{FCE6CBD4-2751-4737-A624-C1442FA1F91C}"
EndProject
Project("{FAE04EC0-301F-11D3-BF4B-00C04F79EFBC}") = "Catalyst.Helpers.KeyValueStore.UnitTests", "Catalyst.Helpers.KeyValueStore\UnitTests\Catalyst.Helpers.KeyValueStore.UnitTests.csproj", "{A9BA399D-AFF9-4E59-90DB-921083023CF0}"
EndProject
Project("{FAE04EC0-301F-11D3-BF4B-00C04F79EFBC}") = "Catalyst.Helpers.Logger.UnitTests", "Catalyst.Helpers.Logger\UnitTests\Catalyst.Helpers.Logger.UnitTests.csproj", "{F92A9E9A-D074-4DE2-B4D6-0A451E6034E4}"
EndProject
Project("{FAE04EC0-301F-11D3-BF4B-00C04F79EFBC}") = "Catalyst.Helpers.Math.UnitTests", "Catalyst.Helpers.Math\UnitTests\Catalyst.Helpers.Math.UnitTests.csproj", "{D896F88E-B4CA-40F0-B3B3-E07DE4C77FA4}"
EndProject
Project("{FAE04EC0-301F-11D3-BF4B-00C04F79EFBC}") = "Catalyst.Helpers.Network.UnitTests", "Catalyst.Helpers.Network\UnitTests\Catalyst.Helpers.Network.UnitTests.csproj", "{16E2E6F3-7B30-4712-8C96-1DAEBCC71441}"
EndProject
Project("{FAE04EC0-301F-11D3-BF4B-00C04F79EFBC}") = "Catalyst.Helpers.Platform.UnitTests", "Catalyst.Helpers.Platform\UnitTests\Catalyst.Helpers.Platform.UnitTests.csproj", "{E7E6F116-EA2E-4811-94C2-247405E98E45}"
EndProject
Project("{FAE04EC0-301F-11D3-BF4B-00C04F79EFBC}") = "Catalyst.Helpers.Redis.UnitTests", "Catalyst.Helpers.Redis\UnitTests\Catalyst.Helpers.Redis.UnitTests.csproj", "{445E8915-467F-45A9-8516-7DEEE9F3DCF6}"
EndProject
Project("{FAE04EC0-301F-11D3-BF4B-00C04F79EFBC}") = "Catalyst.Helpers.Shell.UnitTests", "Catalyst.Helpers.Shell\UnitTests\Catalyst.Helpers.Shell.UnitTests.csproj", "{7990976B-F06D-44C9-977E-155D465F37C3}"
EndProject
Project("{FAE04EC0-301F-11D3-BF4B-00C04F79EFBC}") = "Catalyst.Node.UnitTest", "Catalyst.Node\UnitTests\Catalyst.Node.UnitTest.csproj", "{4C6DEDB5-9098-4222-BBEC-6B5181B32F7B}"
EndProject
Project("{FAE04EC0-301F-11D3-BF4B-00C04F79EFBC}") = "Catalyst.Node.Events.Core.UnitTests", "Catalyst.Node.Events.Core\UnitTests\Catalyst.Node.Events.Core.UnitTests.csproj", "{A5E59AD0-3AC4-49D9-8A86-A6051BA3267B}"
EndProject
Project("{FAE04EC0-301F-11D3-BF4B-00C04F79EFBC}") = "Catalyst.Node.Modules.Core.UnitTests", "Catalyst.Node.Modules.Core\UnitTests\Catalyst.Node.Modules.Core.UnitTests.csproj", "{23FA8350-599F-4711-9EC8-F86A4496F32C}"
EndProject
Project("{FAE04EC0-301F-11D3-BF4B-00C04F79EFBC}") = "Catalyst.Node.Modules.Core.Consensus.UnitTests", "Catalyst.Node.Modules.Core.Consensus\UnitTests\Catalyst.Node.Modules.Core.Consensus.UnitTests.csproj", "{F5BF663E-CA5A-49F5-9734-AF131F42FAFF}"
EndProject
Project("{FAE04EC0-301F-11D3-BF4B-00C04F79EFBC}") = "Catalyst.Node.Modules.Core.Contract.UnitTests", "Catalyst.Node.Modules.Core.Contract\UnitTests\Catalyst.Node.Modules.Core.Contract.UnitTests.csproj", "{42925572-A9BF-4ECE-9FBA-1E5F2A5EF441}"
EndProject
Project("{FAE04EC0-301F-11D3-BF4B-00C04F79EFBC}") = "Catalyst.Node.Modules.Core.Dfs.UnitTests", "Catalyst.Node.Modules.Core.Dfs\UnitTests\Catalyst.Node.Modules.Core.Dfs.UnitTests.csproj", "{CCBB3485-CC70-49F1-90C1-5E4033B91FFA}"
EndProject
Project("{FAE04EC0-301F-11D3-BF4B-00C04F79EFBC}") = "Catalyst.Node.Modules.Core.Gossip.UnitTests", "Catalyst.Node.Modules.Core.Gossip\UnitTests\Catalyst.Node.Modules.Core.Gossip.UnitTests.csproj", "{721BF055-C31F-498C-9213-C52B21659ABF}"
EndProject
Project("{FAE04EC0-301F-11D3-BF4B-00C04F79EFBC}") = "Catalyst.Node.Modules.Core.Ledger.UnitTests", "Catalyst.Node.Modules.Core.Ledger\UnitTests\Catalyst.Node.Modules.Core.Ledger.UnitTests.csproj", "{30F2447E-F729-4160-8901-5989177BFA75}"
EndProject
Project("{FAE04EC0-301F-11D3-BF4B-00C04F79EFBC}") = "Catalyst.Node.Modules.Core.Mempool.UnitTest", "Catalyst.Node.Modules.Core.Mempool\UnitTests\Catalyst.Node.Modules.Core.Mempool.UnitTest.csproj", "{F17B8CA8-B022-4669-AEC3-D234BC63D7CD}"
EndProject
Project("{FAE04EC0-301F-11D3-BF4B-00C04F79EFBC}") = "Catalyst.Node.Modules.Core.P2P.UnitTests", "Catalyst.Node.Modules.Core.P2P\UnitTests\Catalyst.Node.Modules.Core.P2P.UnitTests.csproj", "{5B1519A1-402E-4A83-BDC2-19E077B9C932}"
EndProject
Project("{FAE04EC0-301F-11D3-BF4B-00C04F79EFBC}") = "Catalyst.Node.Modules.Core.Transactions.UnitTests", "Catalyst.Node.Modules.Core.Transactions\UnitTests\Catalyst.Node.Modules.Core.Transactions.UnitTests.csproj", "{647E090A-92C2-4122-8851-E96BE2C670C9}"
EndProject
Project("{FAE04EC0-301F-11D3-BF4B-00C04F79EFBC}") = "Catalyst.Helpers.Streams", "Catalyst.Helpers.Streams\Catalyst.Helpers.Streams.csproj", "{BDC8CBD0-2B3B-469F-8727-AA00C296DD3B}"
EndProject
Project("{FAE04EC0-301F-11D3-BF4B-00C04F79EFBC}") = "Catalyst.Helpers.IO", "Catalyst.Helpers.IO\Catalyst.Helpers.IO.csproj", "{4A4002BB-E04F-485C-9CCE-034C5D8E9A18}"
EndProject
Project("{FAE04EC0-301F-11D3-BF4B-00C04F79EFBC}") = "Catalyst.Helpers.Workers", "Catalyst.Helpers.Workers\Catalyst.Helpers.Workers.csproj", "{9CF1C4F9-3A87-42B6-A58D-6604C95D70EB}"
EndProject
Global
	GlobalSection(SolutionConfigurationPlatforms) = preSolution
		Debug|Any CPU = Debug|Any CPU
		Debug|x64 = Debug|x64
		Debug|x86 = Debug|x86
		Release|Any CPU = Release|Any CPU
		Release|x64 = Release|x64
		Release|x86 = Release|x86
	EndGlobalSection
	GlobalSection(SolutionProperties) = preSolution
		HideSolutionNode = FALSE
	EndGlobalSection
	GlobalSection(ProjectConfigurationPlatforms) = postSolution
	
		{A16198A3-FFC8-4A96-81C7-C7D45F5FECF6}.Debug|Any CPU.ActiveCfg = Debug|Any CPU
		{A16198A3-FFC8-4A96-81C7-C7D45F5FECF6}.Debug|Any CPU.Build.0 = Debug|Any CPU
		{A16198A3-FFC8-4A96-81C7-C7D45F5FECF6}.Debug|x64.ActiveCfg = Debug|Any CPU
		{A16198A3-FFC8-4A96-81C7-C7D45F5FECF6}.Debug|x64.Build.0 = Debug|Any CPU
		{A16198A3-FFC8-4A96-81C7-C7D45F5FECF6}.Debug|x86.ActiveCfg = Debug|Any CPU
		{A16198A3-FFC8-4A96-81C7-C7D45F5FECF6}.Debug|x86.Build.0 = Debug|Any CPU
		{A16198A3-FFC8-4A96-81C7-C7D45F5FECF6}.Release|Any CPU.ActiveCfg = Release|Any CPU
		{A16198A3-FFC8-4A96-81C7-C7D45F5FECF6}.Release|Any CPU.Build.0 = Release|Any CPU
		{A16198A3-FFC8-4A96-81C7-C7D45F5FECF6}.Release|x64.ActiveCfg = Release|Any CPU
		{A16198A3-FFC8-4A96-81C7-C7D45F5FECF6}.Release|x64.Build.0 = Release|Any CPU
		{A16198A3-FFC8-4A96-81C7-C7D45F5FECF6}.Release|x86.ActiveCfg = Release|Any CPU
		{A16198A3-FFC8-4A96-81C7-C7D45F5FECF6}.Release|x86.Build.0 = Release|Any CPU
		{A16198A3-FFC8-4A96-81C7-C7D45F5FECF6}.Debug|Any CPU.Deploy.0 = Debug|Any CPU
		{9AF02C7D-0C14-458B-B79E-77310974A1AF}.Debug|Any CPU.ActiveCfg = Debug|Any CPU
		{9AF02C7D-0C14-458B-B79E-77310974A1AF}.Debug|Any CPU.Build.0 = Debug|Any CPU
		{9AF02C7D-0C14-458B-B79E-77310974A1AF}.Debug|x64.ActiveCfg = Debug|Any CPU
		{9AF02C7D-0C14-458B-B79E-77310974A1AF}.Debug|x64.Build.0 = Debug|Any CPU
		{9AF02C7D-0C14-458B-B79E-77310974A1AF}.Debug|x86.ActiveCfg = Debug|Any CPU
		{9AF02C7D-0C14-458B-B79E-77310974A1AF}.Debug|x86.Build.0 = Debug|Any CPU
		{9AF02C7D-0C14-458B-B79E-77310974A1AF}.Release|Any CPU.ActiveCfg = Release|Any CPU
		{9AF02C7D-0C14-458B-B79E-77310974A1AF}.Release|Any CPU.Build.0 = Release|Any CPU
		{9AF02C7D-0C14-458B-B79E-77310974A1AF}.Release|x64.ActiveCfg = Release|Any CPU
		{9AF02C7D-0C14-458B-B79E-77310974A1AF}.Release|x64.Build.0 = Release|Any CPU
		{9AF02C7D-0C14-458B-B79E-77310974A1AF}.Release|x86.ActiveCfg = Release|Any CPU
		{9AF02C7D-0C14-458B-B79E-77310974A1AF}.Release|x86.Build.0 = Release|Any CPU
		{9AF02C7D-0C14-458B-B79E-77310974A1AF}.Debug|Any CPU.Deploy.0 = Debug|Any CPU
		{B0F68C8B-14AC-4050-B9F6-31775E8F85A0}.Debug|Any CPU.ActiveCfg = Debug|Any CPU
		{B0F68C8B-14AC-4050-B9F6-31775E8F85A0}.Debug|Any CPU.Build.0 = Debug|Any CPU
		{B0F68C8B-14AC-4050-B9F6-31775E8F85A0}.Debug|x64.ActiveCfg = Debug|Any CPU
		{B0F68C8B-14AC-4050-B9F6-31775E8F85A0}.Debug|x64.Build.0 = Debug|Any CPU
		{B0F68C8B-14AC-4050-B9F6-31775E8F85A0}.Debug|x86.ActiveCfg = Debug|Any CPU
		{B0F68C8B-14AC-4050-B9F6-31775E8F85A0}.Debug|x86.Build.0 = Debug|Any CPU
		{B0F68C8B-14AC-4050-B9F6-31775E8F85A0}.Release|Any CPU.ActiveCfg = Release|Any CPU
		{B0F68C8B-14AC-4050-B9F6-31775E8F85A0}.Release|Any CPU.Build.0 = Release|Any CPU
		{B0F68C8B-14AC-4050-B9F6-31775E8F85A0}.Release|x64.ActiveCfg = Release|Any CPU
		{B0F68C8B-14AC-4050-B9F6-31775E8F85A0}.Release|x64.Build.0 = Release|Any CPU
		{B0F68C8B-14AC-4050-B9F6-31775E8F85A0}.Release|x86.ActiveCfg = Release|Any CPU
		{B0F68C8B-14AC-4050-B9F6-31775E8F85A0}.Release|x86.Build.0 = Release|Any CPU
		{B0F68C8B-14AC-4050-B9F6-31775E8F85A0}.Debug|Any CPU.Deploy.0 = Debug|Any CPU
		{788BD6C7-0AD6-4DC3-9447-F66ACDA2265E}.Debug|Any CPU.ActiveCfg = Debug|Any CPU
		{788BD6C7-0AD6-4DC3-9447-F66ACDA2265E}.Debug|Any CPU.Build.0 = Debug|Any CPU
		{788BD6C7-0AD6-4DC3-9447-F66ACDA2265E}.Debug|x64.ActiveCfg = Debug|Any CPU
		{788BD6C7-0AD6-4DC3-9447-F66ACDA2265E}.Debug|x64.Build.0 = Debug|Any CPU
		{788BD6C7-0AD6-4DC3-9447-F66ACDA2265E}.Debug|x86.ActiveCfg = Debug|Any CPU
		{788BD6C7-0AD6-4DC3-9447-F66ACDA2265E}.Debug|x86.Build.0 = Debug|Any CPU
		{788BD6C7-0AD6-4DC3-9447-F66ACDA2265E}.Release|Any CPU.ActiveCfg = Release|Any CPU
		{788BD6C7-0AD6-4DC3-9447-F66ACDA2265E}.Release|Any CPU.Build.0 = Release|Any CPU
		{788BD6C7-0AD6-4DC3-9447-F66ACDA2265E}.Release|x64.ActiveCfg = Release|Any CPU
		{788BD6C7-0AD6-4DC3-9447-F66ACDA2265E}.Release|x64.Build.0 = Release|Any CPU
		{788BD6C7-0AD6-4DC3-9447-F66ACDA2265E}.Release|x86.ActiveCfg = Release|Any CPU
		{788BD6C7-0AD6-4DC3-9447-F66ACDA2265E}.Release|x86.Build.0 = Release|Any CPU
		{788BD6C7-0AD6-4DC3-9447-F66ACDA2265E}.Debug|Any CPU.Deploy.0 = Debug|Any CPU
		{B4412F21-8BA9-4003-A3CC-755601509551}.Debug|Any CPU.ActiveCfg = Debug|Any CPU
		{B4412F21-8BA9-4003-A3CC-755601509551}.Debug|Any CPU.Build.0 = Debug|Any CPU
		{B4412F21-8BA9-4003-A3CC-755601509551}.Debug|x64.ActiveCfg = Debug|Any CPU
		{B4412F21-8BA9-4003-A3CC-755601509551}.Debug|x64.Build.0 = Debug|Any CPU
		{B4412F21-8BA9-4003-A3CC-755601509551}.Debug|x86.ActiveCfg = Debug|Any CPU
		{B4412F21-8BA9-4003-A3CC-755601509551}.Debug|x86.Build.0 = Debug|Any CPU
		{B4412F21-8BA9-4003-A3CC-755601509551}.Release|Any CPU.ActiveCfg = Release|Any CPU
		{B4412F21-8BA9-4003-A3CC-755601509551}.Release|Any CPU.Build.0 = Release|Any CPU
		{B4412F21-8BA9-4003-A3CC-755601509551}.Release|x64.ActiveCfg = Release|Any CPU
		{B4412F21-8BA9-4003-A3CC-755601509551}.Release|x64.Build.0 = Release|Any CPU
		{B4412F21-8BA9-4003-A3CC-755601509551}.Release|x86.ActiveCfg = Release|Any CPU
		{B4412F21-8BA9-4003-A3CC-755601509551}.Release|x86.Build.0 = Release|Any CPU
		{B4412F21-8BA9-4003-A3CC-755601509551}.Debug|Any CPU.Deploy.0 = Debug|Any CPU
		{388B5D77-D420-4445-B527-C1069B63EE1A}.Debug|Any CPU.ActiveCfg = Debug|Any CPU
		{388B5D77-D420-4445-B527-C1069B63EE1A}.Debug|Any CPU.Build.0 = Debug|Any CPU
		{388B5D77-D420-4445-B527-C1069B63EE1A}.Debug|x64.ActiveCfg = Debug|Any CPU
		{388B5D77-D420-4445-B527-C1069B63EE1A}.Debug|x64.Build.0 = Debug|Any CPU
		{388B5D77-D420-4445-B527-C1069B63EE1A}.Debug|x86.ActiveCfg = Debug|Any CPU
		{388B5D77-D420-4445-B527-C1069B63EE1A}.Debug|x86.Build.0 = Debug|Any CPU
		{388B5D77-D420-4445-B527-C1069B63EE1A}.Release|Any CPU.ActiveCfg = Release|Any CPU
		{388B5D77-D420-4445-B527-C1069B63EE1A}.Release|Any CPU.Build.0 = Release|Any CPU
		{388B5D77-D420-4445-B527-C1069B63EE1A}.Release|x64.ActiveCfg = Release|Any CPU
		{388B5D77-D420-4445-B527-C1069B63EE1A}.Release|x64.Build.0 = Release|Any CPU
		{388B5D77-D420-4445-B527-C1069B63EE1A}.Release|x86.ActiveCfg = Release|Any CPU
		{388B5D77-D420-4445-B527-C1069B63EE1A}.Release|x86.Build.0 = Release|Any CPU
		{388B5D77-D420-4445-B527-C1069B63EE1A}.Debug|Any CPU.Deploy.0 = Debug|Any CPU
		{EE91839A-915C-4D93-AAC0-C5A6A7DDCE5D}.Debug|Any CPU.ActiveCfg = Debug|Any CPU
		{EE91839A-915C-4D93-AAC0-C5A6A7DDCE5D}.Debug|Any CPU.Build.0 = Debug|Any CPU
		{EE91839A-915C-4D93-AAC0-C5A6A7DDCE5D}.Debug|x64.ActiveCfg = Debug|Any CPU
		{EE91839A-915C-4D93-AAC0-C5A6A7DDCE5D}.Debug|x64.Build.0 = Debug|Any CPU
		{EE91839A-915C-4D93-AAC0-C5A6A7DDCE5D}.Debug|x86.ActiveCfg = Debug|Any CPU
		{EE91839A-915C-4D93-AAC0-C5A6A7DDCE5D}.Debug|x86.Build.0 = Debug|Any CPU
		{EE91839A-915C-4D93-AAC0-C5A6A7DDCE5D}.Release|Any CPU.ActiveCfg = Release|Any CPU
		{EE91839A-915C-4D93-AAC0-C5A6A7DDCE5D}.Release|Any CPU.Build.0 = Release|Any CPU
		{EE91839A-915C-4D93-AAC0-C5A6A7DDCE5D}.Release|x64.ActiveCfg = Release|Any CPU
		{EE91839A-915C-4D93-AAC0-C5A6A7DDCE5D}.Release|x64.Build.0 = Release|Any CPU
		{EE91839A-915C-4D93-AAC0-C5A6A7DDCE5D}.Release|x86.ActiveCfg = Release|Any CPU
		{EE91839A-915C-4D93-AAC0-C5A6A7DDCE5D}.Release|x86.Build.0 = Release|Any CPU
		{EE91839A-915C-4D93-AAC0-C5A6A7DDCE5D}.Debug|Any CPU.Deploy.0 = Debug|Any CPU
		{E0EE5E41-441B-4B16-8AC6-CA48398D74CD}.Debug|Any CPU.ActiveCfg = Debug|Any CPU
		{E0EE5E41-441B-4B16-8AC6-CA48398D74CD}.Debug|Any CPU.Build.0 = Debug|Any CPU
		{E0EE5E41-441B-4B16-8AC6-CA48398D74CD}.Debug|x64.ActiveCfg = Debug|Any CPU
		{E0EE5E41-441B-4B16-8AC6-CA48398D74CD}.Debug|x64.Build.0 = Debug|Any CPU
		{E0EE5E41-441B-4B16-8AC6-CA48398D74CD}.Debug|x86.ActiveCfg = Debug|Any CPU
		{E0EE5E41-441B-4B16-8AC6-CA48398D74CD}.Debug|x86.Build.0 = Debug|Any CPU
		{E0EE5E41-441B-4B16-8AC6-CA48398D74CD}.Release|Any CPU.ActiveCfg = Release|Any CPU
		{E0EE5E41-441B-4B16-8AC6-CA48398D74CD}.Release|Any CPU.Build.0 = Release|Any CPU
		{E0EE5E41-441B-4B16-8AC6-CA48398D74CD}.Release|x64.ActiveCfg = Release|Any CPU
		{E0EE5E41-441B-4B16-8AC6-CA48398D74CD}.Release|x64.Build.0 = Release|Any CPU
		{E0EE5E41-441B-4B16-8AC6-CA48398D74CD}.Release|x86.ActiveCfg = Release|Any CPU
		{E0EE5E41-441B-4B16-8AC6-CA48398D74CD}.Release|x86.Build.0 = Release|Any CPU
		{E0EE5E41-441B-4B16-8AC6-CA48398D74CD}.Debug|Any CPU.Deploy.0 = Debug|Any CPU
		{C45117C2-FABA-4665-B9D6-D9F883EB653B}.Debug|Any CPU.ActiveCfg = Debug|Any CPU
		{C45117C2-FABA-4665-B9D6-D9F883EB653B}.Debug|Any CPU.Build.0 = Debug|Any CPU
		{C45117C2-FABA-4665-B9D6-D9F883EB653B}.Debug|x64.ActiveCfg = Debug|Any CPU
		{C45117C2-FABA-4665-B9D6-D9F883EB653B}.Debug|x64.Build.0 = Debug|Any CPU
		{C45117C2-FABA-4665-B9D6-D9F883EB653B}.Debug|x86.ActiveCfg = Debug|Any CPU
		{C45117C2-FABA-4665-B9D6-D9F883EB653B}.Debug|x86.Build.0 = Debug|Any CPU
		{C45117C2-FABA-4665-B9D6-D9F883EB653B}.Release|Any CPU.ActiveCfg = Release|Any CPU
		{C45117C2-FABA-4665-B9D6-D9F883EB653B}.Release|Any CPU.Build.0 = Release|Any CPU
		{C45117C2-FABA-4665-B9D6-D9F883EB653B}.Release|x64.ActiveCfg = Release|Any CPU
		{C45117C2-FABA-4665-B9D6-D9F883EB653B}.Release|x64.Build.0 = Release|Any CPU
		{C45117C2-FABA-4665-B9D6-D9F883EB653B}.Release|x86.ActiveCfg = Release|Any CPU
		{C45117C2-FABA-4665-B9D6-D9F883EB653B}.Release|x86.Build.0 = Release|Any CPU
		{C45117C2-FABA-4665-B9D6-D9F883EB653B}.Debug|Any CPU.Deploy.0 = Debug|Any CPU
		{E5D1F828-D186-4095-9BA8-8A2BABE68875}.Debug|Any CPU.ActiveCfg = Debug|Any CPU
		{E5D1F828-D186-4095-9BA8-8A2BABE68875}.Debug|Any CPU.Build.0 = Debug|Any CPU
		{E5D1F828-D186-4095-9BA8-8A2BABE68875}.Debug|x64.ActiveCfg = Debug|Any CPU
		{E5D1F828-D186-4095-9BA8-8A2BABE68875}.Debug|x64.Build.0 = Debug|Any CPU
		{E5D1F828-D186-4095-9BA8-8A2BABE68875}.Debug|x86.ActiveCfg = Debug|Any CPU
		{E5D1F828-D186-4095-9BA8-8A2BABE68875}.Debug|x86.Build.0 = Debug|Any CPU
		{E5D1F828-D186-4095-9BA8-8A2BABE68875}.Release|Any CPU.ActiveCfg = Release|Any CPU
		{E5D1F828-D186-4095-9BA8-8A2BABE68875}.Release|Any CPU.Build.0 = Release|Any CPU
		{E5D1F828-D186-4095-9BA8-8A2BABE68875}.Release|x64.ActiveCfg = Release|Any CPU
		{E5D1F828-D186-4095-9BA8-8A2BABE68875}.Release|x64.Build.0 = Release|Any CPU
		{E5D1F828-D186-4095-9BA8-8A2BABE68875}.Release|x86.ActiveCfg = Release|Any CPU
		{E5D1F828-D186-4095-9BA8-8A2BABE68875}.Release|x86.Build.0 = Release|Any CPU
		{E5D1F828-D186-4095-9BA8-8A2BABE68875}.Debug|Any CPU.Deploy.0 = Debug|Any CPU
		{87655690-BC82-4BF6-90E2-928527DDA946}.Debug|Any CPU.ActiveCfg = Debug|Any CPU
		{87655690-BC82-4BF6-90E2-928527DDA946}.Debug|Any CPU.Build.0 = Debug|Any CPU
		{87655690-BC82-4BF6-90E2-928527DDA946}.Debug|x64.ActiveCfg = Debug|Any CPU
		{87655690-BC82-4BF6-90E2-928527DDA946}.Debug|x64.Build.0 = Debug|Any CPU
		{87655690-BC82-4BF6-90E2-928527DDA946}.Debug|x86.ActiveCfg = Debug|Any CPU
		{87655690-BC82-4BF6-90E2-928527DDA946}.Debug|x86.Build.0 = Debug|Any CPU
		{87655690-BC82-4BF6-90E2-928527DDA946}.Release|Any CPU.ActiveCfg = Release|Any CPU
		{87655690-BC82-4BF6-90E2-928527DDA946}.Release|Any CPU.Build.0 = Release|Any CPU
		{87655690-BC82-4BF6-90E2-928527DDA946}.Release|x64.ActiveCfg = Release|Any CPU
		{87655690-BC82-4BF6-90E2-928527DDA946}.Release|x64.Build.0 = Release|Any CPU
		{87655690-BC82-4BF6-90E2-928527DDA946}.Release|x86.ActiveCfg = Release|Any CPU
		{87655690-BC82-4BF6-90E2-928527DDA946}.Release|x86.Build.0 = Release|Any CPU
		{87655690-BC82-4BF6-90E2-928527DDA946}.Debug|Any CPU.Deploy.0 = Debug|Any CPU
		{14803D56-8605-441C-8314-3CE0753403CA}.Debug|Any CPU.ActiveCfg = Debug|Any CPU
		{14803D56-8605-441C-8314-3CE0753403CA}.Debug|Any CPU.Build.0 = Debug|Any CPU
		{14803D56-8605-441C-8314-3CE0753403CA}.Debug|x64.ActiveCfg = Debug|Any CPU
		{14803D56-8605-441C-8314-3CE0753403CA}.Debug|x64.Build.0 = Debug|Any CPU
		{14803D56-8605-441C-8314-3CE0753403CA}.Debug|x86.ActiveCfg = Debug|Any CPU
		{14803D56-8605-441C-8314-3CE0753403CA}.Debug|x86.Build.0 = Debug|Any CPU
		{14803D56-8605-441C-8314-3CE0753403CA}.Release|Any CPU.ActiveCfg = Release|Any CPU
		{14803D56-8605-441C-8314-3CE0753403CA}.Release|Any CPU.Build.0 = Release|Any CPU
		{14803D56-8605-441C-8314-3CE0753403CA}.Release|x64.ActiveCfg = Release|Any CPU
		{14803D56-8605-441C-8314-3CE0753403CA}.Release|x64.Build.0 = Release|Any CPU
		{14803D56-8605-441C-8314-3CE0753403CA}.Release|x86.ActiveCfg = Release|Any CPU
		{14803D56-8605-441C-8314-3CE0753403CA}.Release|x86.Build.0 = Release|Any CPU
		{14803D56-8605-441C-8314-3CE0753403CA}.Debug|Any CPU.Deploy.0 = Debug|Any CPU
		{FF4EDCAC-2FCF-4F75-8A54-69FEE8BC5610}.Debug|Any CPU.ActiveCfg = Debug|Any CPU
		{FF4EDCAC-2FCF-4F75-8A54-69FEE8BC5610}.Debug|Any CPU.Build.0 = Debug|Any CPU
		{FF4EDCAC-2FCF-4F75-8A54-69FEE8BC5610}.Debug|x64.ActiveCfg = Debug|Any CPU
		{FF4EDCAC-2FCF-4F75-8A54-69FEE8BC5610}.Debug|x64.Build.0 = Debug|Any CPU
		{FF4EDCAC-2FCF-4F75-8A54-69FEE8BC5610}.Debug|x86.ActiveCfg = Debug|Any CPU
		{FF4EDCAC-2FCF-4F75-8A54-69FEE8BC5610}.Debug|x86.Build.0 = Debug|Any CPU
		{FF4EDCAC-2FCF-4F75-8A54-69FEE8BC5610}.Release|Any CPU.ActiveCfg = Release|Any CPU
		{FF4EDCAC-2FCF-4F75-8A54-69FEE8BC5610}.Release|Any CPU.Build.0 = Release|Any CPU
		{FF4EDCAC-2FCF-4F75-8A54-69FEE8BC5610}.Release|x64.ActiveCfg = Release|Any CPU
		{FF4EDCAC-2FCF-4F75-8A54-69FEE8BC5610}.Release|x64.Build.0 = Release|Any CPU
		{FF4EDCAC-2FCF-4F75-8A54-69FEE8BC5610}.Release|x86.ActiveCfg = Release|Any CPU
		{FF4EDCAC-2FCF-4F75-8A54-69FEE8BC5610}.Release|x86.Build.0 = Release|Any CPU
		{FF4EDCAC-2FCF-4F75-8A54-69FEE8BC5610}.Debug|Any CPU.Deploy.0 = Debug|Any CPU
		{562A098A-13F7-4283-9B20-45A3F32D70E8}.Debug|Any CPU.ActiveCfg = Debug|Any CPU
		{562A098A-13F7-4283-9B20-45A3F32D70E8}.Debug|Any CPU.Build.0 = Debug|Any CPU
		{562A098A-13F7-4283-9B20-45A3F32D70E8}.Debug|x64.ActiveCfg = Debug|Any CPU
		{562A098A-13F7-4283-9B20-45A3F32D70E8}.Debug|x64.Build.0 = Debug|Any CPU
		{562A098A-13F7-4283-9B20-45A3F32D70E8}.Debug|x86.ActiveCfg = Debug|Any CPU
		{562A098A-13F7-4283-9B20-45A3F32D70E8}.Debug|x86.Build.0 = Debug|Any CPU
		{562A098A-13F7-4283-9B20-45A3F32D70E8}.Release|Any CPU.ActiveCfg = Release|Any CPU
		{562A098A-13F7-4283-9B20-45A3F32D70E8}.Release|Any CPU.Build.0 = Release|Any CPU
		{562A098A-13F7-4283-9B20-45A3F32D70E8}.Release|x64.ActiveCfg = Release|Any CPU
		{562A098A-13F7-4283-9B20-45A3F32D70E8}.Release|x64.Build.0 = Release|Any CPU
		{562A098A-13F7-4283-9B20-45A3F32D70E8}.Release|x86.ActiveCfg = Release|Any CPU
		{562A098A-13F7-4283-9B20-45A3F32D70E8}.Release|x86.Build.0 = Release|Any CPU
		{562A098A-13F7-4283-9B20-45A3F32D70E8}.Debug|Any CPU.Deploy.0 = Debug|Any CPU
		{0438FDB2-3A7B-4AE8-83DA-C029CFF0A896}.Debug|Any CPU.ActiveCfg = Debug|Any CPU
		{0438FDB2-3A7B-4AE8-83DA-C029CFF0A896}.Debug|Any CPU.Build.0 = Debug|Any CPU
		{0438FDB2-3A7B-4AE8-83DA-C029CFF0A896}.Debug|x64.ActiveCfg = Debug|Any CPU
		{0438FDB2-3A7B-4AE8-83DA-C029CFF0A896}.Debug|x64.Build.0 = Debug|Any CPU
		{0438FDB2-3A7B-4AE8-83DA-C029CFF0A896}.Debug|x86.ActiveCfg = Debug|Any CPU
		{0438FDB2-3A7B-4AE8-83DA-C029CFF0A896}.Debug|x86.Build.0 = Debug|Any CPU
		{0438FDB2-3A7B-4AE8-83DA-C029CFF0A896}.Release|Any CPU.ActiveCfg = Release|Any CPU
		{0438FDB2-3A7B-4AE8-83DA-C029CFF0A896}.Release|Any CPU.Build.0 = Release|Any CPU
		{0438FDB2-3A7B-4AE8-83DA-C029CFF0A896}.Release|x64.ActiveCfg = Release|Any CPU
		{0438FDB2-3A7B-4AE8-83DA-C029CFF0A896}.Release|x64.Build.0 = Release|Any CPU
		{0438FDB2-3A7B-4AE8-83DA-C029CFF0A896}.Release|x86.ActiveCfg = Release|Any CPU
		{0438FDB2-3A7B-4AE8-83DA-C029CFF0A896}.Release|x86.Build.0 = Release|Any CPU
		{0438FDB2-3A7B-4AE8-83DA-C029CFF0A896}.Debug|Any CPU.Deploy.0 = Debug|Any CPU
		{ADF27DF2-2BD4-41B9-9350-02DEADC72A8E}.Debug|Any CPU.ActiveCfg = Debug|Any CPU
		{ADF27DF2-2BD4-41B9-9350-02DEADC72A8E}.Debug|Any CPU.Build.0 = Debug|Any CPU
		{ADF27DF2-2BD4-41B9-9350-02DEADC72A8E}.Debug|x64.ActiveCfg = Debug|Any CPU
		{ADF27DF2-2BD4-41B9-9350-02DEADC72A8E}.Debug|x64.Build.0 = Debug|Any CPU
		{ADF27DF2-2BD4-41B9-9350-02DEADC72A8E}.Debug|x86.ActiveCfg = Debug|Any CPU
		{ADF27DF2-2BD4-41B9-9350-02DEADC72A8E}.Debug|x86.Build.0 = Debug|Any CPU
		{ADF27DF2-2BD4-41B9-9350-02DEADC72A8E}.Release|Any CPU.ActiveCfg = Release|Any CPU
		{ADF27DF2-2BD4-41B9-9350-02DEADC72A8E}.Release|Any CPU.Build.0 = Release|Any CPU
		{ADF27DF2-2BD4-41B9-9350-02DEADC72A8E}.Release|x64.ActiveCfg = Release|Any CPU
		{ADF27DF2-2BD4-41B9-9350-02DEADC72A8E}.Release|x64.Build.0 = Release|Any CPU
		{ADF27DF2-2BD4-41B9-9350-02DEADC72A8E}.Release|x86.ActiveCfg = Release|Any CPU
		{ADF27DF2-2BD4-41B9-9350-02DEADC72A8E}.Release|x86.Build.0 = Release|Any CPU
		{ADF27DF2-2BD4-41B9-9350-02DEADC72A8E}.Debug|Any CPU.Deploy.0 = Debug|Any CPU
		{3BF3FD90-D9CA-42AC-B272-698C9C3519D7}.Debug|Any CPU.ActiveCfg = Debug|Any CPU
		{3BF3FD90-D9CA-42AC-B272-698C9C3519D7}.Debug|Any CPU.Build.0 = Debug|Any CPU
		{3BF3FD90-D9CA-42AC-B272-698C9C3519D7}.Debug|x64.ActiveCfg = Debug|Any CPU
		{3BF3FD90-D9CA-42AC-B272-698C9C3519D7}.Debug|x64.Build.0 = Debug|Any CPU
		{3BF3FD90-D9CA-42AC-B272-698C9C3519D7}.Debug|x86.ActiveCfg = Debug|Any CPU
		{3BF3FD90-D9CA-42AC-B272-698C9C3519D7}.Debug|x86.Build.0 = Debug|Any CPU
		{3BF3FD90-D9CA-42AC-B272-698C9C3519D7}.Release|Any CPU.ActiveCfg = Release|Any CPU
		{3BF3FD90-D9CA-42AC-B272-698C9C3519D7}.Release|Any CPU.Build.0 = Release|Any CPU
		{3BF3FD90-D9CA-42AC-B272-698C9C3519D7}.Release|x64.ActiveCfg = Release|Any CPU
		{3BF3FD90-D9CA-42AC-B272-698C9C3519D7}.Release|x64.Build.0 = Release|Any CPU
		{3BF3FD90-D9CA-42AC-B272-698C9C3519D7}.Release|x86.ActiveCfg = Release|Any CPU
		{3BF3FD90-D9CA-42AC-B272-698C9C3519D7}.Release|x86.Build.0 = Release|Any CPU
		{39611303-D885-421E-BDC5-464E404C4AEE}.Debug|Any CPU.ActiveCfg = Debug|Any CPU
		{39611303-D885-421E-BDC5-464E404C4AEE}.Debug|Any CPU.Build.0 = Debug|Any CPU
		{39611303-D885-421E-BDC5-464E404C4AEE}.Debug|x64.ActiveCfg = Debug|Any CPU
		{39611303-D885-421E-BDC5-464E404C4AEE}.Debug|x64.Build.0 = Debug|Any CPU
		{39611303-D885-421E-BDC5-464E404C4AEE}.Debug|x86.ActiveCfg = Debug|Any CPU
		{39611303-D885-421E-BDC5-464E404C4AEE}.Debug|x86.Build.0 = Debug|Any CPU
		{39611303-D885-421E-BDC5-464E404C4AEE}.Release|Any CPU.ActiveCfg = Release|Any CPU
		{39611303-D885-421E-BDC5-464E404C4AEE}.Release|Any CPU.Build.0 = Release|Any CPU
		{39611303-D885-421E-BDC5-464E404C4AEE}.Release|x64.ActiveCfg = Release|Any CPU
		{39611303-D885-421E-BDC5-464E404C4AEE}.Release|x64.Build.0 = Release|Any CPU
		{39611303-D885-421E-BDC5-464E404C4AEE}.Release|x86.ActiveCfg = Release|Any CPU
		{39611303-D885-421E-BDC5-464E404C4AEE}.Release|x86.Build.0 = Release|Any CPU
		{39611303-D885-421E-BDC5-464E404C4AEE}.Debug|Any CPU.Deploy.0 = Debug|Any CPU
		{D6C232B8-22F9-4E8E-A8B0-A0402E63DFBD}.Debug|Any CPU.ActiveCfg = Debug|Any CPU
		{D6C232B8-22F9-4E8E-A8B0-A0402E63DFBD}.Debug|Any CPU.Build.0 = Debug|Any CPU
		{D6C232B8-22F9-4E8E-A8B0-A0402E63DFBD}.Debug|x64.ActiveCfg = Debug|Any CPU
		{D6C232B8-22F9-4E8E-A8B0-A0402E63DFBD}.Debug|x64.Build.0 = Debug|Any CPU
		{D6C232B8-22F9-4E8E-A8B0-A0402E63DFBD}.Debug|x86.ActiveCfg = Debug|Any CPU
		{D6C232B8-22F9-4E8E-A8B0-A0402E63DFBD}.Debug|x86.Build.0 = Debug|Any CPU
		{D6C232B8-22F9-4E8E-A8B0-A0402E63DFBD}.Release|Any CPU.ActiveCfg = Release|Any CPU
		{D6C232B8-22F9-4E8E-A8B0-A0402E63DFBD}.Release|Any CPU.Build.0 = Release|Any CPU
		{D6C232B8-22F9-4E8E-A8B0-A0402E63DFBD}.Release|x64.ActiveCfg = Release|Any CPU
		{D6C232B8-22F9-4E8E-A8B0-A0402E63DFBD}.Release|x64.Build.0 = Release|Any CPU
		{D6C232B8-22F9-4E8E-A8B0-A0402E63DFBD}.Release|x86.ActiveCfg = Release|Any CPU
		{D6C232B8-22F9-4E8E-A8B0-A0402E63DFBD}.Release|x86.Build.0 = Release|Any CPU
		{3BD5BCD4-2FA5-4A8A-BBB9-74C10B3D870E}.Debug|Any CPU.ActiveCfg = Debug|Any CPU
		{3BD5BCD4-2FA5-4A8A-BBB9-74C10B3D870E}.Debug|Any CPU.Build.0 = Debug|Any CPU
		{3BD5BCD4-2FA5-4A8A-BBB9-74C10B3D870E}.Debug|x64.ActiveCfg = Debug|Any CPU
		{3BD5BCD4-2FA5-4A8A-BBB9-74C10B3D870E}.Debug|x64.Build.0 = Debug|Any CPU
		{3BD5BCD4-2FA5-4A8A-BBB9-74C10B3D870E}.Debug|x86.ActiveCfg = Debug|Any CPU
		{3BD5BCD4-2FA5-4A8A-BBB9-74C10B3D870E}.Debug|x86.Build.0 = Debug|Any CPU
		{3BD5BCD4-2FA5-4A8A-BBB9-74C10B3D870E}.Release|Any CPU.ActiveCfg = Release|Any CPU
		{3BD5BCD4-2FA5-4A8A-BBB9-74C10B3D870E}.Release|Any CPU.Build.0 = Release|Any CPU
		{3BD5BCD4-2FA5-4A8A-BBB9-74C10B3D870E}.Release|x64.ActiveCfg = Release|Any CPU
		{3BD5BCD4-2FA5-4A8A-BBB9-74C10B3D870E}.Release|x64.Build.0 = Release|Any CPU
		{3BD5BCD4-2FA5-4A8A-BBB9-74C10B3D870E}.Release|x86.ActiveCfg = Release|Any CPU
		{3BD5BCD4-2FA5-4A8A-BBB9-74C10B3D870E}.Release|x86.Build.0 = Release|Any CPU
		{3BD5BCD4-2FA5-4A8A-BBB9-74C10B3D870E}.Debug|Any CPU.Deploy.0 = Debug|Any CPU
		{233353D7-9E68-4DDD-96B9-974BB4C93957}.Debug|Any CPU.ActiveCfg = Debug|Any CPU
		{233353D7-9E68-4DDD-96B9-974BB4C93957}.Debug|Any CPU.Build.0 = Debug|Any CPU
		{233353D7-9E68-4DDD-96B9-974BB4C93957}.Debug|x64.ActiveCfg = Debug|Any CPU
		{233353D7-9E68-4DDD-96B9-974BB4C93957}.Debug|x64.Build.0 = Debug|Any CPU
		{233353D7-9E68-4DDD-96B9-974BB4C93957}.Debug|x86.ActiveCfg = Debug|Any CPU
		{233353D7-9E68-4DDD-96B9-974BB4C93957}.Debug|x86.Build.0 = Debug|Any CPU
		{233353D7-9E68-4DDD-96B9-974BB4C93957}.Release|Any CPU.ActiveCfg = Release|Any CPU
		{233353D7-9E68-4DDD-96B9-974BB4C93957}.Release|Any CPU.Build.0 = Release|Any CPU
		{233353D7-9E68-4DDD-96B9-974BB4C93957}.Release|x64.ActiveCfg = Release|Any CPU
		{233353D7-9E68-4DDD-96B9-974BB4C93957}.Release|x64.Build.0 = Release|Any CPU
		{233353D7-9E68-4DDD-96B9-974BB4C93957}.Release|x86.ActiveCfg = Release|Any CPU
		{233353D7-9E68-4DDD-96B9-974BB4C93957}.Release|x86.Build.0 = Release|Any CPU
		{233353D7-9E68-4DDD-96B9-974BB4C93957}.Debug|Any CPU.Deploy.0 = Debug|Any CPU
		{B86D842F-5C25-4987-88D6-E409AA1F43F3}.Debug|Any CPU.ActiveCfg = Debug|Any CPU
		{B86D842F-5C25-4987-88D6-E409AA1F43F3}.Debug|Any CPU.Build.0 = Debug|Any CPU
		{B86D842F-5C25-4987-88D6-E409AA1F43F3}.Debug|x64.ActiveCfg = Debug|Any CPU
		{B86D842F-5C25-4987-88D6-E409AA1F43F3}.Debug|x64.Build.0 = Debug|Any CPU
		{B86D842F-5C25-4987-88D6-E409AA1F43F3}.Debug|x86.ActiveCfg = Debug|Any CPU
		{B86D842F-5C25-4987-88D6-E409AA1F43F3}.Debug|x86.Build.0 = Debug|Any CPU
		{B86D842F-5C25-4987-88D6-E409AA1F43F3}.Release|Any CPU.ActiveCfg = Release|Any CPU
		{B86D842F-5C25-4987-88D6-E409AA1F43F3}.Release|Any CPU.Build.0 = Release|Any CPU
		{B86D842F-5C25-4987-88D6-E409AA1F43F3}.Release|x64.ActiveCfg = Release|Any CPU
		{B86D842F-5C25-4987-88D6-E409AA1F43F3}.Release|x64.Build.0 = Release|Any CPU
		{B86D842F-5C25-4987-88D6-E409AA1F43F3}.Release|x86.ActiveCfg = Release|Any CPU
		{B86D842F-5C25-4987-88D6-E409AA1F43F3}.Release|x86.Build.0 = Release|Any CPU
		{B86D842F-5C25-4987-88D6-E409AA1F43F3}.Debug|Any CPU.Deploy.0 = Debug|Any CPU
		{55B4C959-E44C-4F73-A675-F911B85E50BA}.Debug|Any CPU.ActiveCfg = Debug|Any CPU
		{55B4C959-E44C-4F73-A675-F911B85E50BA}.Debug|Any CPU.Build.0 = Debug|Any CPU
		{55B4C959-E44C-4F73-A675-F911B85E50BA}.Debug|x64.ActiveCfg = Debug|Any CPU
		{55B4C959-E44C-4F73-A675-F911B85E50BA}.Debug|x64.Build.0 = Debug|Any CPU
		{55B4C959-E44C-4F73-A675-F911B85E50BA}.Debug|x86.ActiveCfg = Debug|Any CPU
		{55B4C959-E44C-4F73-A675-F911B85E50BA}.Debug|x86.Build.0 = Debug|Any CPU
		{55B4C959-E44C-4F73-A675-F911B85E50BA}.Release|Any CPU.ActiveCfg = Release|Any CPU
		{55B4C959-E44C-4F73-A675-F911B85E50BA}.Release|Any CPU.Build.0 = Release|Any CPU
		{55B4C959-E44C-4F73-A675-F911B85E50BA}.Release|x64.ActiveCfg = Release|Any CPU
		{55B4C959-E44C-4F73-A675-F911B85E50BA}.Release|x64.Build.0 = Release|Any CPU
		{55B4C959-E44C-4F73-A675-F911B85E50BA}.Release|x86.ActiveCfg = Release|Any CPU
		{55B4C959-E44C-4F73-A675-F911B85E50BA}.Release|x86.Build.0 = Release|Any CPU
		{55B4C959-E44C-4F73-A675-F911B85E50BA}.Debug|Any CPU.Deploy.0 = Debug|Any CPU
		{FE3FD473-C565-4183-8501-C0BFE4DFC8E1}.Debug|Any CPU.ActiveCfg = Debug|Any CPU
		{FE3FD473-C565-4183-8501-C0BFE4DFC8E1}.Debug|Any CPU.Build.0 = Debug|Any CPU
		{FE3FD473-C565-4183-8501-C0BFE4DFC8E1}.Debug|x64.ActiveCfg = Debug|Any CPU
		{FE3FD473-C565-4183-8501-C0BFE4DFC8E1}.Debug|x64.Build.0 = Debug|Any CPU
		{FE3FD473-C565-4183-8501-C0BFE4DFC8E1}.Debug|x86.ActiveCfg = Debug|Any CPU
		{FE3FD473-C565-4183-8501-C0BFE4DFC8E1}.Debug|x86.Build.0 = Debug|Any CPU
		{FE3FD473-C565-4183-8501-C0BFE4DFC8E1}.Release|Any CPU.ActiveCfg = Release|Any CPU
		{FE3FD473-C565-4183-8501-C0BFE4DFC8E1}.Release|Any CPU.Build.0 = Release|Any CPU
		{FE3FD473-C565-4183-8501-C0BFE4DFC8E1}.Release|x64.ActiveCfg = Release|Any CPU
		{FE3FD473-C565-4183-8501-C0BFE4DFC8E1}.Release|x64.Build.0 = Release|Any CPU
		{FE3FD473-C565-4183-8501-C0BFE4DFC8E1}.Release|x86.ActiveCfg = Release|Any CPU
		{FE3FD473-C565-4183-8501-C0BFE4DFC8E1}.Release|x86.Build.0 = Release|Any CPU
		{FE3FD473-C565-4183-8501-C0BFE4DFC8E1}.Debug|Any CPU.Deploy.0 = Debug|Any CPU
		{661B0CC5-EBC8-4839-957A-E601B1949469}.Debug|Any CPU.ActiveCfg = Debug|Any CPU
		{661B0CC5-EBC8-4839-957A-E601B1949469}.Debug|Any CPU.Build.0 = Debug|Any CPU
		{661B0CC5-EBC8-4839-957A-E601B1949469}.Debug|x64.ActiveCfg = Debug|Any CPU
		{661B0CC5-EBC8-4839-957A-E601B1949469}.Debug|x64.Build.0 = Debug|Any CPU
		{661B0CC5-EBC8-4839-957A-E601B1949469}.Debug|x86.ActiveCfg = Debug|Any CPU
		{661B0CC5-EBC8-4839-957A-E601B1949469}.Debug|x86.Build.0 = Debug|Any CPU
		{661B0CC5-EBC8-4839-957A-E601B1949469}.Release|Any CPU.ActiveCfg = Release|Any CPU
		{661B0CC5-EBC8-4839-957A-E601B1949469}.Release|Any CPU.Build.0 = Release|Any CPU
		{661B0CC5-EBC8-4839-957A-E601B1949469}.Release|x64.ActiveCfg = Release|Any CPU
		{661B0CC5-EBC8-4839-957A-E601B1949469}.Release|x64.Build.0 = Release|Any CPU
		{661B0CC5-EBC8-4839-957A-E601B1949469}.Release|x86.ActiveCfg = Release|Any CPU
		{661B0CC5-EBC8-4839-957A-E601B1949469}.Release|x86.Build.0 = Release|Any CPU
		{661B0CC5-EBC8-4839-957A-E601B1949469}.Debug|Any CPU.Deploy.0 = Debug|Any CPU
		{459764C6-541A-4BB1-90DC-68408F8241AC}.Debug|Any CPU.ActiveCfg = Debug|Any CPU
		{459764C6-541A-4BB1-90DC-68408F8241AC}.Debug|Any CPU.Build.0 = Debug|Any CPU
		{459764C6-541A-4BB1-90DC-68408F8241AC}.Debug|x64.ActiveCfg = Debug|Any CPU
		{459764C6-541A-4BB1-90DC-68408F8241AC}.Debug|x64.Build.0 = Debug|Any CPU
		{459764C6-541A-4BB1-90DC-68408F8241AC}.Debug|x86.ActiveCfg = Debug|Any CPU
		{459764C6-541A-4BB1-90DC-68408F8241AC}.Debug|x86.Build.0 = Debug|Any CPU
		{459764C6-541A-4BB1-90DC-68408F8241AC}.Release|Any CPU.ActiveCfg = Release|Any CPU
		{459764C6-541A-4BB1-90DC-68408F8241AC}.Release|Any CPU.Build.0 = Release|Any CPU
		{459764C6-541A-4BB1-90DC-68408F8241AC}.Release|x64.ActiveCfg = Release|Any CPU
		{459764C6-541A-4BB1-90DC-68408F8241AC}.Release|x64.Build.0 = Release|Any CPU
		{459764C6-541A-4BB1-90DC-68408F8241AC}.Release|x86.ActiveCfg = Release|Any CPU
		{459764C6-541A-4BB1-90DC-68408F8241AC}.Release|x86.Build.0 = Release|Any CPU
		{459764C6-541A-4BB1-90DC-68408F8241AC}.Debug|Any CPU.Deploy.0 = Debug|Any CPU
		{4BCC3B38-E77B-4987-807B-B87B61001D4F}.Debug|Any CPU.ActiveCfg = Debug|Any CPU
		{4BCC3B38-E77B-4987-807B-B87B61001D4F}.Debug|Any CPU.Build.0 = Debug|Any CPU
		{4BCC3B38-E77B-4987-807B-B87B61001D4F}.Debug|x64.ActiveCfg = Debug|Any CPU
		{4BCC3B38-E77B-4987-807B-B87B61001D4F}.Debug|x64.Build.0 = Debug|Any CPU
		{4BCC3B38-E77B-4987-807B-B87B61001D4F}.Debug|x86.ActiveCfg = Debug|Any CPU
		{4BCC3B38-E77B-4987-807B-B87B61001D4F}.Debug|x86.Build.0 = Debug|Any CPU
		{4BCC3B38-E77B-4987-807B-B87B61001D4F}.Release|Any CPU.ActiveCfg = Release|Any CPU
		{4BCC3B38-E77B-4987-807B-B87B61001D4F}.Release|Any CPU.Build.0 = Release|Any CPU
		{4BCC3B38-E77B-4987-807B-B87B61001D4F}.Release|x64.ActiveCfg = Release|Any CPU
		{4BCC3B38-E77B-4987-807B-B87B61001D4F}.Release|x64.Build.0 = Release|Any CPU
		{4BCC3B38-E77B-4987-807B-B87B61001D4F}.Release|x86.ActiveCfg = Release|Any CPU
		{4BCC3B38-E77B-4987-807B-B87B61001D4F}.Release|x86.Build.0 = Release|Any CPU
		{4BCC3B38-E77B-4987-807B-B87B61001D4F}.Debug|Any CPU.Deploy.0 = Debug|Any CPU
		{9E46AD07-E5AA-4FF2-ACE1-C139831BA9D5}.Debug|Any CPU.ActiveCfg = Debug|Any CPU
		{9E46AD07-E5AA-4FF2-ACE1-C139831BA9D5}.Debug|Any CPU.Build.0 = Debug|Any CPU
		{9E46AD07-E5AA-4FF2-ACE1-C139831BA9D5}.Debug|x64.ActiveCfg = Debug|Any CPU
		{9E46AD07-E5AA-4FF2-ACE1-C139831BA9D5}.Debug|x64.Build.0 = Debug|Any CPU
		{9E46AD07-E5AA-4FF2-ACE1-C139831BA9D5}.Debug|x86.ActiveCfg = Debug|Any CPU
		{9E46AD07-E5AA-4FF2-ACE1-C139831BA9D5}.Debug|x86.Build.0 = Debug|Any CPU
		{9E46AD07-E5AA-4FF2-ACE1-C139831BA9D5}.Release|Any CPU.ActiveCfg = Release|Any CPU
		{9E46AD07-E5AA-4FF2-ACE1-C139831BA9D5}.Release|Any CPU.Build.0 = Release|Any CPU
		{9E46AD07-E5AA-4FF2-ACE1-C139831BA9D5}.Release|x64.ActiveCfg = Release|Any CPU
		{9E46AD07-E5AA-4FF2-ACE1-C139831BA9D5}.Release|x64.Build.0 = Release|Any CPU
		{9E46AD07-E5AA-4FF2-ACE1-C139831BA9D5}.Release|x86.ActiveCfg = Release|Any CPU
		{9E46AD07-E5AA-4FF2-ACE1-C139831BA9D5}.Release|x86.Build.0 = Release|Any CPU
		{9E46AD07-E5AA-4FF2-ACE1-C139831BA9D5}.Debug|Any CPU.Deploy.0 = Debug|Any CPU
		{C0D069B3-C00B-4B45-B65A-C2C569997DBE}.Debug|Any CPU.ActiveCfg = Debug|Any CPU
		{C0D069B3-C00B-4B45-B65A-C2C569997DBE}.Debug|Any CPU.Build.0 = Debug|Any CPU
		{C0D069B3-C00B-4B45-B65A-C2C569997DBE}.Debug|x64.ActiveCfg = Debug|Any CPU
		{C0D069B3-C00B-4B45-B65A-C2C569997DBE}.Debug|x64.Build.0 = Debug|Any CPU
		{C0D069B3-C00B-4B45-B65A-C2C569997DBE}.Debug|x86.ActiveCfg = Debug|Any CPU
		{C0D069B3-C00B-4B45-B65A-C2C569997DBE}.Debug|x86.Build.0 = Debug|Any CPU
		{C0D069B3-C00B-4B45-B65A-C2C569997DBE}.Release|Any CPU.ActiveCfg = Release|Any CPU
		{C0D069B3-C00B-4B45-B65A-C2C569997DBE}.Release|Any CPU.Build.0 = Release|Any CPU
		{C0D069B3-C00B-4B45-B65A-C2C569997DBE}.Release|x64.ActiveCfg = Release|Any CPU
		{C0D069B3-C00B-4B45-B65A-C2C569997DBE}.Release|x64.Build.0 = Release|Any CPU
		{C0D069B3-C00B-4B45-B65A-C2C569997DBE}.Release|x86.ActiveCfg = Release|Any CPU
		{C0D069B3-C00B-4B45-B65A-C2C569997DBE}.Release|x86.Build.0 = Release|Any CPU
		{ACD47223-4327-418C-BAC4-4CE53F810E58}.Debug|Any CPU.ActiveCfg = Debug|Any CPU
		{ACD47223-4327-418C-BAC4-4CE53F810E58}.Debug|Any CPU.Build.0 = Debug|Any CPU
		{ACD47223-4327-418C-BAC4-4CE53F810E58}.Debug|x64.ActiveCfg = Debug|Any CPU
		{ACD47223-4327-418C-BAC4-4CE53F810E58}.Debug|x64.Build.0 = Debug|Any CPU
		{ACD47223-4327-418C-BAC4-4CE53F810E58}.Debug|x86.ActiveCfg = Debug|Any CPU
		{ACD47223-4327-418C-BAC4-4CE53F810E58}.Debug|x86.Build.0 = Debug|Any CPU
		{ACD47223-4327-418C-BAC4-4CE53F810E58}.Release|Any CPU.ActiveCfg = Release|Any CPU
		{ACD47223-4327-418C-BAC4-4CE53F810E58}.Release|Any CPU.Build.0 = Release|Any CPU
		{ACD47223-4327-418C-BAC4-4CE53F810E58}.Release|x64.ActiveCfg = Release|Any CPU
		{ACD47223-4327-418C-BAC4-4CE53F810E58}.Release|x64.Build.0 = Release|Any CPU
		{ACD47223-4327-418C-BAC4-4CE53F810E58}.Release|x86.ActiveCfg = Release|Any CPU
		{ACD47223-4327-418C-BAC4-4CE53F810E58}.Release|x86.Build.0 = Release|Any CPU
		{62B5F681-C4A5-48ED-838B-DF12C3F59448}.Debug|Any CPU.ActiveCfg = Debug|Any CPU
		{62B5F681-C4A5-48ED-838B-DF12C3F59448}.Debug|Any CPU.Build.0 = Debug|Any CPU
		{62B5F681-C4A5-48ED-838B-DF12C3F59448}.Debug|x64.ActiveCfg = Debug|Any CPU
		{62B5F681-C4A5-48ED-838B-DF12C3F59448}.Debug|x64.Build.0 = Debug|Any CPU
		{62B5F681-C4A5-48ED-838B-DF12C3F59448}.Debug|x86.ActiveCfg = Debug|Any CPU
		{62B5F681-C4A5-48ED-838B-DF12C3F59448}.Debug|x86.Build.0 = Debug|Any CPU
		{62B5F681-C4A5-48ED-838B-DF12C3F59448}.Release|Any CPU.ActiveCfg = Release|Any CPU
		{62B5F681-C4A5-48ED-838B-DF12C3F59448}.Release|Any CPU.Build.0 = Release|Any CPU
		{62B5F681-C4A5-48ED-838B-DF12C3F59448}.Release|x64.ActiveCfg = Release|Any CPU
		{62B5F681-C4A5-48ED-838B-DF12C3F59448}.Release|x64.Build.0 = Release|Any CPU
		{62B5F681-C4A5-48ED-838B-DF12C3F59448}.Release|x86.ActiveCfg = Release|Any CPU
		{62B5F681-C4A5-48ED-838B-DF12C3F59448}.Release|x86.Build.0 = Release|Any CPU
		{30F2EDFC-A96A-42CF-8D14-535D835C623A}.Debug|Any CPU.ActiveCfg = Debug|Any CPU
		{30F2EDFC-A96A-42CF-8D14-535D835C623A}.Debug|Any CPU.Build.0 = Debug|Any CPU
		{30F2EDFC-A96A-42CF-8D14-535D835C623A}.Debug|x64.ActiveCfg = Debug|Any CPU
		{30F2EDFC-A96A-42CF-8D14-535D835C623A}.Debug|x64.Build.0 = Debug|Any CPU
		{30F2EDFC-A96A-42CF-8D14-535D835C623A}.Debug|x86.ActiveCfg = Debug|Any CPU
		{30F2EDFC-A96A-42CF-8D14-535D835C623A}.Debug|x86.Build.0 = Debug|Any CPU
		{30F2EDFC-A96A-42CF-8D14-535D835C623A}.Release|Any CPU.ActiveCfg = Release|Any CPU
		{30F2EDFC-A96A-42CF-8D14-535D835C623A}.Release|Any CPU.Build.0 = Release|Any CPU
		{30F2EDFC-A96A-42CF-8D14-535D835C623A}.Release|x64.ActiveCfg = Release|Any CPU
		{30F2EDFC-A96A-42CF-8D14-535D835C623A}.Release|x64.Build.0 = Release|Any CPU
		{30F2EDFC-A96A-42CF-8D14-535D835C623A}.Release|x86.ActiveCfg = Release|Any CPU
		{30F2EDFC-A96A-42CF-8D14-535D835C623A}.Release|x86.Build.0 = Release|Any CPU
		{B4024CB0-D90E-40A7-AC8E-1EE7A6344BEF}.Debug|Any CPU.ActiveCfg = Debug|Any CPU
		{B4024CB0-D90E-40A7-AC8E-1EE7A6344BEF}.Debug|Any CPU.Build.0 = Debug|Any CPU
		{B4024CB0-D90E-40A7-AC8E-1EE7A6344BEF}.Debug|x64.ActiveCfg = Debug|Any CPU
		{B4024CB0-D90E-40A7-AC8E-1EE7A6344BEF}.Debug|x64.Build.0 = Debug|Any CPU
		{B4024CB0-D90E-40A7-AC8E-1EE7A6344BEF}.Debug|x86.ActiveCfg = Debug|Any CPU
		{B4024CB0-D90E-40A7-AC8E-1EE7A6344BEF}.Debug|x86.Build.0 = Debug|Any CPU
		{B4024CB0-D90E-40A7-AC8E-1EE7A6344BEF}.Release|Any CPU.ActiveCfg = Release|Any CPU
		{B4024CB0-D90E-40A7-AC8E-1EE7A6344BEF}.Release|Any CPU.Build.0 = Release|Any CPU
		{B4024CB0-D90E-40A7-AC8E-1EE7A6344BEF}.Release|x64.ActiveCfg = Release|Any CPU
		{B4024CB0-D90E-40A7-AC8E-1EE7A6344BEF}.Release|x64.Build.0 = Release|Any CPU
		{B4024CB0-D90E-40A7-AC8E-1EE7A6344BEF}.Release|x86.ActiveCfg = Release|Any CPU
		{B4024CB0-D90E-40A7-AC8E-1EE7A6344BEF}.Release|x86.Build.0 = Release|Any CPU
		{09E31C96-21B7-40B8-ADF3-01C7276F14BA}.Debug|Any CPU.ActiveCfg = Debug|Any CPU
		{09E31C96-21B7-40B8-ADF3-01C7276F14BA}.Debug|Any CPU.Build.0 = Debug|Any CPU
		{09E31C96-21B7-40B8-ADF3-01C7276F14BA}.Debug|x64.ActiveCfg = Debug|Any CPU
		{09E31C96-21B7-40B8-ADF3-01C7276F14BA}.Debug|x64.Build.0 = Debug|Any CPU
		{09E31C96-21B7-40B8-ADF3-01C7276F14BA}.Debug|x86.ActiveCfg = Debug|Any CPU
		{09E31C96-21B7-40B8-ADF3-01C7276F14BA}.Debug|x86.Build.0 = Debug|Any CPU
		{09E31C96-21B7-40B8-ADF3-01C7276F14BA}.Release|Any CPU.ActiveCfg = Release|Any CPU
		{09E31C96-21B7-40B8-ADF3-01C7276F14BA}.Release|Any CPU.Build.0 = Release|Any CPU
		{09E31C96-21B7-40B8-ADF3-01C7276F14BA}.Release|x64.ActiveCfg = Release|Any CPU
		{09E31C96-21B7-40B8-ADF3-01C7276F14BA}.Release|x64.Build.0 = Release|Any CPU
		{09E31C96-21B7-40B8-ADF3-01C7276F14BA}.Release|x86.ActiveCfg = Release|Any CPU
		{09E31C96-21B7-40B8-ADF3-01C7276F14BA}.Release|x86.Build.0 = Release|Any CPU
		{C6773136-9614-4778-9B94-C6BB7BA4319E}.Debug|Any CPU.ActiveCfg = Debug|Any CPU
		{C6773136-9614-4778-9B94-C6BB7BA4319E}.Debug|Any CPU.Build.0 = Debug|Any CPU
		{C6773136-9614-4778-9B94-C6BB7BA4319E}.Debug|x64.ActiveCfg = Debug|Any CPU
		{C6773136-9614-4778-9B94-C6BB7BA4319E}.Debug|x64.Build.0 = Debug|Any CPU
		{C6773136-9614-4778-9B94-C6BB7BA4319E}.Debug|x86.ActiveCfg = Debug|Any CPU
		{C6773136-9614-4778-9B94-C6BB7BA4319E}.Debug|x86.Build.0 = Debug|Any CPU
		{C6773136-9614-4778-9B94-C6BB7BA4319E}.Release|Any CPU.ActiveCfg = Release|Any CPU
		{C6773136-9614-4778-9B94-C6BB7BA4319E}.Release|Any CPU.Build.0 = Release|Any CPU
		{C6773136-9614-4778-9B94-C6BB7BA4319E}.Release|x64.ActiveCfg = Release|Any CPU
		{C6773136-9614-4778-9B94-C6BB7BA4319E}.Release|x64.Build.0 = Release|Any CPU
		{C6773136-9614-4778-9B94-C6BB7BA4319E}.Release|x86.ActiveCfg = Release|Any CPU
		{C6773136-9614-4778-9B94-C6BB7BA4319E}.Release|x86.Build.0 = Release|Any CPU
		{15CA5936-0110-408F-8EC3-58241283EF7A}.Debug|Any CPU.ActiveCfg = Debug|Any CPU
		{15CA5936-0110-408F-8EC3-58241283EF7A}.Debug|Any CPU.Build.0 = Debug|Any CPU
		{15CA5936-0110-408F-8EC3-58241283EF7A}.Debug|x64.ActiveCfg = Debug|Any CPU
		{15CA5936-0110-408F-8EC3-58241283EF7A}.Debug|x64.Build.0 = Debug|Any CPU
		{15CA5936-0110-408F-8EC3-58241283EF7A}.Debug|x86.ActiveCfg = Debug|Any CPU
		{15CA5936-0110-408F-8EC3-58241283EF7A}.Debug|x86.Build.0 = Debug|Any CPU
		{15CA5936-0110-408F-8EC3-58241283EF7A}.Release|Any CPU.ActiveCfg = Release|Any CPU
		{15CA5936-0110-408F-8EC3-58241283EF7A}.Release|Any CPU.Build.0 = Release|Any CPU
		{15CA5936-0110-408F-8EC3-58241283EF7A}.Release|x64.ActiveCfg = Release|Any CPU
		{15CA5936-0110-408F-8EC3-58241283EF7A}.Release|x64.Build.0 = Release|Any CPU
		{15CA5936-0110-408F-8EC3-58241283EF7A}.Release|x86.ActiveCfg = Release|Any CPU
		{15CA5936-0110-408F-8EC3-58241283EF7A}.Release|x86.Build.0 = Release|Any CPU
		{60ED5D7B-32B3-4CE9-8E97-9620A1D2226D}.Debug|Any CPU.ActiveCfg = Debug|Any CPU
		{60ED5D7B-32B3-4CE9-8E97-9620A1D2226D}.Debug|Any CPU.Build.0 = Debug|Any CPU
		{60ED5D7B-32B3-4CE9-8E97-9620A1D2226D}.Debug|x64.ActiveCfg = Debug|Any CPU
		{60ED5D7B-32B3-4CE9-8E97-9620A1D2226D}.Debug|x64.Build.0 = Debug|Any CPU
		{60ED5D7B-32B3-4CE9-8E97-9620A1D2226D}.Debug|x86.ActiveCfg = Debug|Any CPU
		{60ED5D7B-32B3-4CE9-8E97-9620A1D2226D}.Debug|x86.Build.0 = Debug|Any CPU
		{60ED5D7B-32B3-4CE9-8E97-9620A1D2226D}.Release|Any CPU.ActiveCfg = Release|Any CPU
		{60ED5D7B-32B3-4CE9-8E97-9620A1D2226D}.Release|Any CPU.Build.0 = Release|Any CPU
		{60ED5D7B-32B3-4CE9-8E97-9620A1D2226D}.Release|x64.ActiveCfg = Release|Any CPU
		{60ED5D7B-32B3-4CE9-8E97-9620A1D2226D}.Release|x64.Build.0 = Release|Any CPU
		{60ED5D7B-32B3-4CE9-8E97-9620A1D2226D}.Release|x86.ActiveCfg = Release|Any CPU
		{60ED5D7B-32B3-4CE9-8E97-9620A1D2226D}.Release|x86.Build.0 = Release|Any CPU
		{95F5F255-05D3-40DF-8E52-13D27332E12C}.Debug|Any CPU.ActiveCfg = Debug|Any CPU
		{95F5F255-05D3-40DF-8E52-13D27332E12C}.Debug|Any CPU.Build.0 = Debug|Any CPU
		{95F5F255-05D3-40DF-8E52-13D27332E12C}.Debug|x64.ActiveCfg = Debug|Any CPU
		{95F5F255-05D3-40DF-8E52-13D27332E12C}.Debug|x64.Build.0 = Debug|Any CPU
		{95F5F255-05D3-40DF-8E52-13D27332E12C}.Debug|x86.ActiveCfg = Debug|Any CPU
		{95F5F255-05D3-40DF-8E52-13D27332E12C}.Debug|x86.Build.0 = Debug|Any CPU
		{95F5F255-05D3-40DF-8E52-13D27332E12C}.Release|Any CPU.ActiveCfg = Release|Any CPU
		{95F5F255-05D3-40DF-8E52-13D27332E12C}.Release|Any CPU.Build.0 = Release|Any CPU
		{95F5F255-05D3-40DF-8E52-13D27332E12C}.Release|x64.ActiveCfg = Release|Any CPU
		{95F5F255-05D3-40DF-8E52-13D27332E12C}.Release|x64.Build.0 = Release|Any CPU
		{95F5F255-05D3-40DF-8E52-13D27332E12C}.Release|x86.ActiveCfg = Release|Any CPU
		{95F5F255-05D3-40DF-8E52-13D27332E12C}.Release|x86.Build.0 = Release|Any CPU
		{98DD44C7-DEBA-4E79-B95F-03E31AB07696}.Debug|Any CPU.ActiveCfg = Debug|Any CPU
		{98DD44C7-DEBA-4E79-B95F-03E31AB07696}.Debug|Any CPU.Build.0 = Debug|Any CPU
		{98DD44C7-DEBA-4E79-B95F-03E31AB07696}.Debug|x64.ActiveCfg = Debug|Any CPU
		{98DD44C7-DEBA-4E79-B95F-03E31AB07696}.Debug|x64.Build.0 = Debug|Any CPU
		{98DD44C7-DEBA-4E79-B95F-03E31AB07696}.Debug|x86.ActiveCfg = Debug|Any CPU
		{98DD44C7-DEBA-4E79-B95F-03E31AB07696}.Debug|x86.Build.0 = Debug|Any CPU
		{98DD44C7-DEBA-4E79-B95F-03E31AB07696}.Release|Any CPU.ActiveCfg = Release|Any CPU
		{98DD44C7-DEBA-4E79-B95F-03E31AB07696}.Release|Any CPU.Build.0 = Release|Any CPU
		{98DD44C7-DEBA-4E79-B95F-03E31AB07696}.Release|x64.ActiveCfg = Release|Any CPU
		{98DD44C7-DEBA-4E79-B95F-03E31AB07696}.Release|x64.Build.0 = Release|Any CPU
		{98DD44C7-DEBA-4E79-B95F-03E31AB07696}.Release|x86.ActiveCfg = Release|Any CPU
		{98DD44C7-DEBA-4E79-B95F-03E31AB07696}.Release|x86.Build.0 = Release|Any CPU
		{36BB4F56-1F74-405F-83DD-51C9E74FA66D}.Debug|Any CPU.ActiveCfg = Debug|Any CPU
		{36BB4F56-1F74-405F-83DD-51C9E74FA66D}.Debug|Any CPU.Build.0 = Debug|Any CPU
		{36BB4F56-1F74-405F-83DD-51C9E74FA66D}.Debug|x64.ActiveCfg = Debug|Any CPU
		{36BB4F56-1F74-405F-83DD-51C9E74FA66D}.Debug|x64.Build.0 = Debug|Any CPU
		{36BB4F56-1F74-405F-83DD-51C9E74FA66D}.Debug|x86.ActiveCfg = Debug|Any CPU
		{36BB4F56-1F74-405F-83DD-51C9E74FA66D}.Debug|x86.Build.0 = Debug|Any CPU
		{36BB4F56-1F74-405F-83DD-51C9E74FA66D}.Release|Any CPU.ActiveCfg = Release|Any CPU
		{36BB4F56-1F74-405F-83DD-51C9E74FA66D}.Release|Any CPU.Build.0 = Release|Any CPU
		{36BB4F56-1F74-405F-83DD-51C9E74FA66D}.Release|x64.ActiveCfg = Release|Any CPU
		{36BB4F56-1F74-405F-83DD-51C9E74FA66D}.Release|x64.Build.0 = Release|Any CPU
		{36BB4F56-1F74-405F-83DD-51C9E74FA66D}.Release|x86.ActiveCfg = Release|Any CPU
		{36BB4F56-1F74-405F-83DD-51C9E74FA66D}.Release|x86.Build.0 = Release|Any CPU
		{E7E4AB75-B21F-43FA-8F56-3A9779F19D31}.Debug|Any CPU.ActiveCfg = Debug|Any CPU
		{E7E4AB75-B21F-43FA-8F56-3A9779F19D31}.Debug|Any CPU.Build.0 = Debug|Any CPU
		{E7E4AB75-B21F-43FA-8F56-3A9779F19D31}.Debug|x64.ActiveCfg = Debug|Any CPU
		{E7E4AB75-B21F-43FA-8F56-3A9779F19D31}.Debug|x64.Build.0 = Debug|Any CPU
		{E7E4AB75-B21F-43FA-8F56-3A9779F19D31}.Debug|x86.ActiveCfg = Debug|Any CPU
		{E7E4AB75-B21F-43FA-8F56-3A9779F19D31}.Debug|x86.Build.0 = Debug|Any CPU
		{E7E4AB75-B21F-43FA-8F56-3A9779F19D31}.Release|Any CPU.ActiveCfg = Release|Any CPU
		{E7E4AB75-B21F-43FA-8F56-3A9779F19D31}.Release|Any CPU.Build.0 = Release|Any CPU
		{E7E4AB75-B21F-43FA-8F56-3A9779F19D31}.Release|x64.ActiveCfg = Release|Any CPU
		{E7E4AB75-B21F-43FA-8F56-3A9779F19D31}.Release|x64.Build.0 = Release|Any CPU
		{E7E4AB75-B21F-43FA-8F56-3A9779F19D31}.Release|x86.ActiveCfg = Release|Any CPU
		{E7E4AB75-B21F-43FA-8F56-3A9779F19D31}.Release|x86.Build.0 = Release|Any CPU
		{2F0690F1-9043-4811-B4E8-40681D5F2F8B}.Debug|Any CPU.ActiveCfg = Debug|Any CPU
		{2F0690F1-9043-4811-B4E8-40681D5F2F8B}.Debug|Any CPU.Build.0 = Debug|Any CPU
		{2F0690F1-9043-4811-B4E8-40681D5F2F8B}.Debug|x64.ActiveCfg = Debug|Any CPU
		{2F0690F1-9043-4811-B4E8-40681D5F2F8B}.Debug|x64.Build.0 = Debug|Any CPU
		{2F0690F1-9043-4811-B4E8-40681D5F2F8B}.Debug|x86.ActiveCfg = Debug|Any CPU
		{2F0690F1-9043-4811-B4E8-40681D5F2F8B}.Debug|x86.Build.0 = Debug|Any CPU
		{2F0690F1-9043-4811-B4E8-40681D5F2F8B}.Release|Any CPU.ActiveCfg = Release|Any CPU
		{2F0690F1-9043-4811-B4E8-40681D5F2F8B}.Release|Any CPU.Build.0 = Release|Any CPU
		{2F0690F1-9043-4811-B4E8-40681D5F2F8B}.Release|x64.ActiveCfg = Release|Any CPU
		{2F0690F1-9043-4811-B4E8-40681D5F2F8B}.Release|x64.Build.0 = Release|Any CPU
		{2F0690F1-9043-4811-B4E8-40681D5F2F8B}.Release|x86.ActiveCfg = Release|Any CPU
		{2F0690F1-9043-4811-B4E8-40681D5F2F8B}.Release|x86.Build.0 = Release|Any CPU
		{10BAD950-3BD9-4FBF-8D75-DD0E30F03CD8}.Debug|Any CPU.ActiveCfg = Debug|Any CPU
		{10BAD950-3BD9-4FBF-8D75-DD0E30F03CD8}.Debug|Any CPU.Build.0 = Debug|Any CPU
		{10BAD950-3BD9-4FBF-8D75-DD0E30F03CD8}.Debug|x64.ActiveCfg = Debug|Any CPU
		{10BAD950-3BD9-4FBF-8D75-DD0E30F03CD8}.Debug|x64.Build.0 = Debug|Any CPU
		{10BAD950-3BD9-4FBF-8D75-DD0E30F03CD8}.Debug|x86.ActiveCfg = Debug|Any CPU
		{10BAD950-3BD9-4FBF-8D75-DD0E30F03CD8}.Debug|x86.Build.0 = Debug|Any CPU
		{10BAD950-3BD9-4FBF-8D75-DD0E30F03CD8}.Release|Any CPU.ActiveCfg = Release|Any CPU
		{10BAD950-3BD9-4FBF-8D75-DD0E30F03CD8}.Release|Any CPU.Build.0 = Release|Any CPU
		{10BAD950-3BD9-4FBF-8D75-DD0E30F03CD8}.Release|x64.ActiveCfg = Release|Any CPU
		{10BAD950-3BD9-4FBF-8D75-DD0E30F03CD8}.Release|x64.Build.0 = Release|Any CPU
		{10BAD950-3BD9-4FBF-8D75-DD0E30F03CD8}.Release|x86.ActiveCfg = Release|Any CPU
		{10BAD950-3BD9-4FBF-8D75-DD0E30F03CD8}.Release|x86.Build.0 = Release|Any CPU
		{6EAF4BEB-21D7-4FD1-AA33-CAB4CF1F3D4D}.Debug|Any CPU.ActiveCfg = Debug|Any CPU
		{6EAF4BEB-21D7-4FD1-AA33-CAB4CF1F3D4D}.Debug|Any CPU.Build.0 = Debug|Any CPU
		{6EAF4BEB-21D7-4FD1-AA33-CAB4CF1F3D4D}.Debug|x64.ActiveCfg = Debug|Any CPU
		{6EAF4BEB-21D7-4FD1-AA33-CAB4CF1F3D4D}.Debug|x64.Build.0 = Debug|Any CPU
		{6EAF4BEB-21D7-4FD1-AA33-CAB4CF1F3D4D}.Debug|x86.ActiveCfg = Debug|Any CPU
		{6EAF4BEB-21D7-4FD1-AA33-CAB4CF1F3D4D}.Debug|x86.Build.0 = Debug|Any CPU
		{6EAF4BEB-21D7-4FD1-AA33-CAB4CF1F3D4D}.Release|Any CPU.ActiveCfg = Release|Any CPU
		{6EAF4BEB-21D7-4FD1-AA33-CAB4CF1F3D4D}.Release|Any CPU.Build.0 = Release|Any CPU
		{6EAF4BEB-21D7-4FD1-AA33-CAB4CF1F3D4D}.Release|x64.ActiveCfg = Release|Any CPU
		{6EAF4BEB-21D7-4FD1-AA33-CAB4CF1F3D4D}.Release|x64.Build.0 = Release|Any CPU
		{6EAF4BEB-21D7-4FD1-AA33-CAB4CF1F3D4D}.Release|x86.ActiveCfg = Release|Any CPU
		{6EAF4BEB-21D7-4FD1-AA33-CAB4CF1F3D4D}.Release|x86.Build.0 = Release|Any CPU
		{270AE7E5-5219-4E21-A99A-354B7FFF3F77}.Debug|Any CPU.ActiveCfg = Debug|Any CPU
		{270AE7E5-5219-4E21-A99A-354B7FFF3F77}.Debug|Any CPU.Build.0 = Debug|Any CPU
		{270AE7E5-5219-4E21-A99A-354B7FFF3F77}.Debug|x64.ActiveCfg = Debug|Any CPU
		{270AE7E5-5219-4E21-A99A-354B7FFF3F77}.Debug|x64.Build.0 = Debug|Any CPU
		{270AE7E5-5219-4E21-A99A-354B7FFF3F77}.Debug|x86.ActiveCfg = Debug|Any CPU
		{270AE7E5-5219-4E21-A99A-354B7FFF3F77}.Debug|x86.Build.0 = Debug|Any CPU
		{270AE7E5-5219-4E21-A99A-354B7FFF3F77}.Release|Any CPU.ActiveCfg = Release|Any CPU
		{270AE7E5-5219-4E21-A99A-354B7FFF3F77}.Release|Any CPU.Build.0 = Release|Any CPU
		{270AE7E5-5219-4E21-A99A-354B7FFF3F77}.Release|x64.ActiveCfg = Release|Any CPU
		{270AE7E5-5219-4E21-A99A-354B7FFF3F77}.Release|x64.Build.0 = Release|Any CPU
		{270AE7E5-5219-4E21-A99A-354B7FFF3F77}.Release|x86.ActiveCfg = Release|Any CPU
		{270AE7E5-5219-4E21-A99A-354B7FFF3F77}.Release|x86.Build.0 = Release|Any CPU
		{3792173B-AC3A-4892-9AAB-B44C98E39254}.Debug|Any CPU.ActiveCfg = Debug|Any CPU
		{3792173B-AC3A-4892-9AAB-B44C98E39254}.Debug|Any CPU.Build.0 = Debug|Any CPU
		{3792173B-AC3A-4892-9AAB-B44C98E39254}.Debug|x64.ActiveCfg = Debug|Any CPU
		{3792173B-AC3A-4892-9AAB-B44C98E39254}.Debug|x64.Build.0 = Debug|Any CPU
		{3792173B-AC3A-4892-9AAB-B44C98E39254}.Debug|x86.ActiveCfg = Debug|Any CPU
		{3792173B-AC3A-4892-9AAB-B44C98E39254}.Debug|x86.Build.0 = Debug|Any CPU
		{3792173B-AC3A-4892-9AAB-B44C98E39254}.Release|Any CPU.ActiveCfg = Release|Any CPU
		{3792173B-AC3A-4892-9AAB-B44C98E39254}.Release|Any CPU.Build.0 = Release|Any CPU
		{3792173B-AC3A-4892-9AAB-B44C98E39254}.Release|x64.ActiveCfg = Release|Any CPU
		{3792173B-AC3A-4892-9AAB-B44C98E39254}.Release|x64.Build.0 = Release|Any CPU
		{3792173B-AC3A-4892-9AAB-B44C98E39254}.Release|x86.ActiveCfg = Release|Any CPU
		{3792173B-AC3A-4892-9AAB-B44C98E39254}.Release|x86.Build.0 = Release|Any CPU
		{55D9976B-E83D-43B1-AE45-B71DDC03464E}.Debug|Any CPU.ActiveCfg = Debug|Any CPU
		{55D9976B-E83D-43B1-AE45-B71DDC03464E}.Debug|Any CPU.Build.0 = Debug|Any CPU
		{55D9976B-E83D-43B1-AE45-B71DDC03464E}.Debug|x64.ActiveCfg = Debug|Any CPU
		{55D9976B-E83D-43B1-AE45-B71DDC03464E}.Debug|x64.Build.0 = Debug|Any CPU
		{55D9976B-E83D-43B1-AE45-B71DDC03464E}.Debug|x86.ActiveCfg = Debug|Any CPU
		{55D9976B-E83D-43B1-AE45-B71DDC03464E}.Debug|x86.Build.0 = Debug|Any CPU
		{55D9976B-E83D-43B1-AE45-B71DDC03464E}.Release|Any CPU.ActiveCfg = Release|Any CPU
		{55D9976B-E83D-43B1-AE45-B71DDC03464E}.Release|Any CPU.Build.0 = Release|Any CPU
		{55D9976B-E83D-43B1-AE45-B71DDC03464E}.Release|x64.ActiveCfg = Release|Any CPU
		{55D9976B-E83D-43B1-AE45-B71DDC03464E}.Release|x64.Build.0 = Release|Any CPU
		{55D9976B-E83D-43B1-AE45-B71DDC03464E}.Release|x86.ActiveCfg = Release|Any CPU
		{55D9976B-E83D-43B1-AE45-B71DDC03464E}.Release|x86.Build.0 = Release|Any CPU
		{FCE6CBD4-2751-4737-A624-C1442FA1F91C}.Debug|Any CPU.ActiveCfg = Debug|Any CPU
		{FCE6CBD4-2751-4737-A624-C1442FA1F91C}.Debug|Any CPU.Build.0 = Debug|Any CPU
		{FCE6CBD4-2751-4737-A624-C1442FA1F91C}.Debug|x64.ActiveCfg = Debug|Any CPU
		{FCE6CBD4-2751-4737-A624-C1442FA1F91C}.Debug|x64.Build.0 = Debug|Any CPU
		{FCE6CBD4-2751-4737-A624-C1442FA1F91C}.Debug|x86.ActiveCfg = Debug|Any CPU
		{FCE6CBD4-2751-4737-A624-C1442FA1F91C}.Debug|x86.Build.0 = Debug|Any CPU
		{FCE6CBD4-2751-4737-A624-C1442FA1F91C}.Release|Any CPU.ActiveCfg = Release|Any CPU
		{FCE6CBD4-2751-4737-A624-C1442FA1F91C}.Release|Any CPU.Build.0 = Release|Any CPU
		{FCE6CBD4-2751-4737-A624-C1442FA1F91C}.Release|x64.ActiveCfg = Release|Any CPU
		{FCE6CBD4-2751-4737-A624-C1442FA1F91C}.Release|x64.Build.0 = Release|Any CPU
		{FCE6CBD4-2751-4737-A624-C1442FA1F91C}.Release|x86.ActiveCfg = Release|Any CPU
		{FCE6CBD4-2751-4737-A624-C1442FA1F91C}.Release|x86.Build.0 = Release|Any CPU
		{A9BA399D-AFF9-4E59-90DB-921083023CF0}.Debug|Any CPU.ActiveCfg = Debug|Any CPU
		{A9BA399D-AFF9-4E59-90DB-921083023CF0}.Debug|Any CPU.Build.0 = Debug|Any CPU
		{A9BA399D-AFF9-4E59-90DB-921083023CF0}.Debug|x64.ActiveCfg = Debug|Any CPU
		{A9BA399D-AFF9-4E59-90DB-921083023CF0}.Debug|x64.Build.0 = Debug|Any CPU
		{A9BA399D-AFF9-4E59-90DB-921083023CF0}.Debug|x86.ActiveCfg = Debug|Any CPU
		{A9BA399D-AFF9-4E59-90DB-921083023CF0}.Debug|x86.Build.0 = Debug|Any CPU
		{A9BA399D-AFF9-4E59-90DB-921083023CF0}.Release|Any CPU.ActiveCfg = Release|Any CPU
		{A9BA399D-AFF9-4E59-90DB-921083023CF0}.Release|Any CPU.Build.0 = Release|Any CPU
		{A9BA399D-AFF9-4E59-90DB-921083023CF0}.Release|x64.ActiveCfg = Release|Any CPU
		{A9BA399D-AFF9-4E59-90DB-921083023CF0}.Release|x64.Build.0 = Release|Any CPU
		{A9BA399D-AFF9-4E59-90DB-921083023CF0}.Release|x86.ActiveCfg = Release|Any CPU
		{A9BA399D-AFF9-4E59-90DB-921083023CF0}.Release|x86.Build.0 = Release|Any CPU
		{F92A9E9A-D074-4DE2-B4D6-0A451E6034E4}.Debug|Any CPU.ActiveCfg = Debug|Any CPU
		{F92A9E9A-D074-4DE2-B4D6-0A451E6034E4}.Debug|Any CPU.Build.0 = Debug|Any CPU
		{F92A9E9A-D074-4DE2-B4D6-0A451E6034E4}.Debug|x64.ActiveCfg = Debug|Any CPU
		{F92A9E9A-D074-4DE2-B4D6-0A451E6034E4}.Debug|x64.Build.0 = Debug|Any CPU
		{F92A9E9A-D074-4DE2-B4D6-0A451E6034E4}.Debug|x86.ActiveCfg = Debug|Any CPU
		{F92A9E9A-D074-4DE2-B4D6-0A451E6034E4}.Debug|x86.Build.0 = Debug|Any CPU
		{F92A9E9A-D074-4DE2-B4D6-0A451E6034E4}.Release|Any CPU.ActiveCfg = Release|Any CPU
		{F92A9E9A-D074-4DE2-B4D6-0A451E6034E4}.Release|Any CPU.Build.0 = Release|Any CPU
		{F92A9E9A-D074-4DE2-B4D6-0A451E6034E4}.Release|x64.ActiveCfg = Release|Any CPU
		{F92A9E9A-D074-4DE2-B4D6-0A451E6034E4}.Release|x64.Build.0 = Release|Any CPU
		{F92A9E9A-D074-4DE2-B4D6-0A451E6034E4}.Release|x86.ActiveCfg = Release|Any CPU
		{F92A9E9A-D074-4DE2-B4D6-0A451E6034E4}.Release|x86.Build.0 = Release|Any CPU
		{D896F88E-B4CA-40F0-B3B3-E07DE4C77FA4}.Debug|Any CPU.ActiveCfg = Debug|Any CPU
		{D896F88E-B4CA-40F0-B3B3-E07DE4C77FA4}.Debug|Any CPU.Build.0 = Debug|Any CPU
		{D896F88E-B4CA-40F0-B3B3-E07DE4C77FA4}.Debug|x64.ActiveCfg = Debug|Any CPU
		{D896F88E-B4CA-40F0-B3B3-E07DE4C77FA4}.Debug|x64.Build.0 = Debug|Any CPU
		{D896F88E-B4CA-40F0-B3B3-E07DE4C77FA4}.Debug|x86.ActiveCfg = Debug|Any CPU
		{D896F88E-B4CA-40F0-B3B3-E07DE4C77FA4}.Debug|x86.Build.0 = Debug|Any CPU
		{D896F88E-B4CA-40F0-B3B3-E07DE4C77FA4}.Release|Any CPU.ActiveCfg = Release|Any CPU
		{D896F88E-B4CA-40F0-B3B3-E07DE4C77FA4}.Release|Any CPU.Build.0 = Release|Any CPU
		{D896F88E-B4CA-40F0-B3B3-E07DE4C77FA4}.Release|x64.ActiveCfg = Release|Any CPU
		{D896F88E-B4CA-40F0-B3B3-E07DE4C77FA4}.Release|x64.Build.0 = Release|Any CPU
		{D896F88E-B4CA-40F0-B3B3-E07DE4C77FA4}.Release|x86.ActiveCfg = Release|Any CPU
		{D896F88E-B4CA-40F0-B3B3-E07DE4C77FA4}.Release|x86.Build.0 = Release|Any CPU
		{16E2E6F3-7B30-4712-8C96-1DAEBCC71441}.Debug|Any CPU.ActiveCfg = Debug|Any CPU
		{16E2E6F3-7B30-4712-8C96-1DAEBCC71441}.Debug|Any CPU.Build.0 = Debug|Any CPU
		{16E2E6F3-7B30-4712-8C96-1DAEBCC71441}.Debug|x64.ActiveCfg = Debug|Any CPU
		{16E2E6F3-7B30-4712-8C96-1DAEBCC71441}.Debug|x64.Build.0 = Debug|Any CPU
		{16E2E6F3-7B30-4712-8C96-1DAEBCC71441}.Debug|x86.ActiveCfg = Debug|Any CPU
		{16E2E6F3-7B30-4712-8C96-1DAEBCC71441}.Debug|x86.Build.0 = Debug|Any CPU
		{16E2E6F3-7B30-4712-8C96-1DAEBCC71441}.Release|Any CPU.ActiveCfg = Release|Any CPU
		{16E2E6F3-7B30-4712-8C96-1DAEBCC71441}.Release|Any CPU.Build.0 = Release|Any CPU
		{16E2E6F3-7B30-4712-8C96-1DAEBCC71441}.Release|x64.ActiveCfg = Release|Any CPU
		{16E2E6F3-7B30-4712-8C96-1DAEBCC71441}.Release|x64.Build.0 = Release|Any CPU
		{16E2E6F3-7B30-4712-8C96-1DAEBCC71441}.Release|x86.ActiveCfg = Release|Any CPU
		{16E2E6F3-7B30-4712-8C96-1DAEBCC71441}.Release|x86.Build.0 = Release|Any CPU
		{E7E6F116-EA2E-4811-94C2-247405E98E45}.Debug|Any CPU.ActiveCfg = Debug|Any CPU
		{E7E6F116-EA2E-4811-94C2-247405E98E45}.Debug|Any CPU.Build.0 = Debug|Any CPU
		{E7E6F116-EA2E-4811-94C2-247405E98E45}.Debug|x64.ActiveCfg = Debug|Any CPU
		{E7E6F116-EA2E-4811-94C2-247405E98E45}.Debug|x64.Build.0 = Debug|Any CPU
		{E7E6F116-EA2E-4811-94C2-247405E98E45}.Debug|x86.ActiveCfg = Debug|Any CPU
		{E7E6F116-EA2E-4811-94C2-247405E98E45}.Debug|x86.Build.0 = Debug|Any CPU
		{E7E6F116-EA2E-4811-94C2-247405E98E45}.Release|Any CPU.ActiveCfg = Release|Any CPU
		{E7E6F116-EA2E-4811-94C2-247405E98E45}.Release|Any CPU.Build.0 = Release|Any CPU
		{E7E6F116-EA2E-4811-94C2-247405E98E45}.Release|x64.ActiveCfg = Release|Any CPU
		{E7E6F116-EA2E-4811-94C2-247405E98E45}.Release|x64.Build.0 = Release|Any CPU
		{E7E6F116-EA2E-4811-94C2-247405E98E45}.Release|x86.ActiveCfg = Release|Any CPU
		{E7E6F116-EA2E-4811-94C2-247405E98E45}.Release|x86.Build.0 = Release|Any CPU
		{445E8915-467F-45A9-8516-7DEEE9F3DCF6}.Debug|Any CPU.ActiveCfg = Debug|Any CPU
		{445E8915-467F-45A9-8516-7DEEE9F3DCF6}.Debug|Any CPU.Build.0 = Debug|Any CPU
		{445E8915-467F-45A9-8516-7DEEE9F3DCF6}.Debug|x64.ActiveCfg = Debug|Any CPU
		{445E8915-467F-45A9-8516-7DEEE9F3DCF6}.Debug|x64.Build.0 = Debug|Any CPU
		{445E8915-467F-45A9-8516-7DEEE9F3DCF6}.Debug|x86.ActiveCfg = Debug|Any CPU
		{445E8915-467F-45A9-8516-7DEEE9F3DCF6}.Debug|x86.Build.0 = Debug|Any CPU
		{445E8915-467F-45A9-8516-7DEEE9F3DCF6}.Release|Any CPU.ActiveCfg = Release|Any CPU
		{445E8915-467F-45A9-8516-7DEEE9F3DCF6}.Release|Any CPU.Build.0 = Release|Any CPU
		{445E8915-467F-45A9-8516-7DEEE9F3DCF6}.Release|x64.ActiveCfg = Release|Any CPU
		{445E8915-467F-45A9-8516-7DEEE9F3DCF6}.Release|x64.Build.0 = Release|Any CPU
		{445E8915-467F-45A9-8516-7DEEE9F3DCF6}.Release|x86.ActiveCfg = Release|Any CPU
		{445E8915-467F-45A9-8516-7DEEE9F3DCF6}.Release|x86.Build.0 = Release|Any CPU
		{7990976B-F06D-44C9-977E-155D465F37C3}.Debug|Any CPU.ActiveCfg = Debug|Any CPU
		{7990976B-F06D-44C9-977E-155D465F37C3}.Debug|Any CPU.Build.0 = Debug|Any CPU
		{7990976B-F06D-44C9-977E-155D465F37C3}.Debug|x64.ActiveCfg = Debug|Any CPU
		{7990976B-F06D-44C9-977E-155D465F37C3}.Debug|x64.Build.0 = Debug|Any CPU
		{7990976B-F06D-44C9-977E-155D465F37C3}.Debug|x86.ActiveCfg = Debug|Any CPU
		{7990976B-F06D-44C9-977E-155D465F37C3}.Debug|x86.Build.0 = Debug|Any CPU
		{7990976B-F06D-44C9-977E-155D465F37C3}.Release|Any CPU.ActiveCfg = Release|Any CPU
		{7990976B-F06D-44C9-977E-155D465F37C3}.Release|Any CPU.Build.0 = Release|Any CPU
		{7990976B-F06D-44C9-977E-155D465F37C3}.Release|x64.ActiveCfg = Release|Any CPU
		{7990976B-F06D-44C9-977E-155D465F37C3}.Release|x64.Build.0 = Release|Any CPU
		{7990976B-F06D-44C9-977E-155D465F37C3}.Release|x86.ActiveCfg = Release|Any CPU
		{7990976B-F06D-44C9-977E-155D465F37C3}.Release|x86.Build.0 = Release|Any CPU
		{4C6DEDB5-9098-4222-BBEC-6B5181B32F7B}.Debug|Any CPU.ActiveCfg = Debug|Any CPU
		{4C6DEDB5-9098-4222-BBEC-6B5181B32F7B}.Debug|Any CPU.Build.0 = Debug|Any CPU
		{4C6DEDB5-9098-4222-BBEC-6B5181B32F7B}.Debug|x64.ActiveCfg = Debug|Any CPU
		{4C6DEDB5-9098-4222-BBEC-6B5181B32F7B}.Debug|x64.Build.0 = Debug|Any CPU
		{4C6DEDB5-9098-4222-BBEC-6B5181B32F7B}.Debug|x86.ActiveCfg = Debug|Any CPU
		{4C6DEDB5-9098-4222-BBEC-6B5181B32F7B}.Debug|x86.Build.0 = Debug|Any CPU
		{4C6DEDB5-9098-4222-BBEC-6B5181B32F7B}.Release|Any CPU.ActiveCfg = Release|Any CPU
		{4C6DEDB5-9098-4222-BBEC-6B5181B32F7B}.Release|Any CPU.Build.0 = Release|Any CPU
		{4C6DEDB5-9098-4222-BBEC-6B5181B32F7B}.Release|x64.ActiveCfg = Release|Any CPU
		{4C6DEDB5-9098-4222-BBEC-6B5181B32F7B}.Release|x64.Build.0 = Release|Any CPU
		{4C6DEDB5-9098-4222-BBEC-6B5181B32F7B}.Release|x86.ActiveCfg = Release|Any CPU
		{4C6DEDB5-9098-4222-BBEC-6B5181B32F7B}.Release|x86.Build.0 = Release|Any CPU
		{A5E59AD0-3AC4-49D9-8A86-A6051BA3267B}.Debug|Any CPU.ActiveCfg = Debug|Any CPU
		{A5E59AD0-3AC4-49D9-8A86-A6051BA3267B}.Debug|Any CPU.Build.0 = Debug|Any CPU
		{A5E59AD0-3AC4-49D9-8A86-A6051BA3267B}.Debug|x64.ActiveCfg = Debug|Any CPU
		{A5E59AD0-3AC4-49D9-8A86-A6051BA3267B}.Debug|x64.Build.0 = Debug|Any CPU
		{A5E59AD0-3AC4-49D9-8A86-A6051BA3267B}.Debug|x86.ActiveCfg = Debug|Any CPU
		{A5E59AD0-3AC4-49D9-8A86-A6051BA3267B}.Debug|x86.Build.0 = Debug|Any CPU
		{A5E59AD0-3AC4-49D9-8A86-A6051BA3267B}.Release|Any CPU.ActiveCfg = Release|Any CPU
		{A5E59AD0-3AC4-49D9-8A86-A6051BA3267B}.Release|Any CPU.Build.0 = Release|Any CPU
		{A5E59AD0-3AC4-49D9-8A86-A6051BA3267B}.Release|x64.ActiveCfg = Release|Any CPU
		{A5E59AD0-3AC4-49D9-8A86-A6051BA3267B}.Release|x64.Build.0 = Release|Any CPU
		{A5E59AD0-3AC4-49D9-8A86-A6051BA3267B}.Release|x86.ActiveCfg = Release|Any CPU
		{A5E59AD0-3AC4-49D9-8A86-A6051BA3267B}.Release|x86.Build.0 = Release|Any CPU
		{23FA8350-599F-4711-9EC8-F86A4496F32C}.Debug|Any CPU.ActiveCfg = Debug|Any CPU
		{23FA8350-599F-4711-9EC8-F86A4496F32C}.Debug|Any CPU.Build.0 = Debug|Any CPU
		{23FA8350-599F-4711-9EC8-F86A4496F32C}.Debug|x64.ActiveCfg = Debug|Any CPU
		{23FA8350-599F-4711-9EC8-F86A4496F32C}.Debug|x64.Build.0 = Debug|Any CPU
		{23FA8350-599F-4711-9EC8-F86A4496F32C}.Debug|x86.ActiveCfg = Debug|Any CPU
		{23FA8350-599F-4711-9EC8-F86A4496F32C}.Debug|x86.Build.0 = Debug|Any CPU
		{23FA8350-599F-4711-9EC8-F86A4496F32C}.Release|Any CPU.ActiveCfg = Release|Any CPU
		{23FA8350-599F-4711-9EC8-F86A4496F32C}.Release|Any CPU.Build.0 = Release|Any CPU
		{23FA8350-599F-4711-9EC8-F86A4496F32C}.Release|x64.ActiveCfg = Release|Any CPU
		{23FA8350-599F-4711-9EC8-F86A4496F32C}.Release|x64.Build.0 = Release|Any CPU
		{23FA8350-599F-4711-9EC8-F86A4496F32C}.Release|x86.ActiveCfg = Release|Any CPU
		{23FA8350-599F-4711-9EC8-F86A4496F32C}.Release|x86.Build.0 = Release|Any CPU
		{F5BF663E-CA5A-49F5-9734-AF131F42FAFF}.Debug|Any CPU.ActiveCfg = Debug|Any CPU
		{F5BF663E-CA5A-49F5-9734-AF131F42FAFF}.Debug|Any CPU.Build.0 = Debug|Any CPU
		{F5BF663E-CA5A-49F5-9734-AF131F42FAFF}.Debug|x64.ActiveCfg = Debug|Any CPU
		{F5BF663E-CA5A-49F5-9734-AF131F42FAFF}.Debug|x64.Build.0 = Debug|Any CPU
		{F5BF663E-CA5A-49F5-9734-AF131F42FAFF}.Debug|x86.ActiveCfg = Debug|Any CPU
		{F5BF663E-CA5A-49F5-9734-AF131F42FAFF}.Debug|x86.Build.0 = Debug|Any CPU
		{F5BF663E-CA5A-49F5-9734-AF131F42FAFF}.Release|Any CPU.ActiveCfg = Release|Any CPU
		{F5BF663E-CA5A-49F5-9734-AF131F42FAFF}.Release|Any CPU.Build.0 = Release|Any CPU
		{F5BF663E-CA5A-49F5-9734-AF131F42FAFF}.Release|x64.ActiveCfg = Release|Any CPU
		{F5BF663E-CA5A-49F5-9734-AF131F42FAFF}.Release|x64.Build.0 = Release|Any CPU
		{F5BF663E-CA5A-49F5-9734-AF131F42FAFF}.Release|x86.ActiveCfg = Release|Any CPU
		{F5BF663E-CA5A-49F5-9734-AF131F42FAFF}.Release|x86.Build.0 = Release|Any CPU
		{42925572-A9BF-4ECE-9FBA-1E5F2A5EF441}.Debug|Any CPU.ActiveCfg = Debug|Any CPU
		{42925572-A9BF-4ECE-9FBA-1E5F2A5EF441}.Debug|Any CPU.Build.0 = Debug|Any CPU
		{42925572-A9BF-4ECE-9FBA-1E5F2A5EF441}.Debug|x64.ActiveCfg = Debug|Any CPU
		{42925572-A9BF-4ECE-9FBA-1E5F2A5EF441}.Debug|x64.Build.0 = Debug|Any CPU
		{42925572-A9BF-4ECE-9FBA-1E5F2A5EF441}.Debug|x86.ActiveCfg = Debug|Any CPU
		{42925572-A9BF-4ECE-9FBA-1E5F2A5EF441}.Debug|x86.Build.0 = Debug|Any CPU
		{42925572-A9BF-4ECE-9FBA-1E5F2A5EF441}.Release|Any CPU.ActiveCfg = Release|Any CPU
		{42925572-A9BF-4ECE-9FBA-1E5F2A5EF441}.Release|Any CPU.Build.0 = Release|Any CPU
		{42925572-A9BF-4ECE-9FBA-1E5F2A5EF441}.Release|x64.ActiveCfg = Release|Any CPU
		{42925572-A9BF-4ECE-9FBA-1E5F2A5EF441}.Release|x64.Build.0 = Release|Any CPU
		{42925572-A9BF-4ECE-9FBA-1E5F2A5EF441}.Release|x86.ActiveCfg = Release|Any CPU
		{42925572-A9BF-4ECE-9FBA-1E5F2A5EF441}.Release|x86.Build.0 = Release|Any CPU
		{CCBB3485-CC70-49F1-90C1-5E4033B91FFA}.Debug|Any CPU.ActiveCfg = Debug|Any CPU
		{CCBB3485-CC70-49F1-90C1-5E4033B91FFA}.Debug|Any CPU.Build.0 = Debug|Any CPU
		{CCBB3485-CC70-49F1-90C1-5E4033B91FFA}.Debug|x64.ActiveCfg = Debug|Any CPU
		{CCBB3485-CC70-49F1-90C1-5E4033B91FFA}.Debug|x64.Build.0 = Debug|Any CPU
		{CCBB3485-CC70-49F1-90C1-5E4033B91FFA}.Debug|x86.ActiveCfg = Debug|Any CPU
		{CCBB3485-CC70-49F1-90C1-5E4033B91FFA}.Debug|x86.Build.0 = Debug|Any CPU
		{CCBB3485-CC70-49F1-90C1-5E4033B91FFA}.Release|Any CPU.ActiveCfg = Release|Any CPU
		{CCBB3485-CC70-49F1-90C1-5E4033B91FFA}.Release|Any CPU.Build.0 = Release|Any CPU
		{CCBB3485-CC70-49F1-90C1-5E4033B91FFA}.Release|x64.ActiveCfg = Release|Any CPU
		{CCBB3485-CC70-49F1-90C1-5E4033B91FFA}.Release|x64.Build.0 = Release|Any CPU
		{CCBB3485-CC70-49F1-90C1-5E4033B91FFA}.Release|x86.ActiveCfg = Release|Any CPU
		{CCBB3485-CC70-49F1-90C1-5E4033B91FFA}.Release|x86.Build.0 = Release|Any CPU
		{721BF055-C31F-498C-9213-C52B21659ABF}.Debug|Any CPU.ActiveCfg = Debug|Any CPU
		{721BF055-C31F-498C-9213-C52B21659ABF}.Debug|Any CPU.Build.0 = Debug|Any CPU
		{721BF055-C31F-498C-9213-C52B21659ABF}.Debug|x64.ActiveCfg = Debug|Any CPU
		{721BF055-C31F-498C-9213-C52B21659ABF}.Debug|x64.Build.0 = Debug|Any CPU
		{721BF055-C31F-498C-9213-C52B21659ABF}.Debug|x86.ActiveCfg = Debug|Any CPU
		{721BF055-C31F-498C-9213-C52B21659ABF}.Debug|x86.Build.0 = Debug|Any CPU
		{721BF055-C31F-498C-9213-C52B21659ABF}.Release|Any CPU.ActiveCfg = Release|Any CPU
		{721BF055-C31F-498C-9213-C52B21659ABF}.Release|Any CPU.Build.0 = Release|Any CPU
		{721BF055-C31F-498C-9213-C52B21659ABF}.Release|x64.ActiveCfg = Release|Any CPU
		{721BF055-C31F-498C-9213-C52B21659ABF}.Release|x64.Build.0 = Release|Any CPU
		{721BF055-C31F-498C-9213-C52B21659ABF}.Release|x86.ActiveCfg = Release|Any CPU
		{721BF055-C31F-498C-9213-C52B21659ABF}.Release|x86.Build.0 = Release|Any CPU
		{30F2447E-F729-4160-8901-5989177BFA75}.Debug|Any CPU.ActiveCfg = Debug|Any CPU
		{30F2447E-F729-4160-8901-5989177BFA75}.Debug|Any CPU.Build.0 = Debug|Any CPU
		{30F2447E-F729-4160-8901-5989177BFA75}.Debug|x64.ActiveCfg = Debug|Any CPU
		{30F2447E-F729-4160-8901-5989177BFA75}.Debug|x64.Build.0 = Debug|Any CPU
		{30F2447E-F729-4160-8901-5989177BFA75}.Debug|x86.ActiveCfg = Debug|Any CPU
		{30F2447E-F729-4160-8901-5989177BFA75}.Debug|x86.Build.0 = Debug|Any CPU
		{30F2447E-F729-4160-8901-5989177BFA75}.Release|Any CPU.ActiveCfg = Release|Any CPU
		{30F2447E-F729-4160-8901-5989177BFA75}.Release|Any CPU.Build.0 = Release|Any CPU
		{30F2447E-F729-4160-8901-5989177BFA75}.Release|x64.ActiveCfg = Release|Any CPU
		{30F2447E-F729-4160-8901-5989177BFA75}.Release|x64.Build.0 = Release|Any CPU
		{30F2447E-F729-4160-8901-5989177BFA75}.Release|x86.ActiveCfg = Release|Any CPU
		{30F2447E-F729-4160-8901-5989177BFA75}.Release|x86.Build.0 = Release|Any CPU
		{F17B8CA8-B022-4669-AEC3-D234BC63D7CD}.Debug|Any CPU.ActiveCfg = Debug|Any CPU
		{F17B8CA8-B022-4669-AEC3-D234BC63D7CD}.Debug|Any CPU.Build.0 = Debug|Any CPU
		{F17B8CA8-B022-4669-AEC3-D234BC63D7CD}.Debug|x64.ActiveCfg = Debug|Any CPU
		{F17B8CA8-B022-4669-AEC3-D234BC63D7CD}.Debug|x64.Build.0 = Debug|Any CPU
		{F17B8CA8-B022-4669-AEC3-D234BC63D7CD}.Debug|x86.ActiveCfg = Debug|Any CPU
		{F17B8CA8-B022-4669-AEC3-D234BC63D7CD}.Debug|x86.Build.0 = Debug|Any CPU
		{F17B8CA8-B022-4669-AEC3-D234BC63D7CD}.Release|Any CPU.ActiveCfg = Release|Any CPU
		{F17B8CA8-B022-4669-AEC3-D234BC63D7CD}.Release|Any CPU.Build.0 = Release|Any CPU
		{F17B8CA8-B022-4669-AEC3-D234BC63D7CD}.Release|x64.ActiveCfg = Release|Any CPU
		{F17B8CA8-B022-4669-AEC3-D234BC63D7CD}.Release|x64.Build.0 = Release|Any CPU
		{F17B8CA8-B022-4669-AEC3-D234BC63D7CD}.Release|x86.ActiveCfg = Release|Any CPU
		{F17B8CA8-B022-4669-AEC3-D234BC63D7CD}.Release|x86.Build.0 = Release|Any CPU
		{5B1519A1-402E-4A83-BDC2-19E077B9C932}.Debug|Any CPU.ActiveCfg = Debug|Any CPU
		{5B1519A1-402E-4A83-BDC2-19E077B9C932}.Debug|Any CPU.Build.0 = Debug|Any CPU
		{5B1519A1-402E-4A83-BDC2-19E077B9C932}.Debug|x64.ActiveCfg = Debug|Any CPU
		{5B1519A1-402E-4A83-BDC2-19E077B9C932}.Debug|x64.Build.0 = Debug|Any CPU
		{5B1519A1-402E-4A83-BDC2-19E077B9C932}.Debug|x86.ActiveCfg = Debug|Any CPU
		{5B1519A1-402E-4A83-BDC2-19E077B9C932}.Debug|x86.Build.0 = Debug|Any CPU
		{5B1519A1-402E-4A83-BDC2-19E077B9C932}.Release|Any CPU.ActiveCfg = Release|Any CPU
		{5B1519A1-402E-4A83-BDC2-19E077B9C932}.Release|Any CPU.Build.0 = Release|Any CPU
		{5B1519A1-402E-4A83-BDC2-19E077B9C932}.Release|x64.ActiveCfg = Release|Any CPU
		{5B1519A1-402E-4A83-BDC2-19E077B9C932}.Release|x64.Build.0 = Release|Any CPU
		{5B1519A1-402E-4A83-BDC2-19E077B9C932}.Release|x86.ActiveCfg = Release|Any CPU
		{5B1519A1-402E-4A83-BDC2-19E077B9C932}.Release|x86.Build.0 = Release|Any CPU
		{647E090A-92C2-4122-8851-E96BE2C670C9}.Debug|Any CPU.ActiveCfg = Debug|Any CPU
		{647E090A-92C2-4122-8851-E96BE2C670C9}.Debug|Any CPU.Build.0 = Debug|Any CPU
		{647E090A-92C2-4122-8851-E96BE2C670C9}.Debug|x64.ActiveCfg = Debug|Any CPU
		{647E090A-92C2-4122-8851-E96BE2C670C9}.Debug|x64.Build.0 = Debug|Any CPU
		{647E090A-92C2-4122-8851-E96BE2C670C9}.Debug|x86.ActiveCfg = Debug|Any CPU
		{647E090A-92C2-4122-8851-E96BE2C670C9}.Debug|x86.Build.0 = Debug|Any CPU
		{647E090A-92C2-4122-8851-E96BE2C670C9}.Release|Any CPU.ActiveCfg = Release|Any CPU
		{647E090A-92C2-4122-8851-E96BE2C670C9}.Release|Any CPU.Build.0 = Release|Any CPU
		{647E090A-92C2-4122-8851-E96BE2C670C9}.Release|x64.ActiveCfg = Release|Any CPU
		{647E090A-92C2-4122-8851-E96BE2C670C9}.Release|x64.Build.0 = Release|Any CPU
		{647E090A-92C2-4122-8851-E96BE2C670C9}.Release|x86.ActiveCfg = Release|Any CPU
		{647E090A-92C2-4122-8851-E96BE2C670C9}.Release|x86.Build.0 = Release|Any CPU
		{BDC8CBD0-2B3B-469F-8727-AA00C296DD3B}.Debug|Any CPU.ActiveCfg = Debug|Any CPU
		{BDC8CBD0-2B3B-469F-8727-AA00C296DD3B}.Debug|Any CPU.Build.0 = Debug|Any CPU
		{BDC8CBD0-2B3B-469F-8727-AA00C296DD3B}.Debug|x64.ActiveCfg = Debug|Any CPU
		{BDC8CBD0-2B3B-469F-8727-AA00C296DD3B}.Debug|x64.Build.0 = Debug|Any CPU
		{BDC8CBD0-2B3B-469F-8727-AA00C296DD3B}.Debug|x86.ActiveCfg = Debug|Any CPU
		{BDC8CBD0-2B3B-469F-8727-AA00C296DD3B}.Debug|x86.Build.0 = Debug|Any CPU
		{BDC8CBD0-2B3B-469F-8727-AA00C296DD3B}.Release|Any CPU.ActiveCfg = Release|Any CPU
		{BDC8CBD0-2B3B-469F-8727-AA00C296DD3B}.Release|Any CPU.Build.0 = Release|Any CPU
		{BDC8CBD0-2B3B-469F-8727-AA00C296DD3B}.Release|x64.ActiveCfg = Release|Any CPU
		{BDC8CBD0-2B3B-469F-8727-AA00C296DD3B}.Release|x64.Build.0 = Release|Any CPU
		{BDC8CBD0-2B3B-469F-8727-AA00C296DD3B}.Release|x86.ActiveCfg = Release|Any CPU
		{BDC8CBD0-2B3B-469F-8727-AA00C296DD3B}.Release|x86.Build.0 = Release|Any CPU
		{4A4002BB-E04F-485C-9CCE-034C5D8E9A18}.Debug|Any CPU.ActiveCfg = Debug|Any CPU
		{4A4002BB-E04F-485C-9CCE-034C5D8E9A18}.Debug|Any CPU.Build.0 = Debug|Any CPU
		{4A4002BB-E04F-485C-9CCE-034C5D8E9A18}.Debug|x64.ActiveCfg = Debug|Any CPU
		{4A4002BB-E04F-485C-9CCE-034C5D8E9A18}.Debug|x64.Build.0 = Debug|Any CPU
		{4A4002BB-E04F-485C-9CCE-034C5D8E9A18}.Debug|x86.ActiveCfg = Debug|Any CPU
		{4A4002BB-E04F-485C-9CCE-034C5D8E9A18}.Debug|x86.Build.0 = Debug|Any CPU
		{4A4002BB-E04F-485C-9CCE-034C5D8E9A18}.Release|Any CPU.ActiveCfg = Release|Any CPU
		{4A4002BB-E04F-485C-9CCE-034C5D8E9A18}.Release|Any CPU.Build.0 = Release|Any CPU
		{4A4002BB-E04F-485C-9CCE-034C5D8E9A18}.Release|x64.ActiveCfg = Release|Any CPU
		{4A4002BB-E04F-485C-9CCE-034C5D8E9A18}.Release|x64.Build.0 = Release|Any CPU
		{4A4002BB-E04F-485C-9CCE-034C5D8E9A18}.Release|x86.ActiveCfg = Release|Any CPU
		{4A4002BB-E04F-485C-9CCE-034C5D8E9A18}.Release|x86.Build.0 = Release|Any CPU
		{9CF1C4F9-3A87-42B6-A58D-6604C95D70EB}.Debug|Any CPU.ActiveCfg = Debug|Any CPU
		{9CF1C4F9-3A87-42B6-A58D-6604C95D70EB}.Debug|Any CPU.Build.0 = Debug|Any CPU
		{9CF1C4F9-3A87-42B6-A58D-6604C95D70EB}.Debug|x64.ActiveCfg = Debug|Any CPU
		{9CF1C4F9-3A87-42B6-A58D-6604C95D70EB}.Debug|x64.Build.0 = Debug|Any CPU
		{9CF1C4F9-3A87-42B6-A58D-6604C95D70EB}.Debug|x86.ActiveCfg = Debug|Any CPU
		{9CF1C4F9-3A87-42B6-A58D-6604C95D70EB}.Debug|x86.Build.0 = Debug|Any CPU
		{9CF1C4F9-3A87-42B6-A58D-6604C95D70EB}.Release|Any CPU.ActiveCfg = Release|Any CPU
		{9CF1C4F9-3A87-42B6-A58D-6604C95D70EB}.Release|Any CPU.Build.0 = Release|Any CPU
		{9CF1C4F9-3A87-42B6-A58D-6604C95D70EB}.Release|x64.ActiveCfg = Release|Any CPU
		{9CF1C4F9-3A87-42B6-A58D-6604C95D70EB}.Release|x64.Build.0 = Release|Any CPU
		{9CF1C4F9-3A87-42B6-A58D-6604C95D70EB}.Release|x86.ActiveCfg = Release|Any CPU
		{9CF1C4F9-3A87-42B6-A58D-6604C95D70EB}.Release|x86.Build.0 = Release|Any CPU
	EndGlobalSection

EndGlobal
