
Microsoft Visual Studio Solution File, Format Version 12.00
# Visual Studio Version 16
VisualStudioVersion = 16.0.28902.138
MinimumVisualStudioVersion = 15.0.26124.0
Project("{9A19103F-16F7-4668-BE54-9A1E7A4F7556}") = "Catalyst.TestUtils", "Catalyst.TestUtils\Catalyst.TestUtils.csproj", "{B276137D-FB34-48DB-80CF-ADA34A2D2F96}"
EndProject
Project("{9A19103F-16F7-4668-BE54-9A1E7A4F7556}") = "Catalyst.Simulator", "Catalyst.Simulator\Catalyst.Simulator.csproj", "{EC74EF99-CF2A-4F19-9BE1-0D0639F76C36}"
EndProject
Project("{9A19103F-16F7-4668-BE54-9A1E7A4F7556}") = "Catalyst.Abstractions", "Catalyst.Abstractions\Catalyst.Abstractions.csproj", "{91A5F73C-5FE6-4BF3-B437-10FA9DF785E9}"
EndProject
Project("{2150E333-8FDC-42A3-9474-1A3956D46DE8}") = "nethermind", "nethermind", "{6074E807-FBBC-41D0-9205-C7B79513D683}"
EndProject
Project("{9A19103F-16F7-4668-BE54-9A1E7A4F7556}") = "Nethermind.Evm", "..\submodules\nethermind\src\Nethermind\Nethermind.Evm\Nethermind.Evm.csproj", "{ACD92B72-7D6C-4E61-A72F-3F86B1D81486}"
EndProject
Project("{9A19103F-16F7-4668-BE54-9A1E7A4F7556}") = "Nethermind.Core", "..\submodules\nethermind\src\Nethermind\Nethermind.Core\Nethermind.Core.csproj", "{A1B92EBC-D4FF-4E5A-BAE4-6DD8AABAA3C0}"
EndProject
Project("{9A19103F-16F7-4668-BE54-9A1E7A4F7556}") = "Nethermind.Secp256k1", "..\submodules\nethermind\src\Nethermind\Nethermind.Secp256k1\Nethermind.Secp256k1.csproj", "{CEC977D9-D46F-4523-9941-99BCF6B93EFE}"
EndProject
Project("{9A19103F-16F7-4668-BE54-9A1E7A4F7556}") = "Nethermind.HashLib", "..\submodules\nethermind\src\Nethermind\Nethermind.HashLib\Nethermind.HashLib.csproj", "{9EED8D3C-F0EC-4D07-9021-5B1D8D7F11C2}"
EndProject
Project("{9A19103F-16F7-4668-BE54-9A1E7A4F7556}") = "Nethermind.Logging", "..\submodules\nethermind\src\Nethermind\Nethermind.Logging\Nethermind.Logging.csproj", "{A3386257-A47B-407B-AB5A-A2CBAF2CEDF9}"
EndProject
Project("{9A19103F-16F7-4668-BE54-9A1E7A4F7556}") = "Nethermind.Store", "..\submodules\nethermind\src\Nethermind\Nethermind.Store\Nethermind.Store.csproj", "{F5BA5ECB-3C48-4379-9204-5BA30705D801}"
EndProject
Project("{9A19103F-16F7-4668-BE54-9A1E7A4F7556}") = "Catalyst.Core.Modules.Kvm", "Catalyst.Core.Modules.Kvm\Catalyst.Core.Modules.Kvm.csproj", "{6A2D2F12-3E0F-4784-A688-56DBB50AB955}"
EndProject
Project("{9A19103F-16F7-4668-BE54-9A1E7A4F7556}") = "Catalyst.Core.Modules.Kvm.Tests", "Catalyst.Core.Modules.Kvm.Tests\Catalyst.Core.Modules.Kvm.Tests.csproj", "{6A7861F0-91CF-4BF5-B764-274E69443A11}"
EndProject
Project("{9A19103F-16F7-4668-BE54-9A1E7A4F7556}") = "Catalyst.Protocol", "Catalyst.Protocol\Catalyst.Protocol.csproj", "{E8534E32-59C1-4231-98AF-E2AD114F991A}"
EndProject
Project("{9A19103F-16F7-4668-BE54-9A1E7A4F7556}") = "Catalyst.Protocol.Tests", "Catalyst.Protocol.Tests\Catalyst.Protocol.Tests.csproj", "{A21B2A16-122E-4E72-AA74-B4FE37FC9F9E}"
EndProject
Project("{9A19103F-16F7-4668-BE54-9A1E7A4F7556}") = "Catalyst.Core.Lib", "Catalyst.Core.Lib\Catalyst.Core.Lib.csproj", "{8327FED8-4237-44AF-85F6-0B4772FDAAA5}"
EndProject
Project("{9A19103F-16F7-4668-BE54-9A1E7A4F7556}") = "Catalyst.Core.Lib.Tests", "Catalyst.Core.Lib.Tests\Catalyst.Core.Lib.Tests.csproj", "{16DA760A-6364-4FD7-8AB9-89E0613266AD}"
EndProject
Project("{9A19103F-16F7-4668-BE54-9A1E7A4F7556}") = "Catalyst.Modules.Repository.CosmosDb", "Catalyst.Modules.Repository.CosmosDb\Catalyst.Modules.Repository.CosmosDb.csproj", "{72FDC54A-17F4-4047-87CC-D11690245EAC}"
EndProject
Project("{9A19103F-16F7-4668-BE54-9A1E7A4F7556}") = "Catalyst.Core.Modules.Web3", "Catalyst.Core.Modules.Web3\Catalyst.Core.Modules.Web3.csproj", "{F666A1F0-B794-44E3-926C-2A751F508A7E}"
EndProject
Project("{9A19103F-16F7-4668-BE54-9A1E7A4F7556}") = "Catalyst.Core.Modules.Web3.Tests", "Catalyst.Core.Modules.Web3.Tests\Catalyst.Core.Modules.Web3.Tests.csproj", "{9B5B367F-4719-4B7C-B7E6-863C778009EF}"
EndProject
Project("{9A19103F-16F7-4668-BE54-9A1E7A4F7556}") = "Catalyst.Core.Modules.Mempool", "Catalyst.Core.Modules.Mempool\Catalyst.Core.Modules.Mempool.csproj", "{0D8AFAD5-37AE-4E97-BD1D-2A9396A66810}"
EndProject
Project("{9A19103F-16F7-4668-BE54-9A1E7A4F7556}") = "Catalyst.Core.Modules.Ledger", "Catalyst.Core.Modules.Ledger\Catalyst.Core.Modules.Ledger.csproj", "{F6972358-F1CB-48AA-AD13-C03EEDBBE91F}"
EndProject
Project("{9A19103F-16F7-4668-BE54-9A1E7A4F7556}") = "Catalyst.Core.Modules.Consensus", "Catalyst.Core.Modules.Consensus\Catalyst.Core.Modules.Consensus.csproj", "{C9440ABE-FDCC-4656-9C64-9B5BC594DA75}"
EndProject
Project("{9A19103F-16F7-4668-BE54-9A1E7A4F7556}") = "Catalyst.Core.Modules.Dfs", "Catalyst.Core.Modules.Dfs\Catalyst.Core.Modules.Dfs.csproj", "{2E15EFF5-A329-4035-A89F-8B442BBC24BC}"
EndProject
Project("{9A19103F-16F7-4668-BE54-9A1E7A4F7556}") = "Catalyst.Core.Modules.KeySigner", "Catalyst.Core.Modules.KeySigner\Catalyst.Core.Modules.KeySigner.csproj", "{F2E34968-96C4-425A-997D-5DAC9D508B2C}"
EndProject
Project("{9A19103F-16F7-4668-BE54-9A1E7A4F7556}") = "Catalyst.Core.Modules.Keystore", "Catalyst.Core.Modules.Keystore\Catalyst.Core.Modules.Keystore.csproj", "{E51CDF4F-CA66-4C4E-856A-E6CAAC20BC6E}"
EndProject
Project("{9A19103F-16F7-4668-BE54-9A1E7A4F7556}") = "Catalyst.Core.Modules.Consensus.Tests", "Catalyst.Core.Modules.Consensus.Tests\Catalyst.Core.Modules.Consensus.Tests.csproj", "{4C8C4A88-8F19-4F22-BB99-EB42FC2EB94D}"
EndProject
Project("{9A19103F-16F7-4668-BE54-9A1E7A4F7556}") = "Catalyst.Core.Modules.KeySigner.Tests", "Catalyst.Core.Modules.KeySigner.Tests\Catalyst.Core.Modules.KeySigner.Tests.csproj", "{7DDFB598-7D8C-4BDC-B160-3E2A21DC6511}"
EndProject
Project("{9A19103F-16F7-4668-BE54-9A1E7A4F7556}") = "Catalyst.Core.Modules.Keystore.Tests", "Catalyst.Core.Modules.Keystore.Tests\Catalyst.Core.Modules.Keystore.Tests.csproj", "{2A8B5B25-6F43-4AC1-8BE5-A428D6821C3C}"
EndProject
Project("{9A19103F-16F7-4668-BE54-9A1E7A4F7556}") = "Catalyst.Core.Modules.Mempool.Tests", "Catalyst.Core.Modules.Mempool.Tests\Catalyst.Core.Modules.Mempool.Tests.csproj", "{C1AEE18D-698F-4099-90BA-02029C99F760}"
EndProject
Project("{9A19103F-16F7-4668-BE54-9A1E7A4F7556}") = "Catalyst.Core.Modules.Ledger.Tests", "Catalyst.Core.Modules.Ledger.Tests\Catalyst.Core.Modules.Ledger.Tests.csproj", "{78454B3C-ED81-4E2D-B0FE-C0CC1A1DF19C}"
EndProject
Project("{9A19103F-16F7-4668-BE54-9A1E7A4F7556}") = "Catalyst.Core.Modules.P2P.Discovery.Hastings", "Catalyst.Core.Modules.P2P.Discovery.Hastings\Catalyst.Core.Modules.P2P.Discovery.Hastings.csproj", "{7FBB8AD2-E5C8-4AE5-B89E-735A0737EBCB}"
EndProject
Project("{9A19103F-16F7-4668-BE54-9A1E7A4F7556}") = "Catalyst.Core.Modules.P2P.Discovery.Hastings.Tests", "Catalyst.Core.Modules.P2P.Discovery.Hastings.Tests\Catalyst.Core.Modules.P2P.Discovery.Hastings.Tests.csproj", "{7594E59C-115B-40E9-806A-F0FFF42B2894}"
EndProject
Project("{9A19103F-16F7-4668-BE54-9A1E7A4F7556}") = "Catalyst.Core.Modules.Rpc.Server", "Catalyst.Core.Modules.Rpc.Server\Catalyst.Core.Modules.Rpc.Server.csproj", "{4DE47B8A-A0C3-42C4-B00B-FFC3293D169F}"
EndProject
Project("{9A19103F-16F7-4668-BE54-9A1E7A4F7556}") = "Catalyst.Core.Modules.Rpc.Server.Tests", "Catalyst.Core.Modules.Rpc.Server.Tests\Catalyst.Core.Modules.Rpc.Server.Tests.csproj", "{D46348E9-850A-4654-AD62-D82E560A0CEB}"
EndProject
Project("{9A19103F-16F7-4668-BE54-9A1E7A4F7556}") = "Catalyst.Core.Modules.Rpc.Client", "Catalyst.Core.Modules.Rpc.Client\Catalyst.Core.Modules.Rpc.Client.csproj", "{C8414D13-5083-4EC8-92FC-4790C9966C7B}"
EndProject
Project("{9A19103F-16F7-4668-BE54-9A1E7A4F7556}") = "Catalyst.Core.Modules.Rpc.Client.Tests", "Catalyst.Core.Modules.Rpc.Client.Tests\Catalyst.Core.Modules.Rpc.Client.Tests.csproj", "{93BE9DC8-E3E0-40CB-BD32-8A1170B88988}"
EndProject
Project("{9A19103F-16F7-4668-BE54-9A1E7A4F7556}") = "Catalyst.Core.Modules.Authentication", "Catalyst.Core.Modules.Authentication\Catalyst.Core.Modules.Authentication.csproj", "{67AB76B4-4AA1-4259-95CA-CC0A6735D976}"
EndProject
Project("{9A19103F-16F7-4668-BE54-9A1E7A4F7556}") = "Catalyst.Core.Modules.Authentication.Tests", "Catalyst.Core.Modules.Authentication.Tests\Catalyst.Core.Modules.Authentication.Tests.csproj", "{4E9C90D9-081D-4992-8C21-E93C44EB427C}"
EndProject
Project("{9A19103F-16F7-4668-BE54-9A1E7A4F7556}") = "Catalyst.Modules.Repository.MongoDb", "Catalyst.Modules.Repository.MongoDb\Catalyst.Modules.Repository.MongoDb.csproj", "{A84C4347-5892-49B0-8568-354E830B3D9D}"
EndProject
Project("{2150E333-8FDC-42A3-9474-1A3956D46DE8}") = "Props", "Props", "{45EAC687-ABC9-496B-B507-68AEDD4B91D5}"
	ProjectSection(SolutionItems) = preProject
		.editorconfig = .editorconfig
		Common.Packable.props = Common.Packable.props
		Common.Projects.props = Common.Projects.props
		Common.TestProjects.props = Common.TestProjects.props
		XunitTraitsRegister.cs = XunitTraitsRegister.cs
	EndProjectSection
EndProject
Project("{2150E333-8FDC-42A3-9474-1A3956D46DE8}") = "Ci", "Ci", "{29C2F736-A644-427E-B72C-FD1EE1024E27}"
	ProjectSection(SolutionItems) = preProject
		..\docfx-azure-pipeline.yml = ..\docfx-azure-pipeline.yml
		..\mssql-e2e-azure-pipelines.yml = ..\mssql-e2e-azure-pipelines.yml
		..\nuget-pre-release-azure-pipelines.yml = ..\nuget-pre-release-azure-pipelines.yml
		..\poa-azure-pipeline.yml = ..\poa-azure-pipeline.yml
		..\pr-test-suite-azure-pipelines.yml = ..\pr-test-suite-azure-pipelines.yml
	EndProjectSection
EndProject
Project("{2150E333-8FDC-42A3-9474-1A3956D46DE8}") = "Build", "Build", "{AC999877-034E-4711-AB8D-716B1CC2C4B9}"
	ProjectSection(SolutionItems) = preProject
		..\scripts\addLicenseHeader.sh = ..\scripts\addLicenseHeader.sh
	EndProjectSection
EndProject
Project("{2150E333-8FDC-42A3-9474-1A3956D46DE8}") = "Docs", "Docs", "{8FEB1C8E-EA58-451D-A8FE-2A5189D46A0E}"
	ProjectSection(SolutionItems) = preProject
		..\CONTRIBUTING.md = ..\CONTRIBUTING.md
		..\COPYING = ..\COPYING
		..\GUIDELINES.md = ..\GUIDELINES.md
		..\LICENSE = ..\LICENSE
		..\README.md = ..\README.md
		..\SECURITY.md = ..\SECURITY.md
	EndProjectSection
EndProject
Project("{9A19103F-16F7-4668-BE54-9A1E7A4F7556}") = "Catalyst.Core.Modules.Cryptography.BulletProofs", "Catalyst.Core.Modules.Cryptography.BulletProofs\Catalyst.Core.Modules.Cryptography.BulletProofs.csproj", "{E72CF774-9A2F-475C-ADA0-C061C35CEA91}"
EndProject
Project("{9A19103F-16F7-4668-BE54-9A1E7A4F7556}") = "Catalyst.Core.Modules.Cryptography.BulletProofs.Tests", "Catalyst.Core.Modules.Cryptography.BulletProofs.Tests\Catalyst.Core.Modules.Cryptography.BulletProofs.Tests.csproj", "{410FCEA3-1BEC-4BF3-A12C-34EB13FAF34B}"
EndProject
Project("{2150E333-8FDC-42A3-9474-1A3956D46DE8}") = "Cryptography.FFI.Rust", "Cryptography.FFI.Rust", "{3339A04C-D933-4712-A556-F8F1B74B9753}"
	ProjectSection(SolutionItems) = preProject
		..\submodules\Cryptography.FFI.Rust\azure-pipelines.yml = ..\submodules\Cryptography.FFI.Rust\azure-pipelines.yml
		..\submodules\Cryptography.FFI.Rust\Cargo.lock = ..\submodules\Cryptography.FFI.Rust\Cargo.lock
		..\submodules\Cryptography.FFI.Rust\Cargo.toml = ..\submodules\Cryptography.FFI.Rust\Cargo.toml
		..\submodules\Cryptography.FFI.Rust\LICENSE = ..\submodules\Cryptography.FFI.Rust\LICENSE
		..\submodules\Cryptography.FFI.Rust\README.md = ..\submodules\Cryptography.FFI.Rust\README.md
	EndProjectSection
EndProject
Project("{2150E333-8FDC-42A3-9474-1A3956D46DE8}") = "src", "src", "{AA88D78E-377B-4452-864A-C1D5DFB06854}"
	ProjectSection(SolutionItems) = preProject
		..\submodules\Cryptography.FFI.Rust\src\constants.rs = ..\submodules\Cryptography.FFI.Rust\src\constants.rs
		..\submodules\Cryptography.FFI.Rust\src\errors.rs = ..\submodules\Cryptography.FFI.Rust\src\errors.rs
		..\submodules\Cryptography.FFI.Rust\src\ffi.rs = ..\submodules\Cryptography.FFI.Rust\src\ffi.rs
		..\submodules\Cryptography.FFI.Rust\src\helpers.rs = ..\submodules\Cryptography.FFI.Rust\src\helpers.rs
		..\submodules\Cryptography.FFI.Rust\src\keys.rs = ..\submodules\Cryptography.FFI.Rust\src\keys.rs
		..\submodules\Cryptography.FFI.Rust\src\lib.rs = ..\submodules\Cryptography.FFI.Rust\src\lib.rs
		..\submodules\Cryptography.FFI.Rust\src\std_signature.rs = ..\submodules\Cryptography.FFI.Rust\src\std_signature.rs
	EndProjectSection
EndProject
Project("{2150E333-8FDC-42A3-9474-1A3956D46DE8}") = "tests", "tests", "{46B22170-3D54-43F4-9474-C9F02DEF3A14}"
	ProjectSection(SolutionItems) = preProject
		..\submodules\Cryptography.FFI.Rust\tests\integration_test.rs = ..\submodules\Cryptography.FFI.Rust\tests\integration_test.rs
	EndProjectSection
EndProject
Project("{9A19103F-16F7-4668-BE54-9A1E7A4F7556}") = "Nethermind.Dirichlet.Numerics", "..\submodules\nethermind\src\Dirichlet\Nethermind.Dirichlet.Numerics\Nethermind.Dirichlet.Numerics.csproj", "{70AF0C8D-A405-48A1-9914-7B6AAC66F1E2}"
EndProject
Project("{2150E333-8FDC-42A3-9474-1A3956D46DE8}") = "build", "build", "{BAB02934-9818-4691-91AF-8B56980C82C7}"
	ProjectSection(SolutionItems) = preProject
		..\submodules\Cryptography.FFI.Rust\build\job-compile-native.yml = ..\submodules\Cryptography.FFI.Rust\build\job-compile-native.yml
	EndProjectSection
EndProject
Project("{9A19103F-16F7-4668-BE54-9A1E7A4F7556}") = "Catalyst.Modules.POA.Consensus", "Catalyst.Modules.POA.Consensus\Catalyst.Modules.POA.Consensus.csproj", "{BCF86A5A-8BF0-43B1-9D0C-E36108BD0F8A}"
EndProject
Project("{9A19103F-16F7-4668-BE54-9A1E7A4F7556}") = "Catalyst.Modules.POA.P2P.Discovery.Consortium.Tests", "Catalyst.Modules.POA.P2P.Discovery.Consortium.Tests\Catalyst.Modules.POA.P2P.Discovery.Consortium.Tests.csproj", "{1D5BB576-6C99-4071-89EB-09BADCE09912}"
EndProject
Project("{9A19103F-16F7-4668-BE54-9A1E7A4F7556}") = "Catalyst.Modules.POA.Consensus.Tests", "Catalyst.Modules.POA.Consensus.Tests\Catalyst.Modules.POA.Consensus.Tests.csproj", "{58B03908-7E68-4F27-BF75-60B7B1866A70}"
EndProject
Project("{9A19103F-16F7-4668-BE54-9A1E7A4F7556}") = "Catalyst.Modules.POA.P2P.Discovery.Consortium", "Catalyst.Modules.POA.P2P.Discovery.Consortium\Catalyst.Modules.POA.P2P.Discovery.Consortium.csproj", "{CDB7C91F-BA03-4BA8-92B0-5EB398DCCA43}"
EndProject
Project("{9A19103F-16F7-4668-BE54-9A1E7A4F7556}") = "Catalyst.Core.Modules.Hashing", "Catalyst.Core.Modules.Hashing\Catalyst.Core.Modules.Hashing.csproj", "{719343C7-C1C1-4C23-8763-8FB493C33D66}"
EndProject
Project("{9A19103F-16F7-4668-BE54-9A1E7A4F7556}") = "Catalyst.Core.Modules.Hashing.Tests", "Catalyst.Core.Modules.Hashing.Tests\Catalyst.Core.Modules.Hashing.Tests.csproj", "{2FF077F1-E652-4D17-83D2-C766E385BA5B}"
EndProject
Project("{9A19103F-16F7-4668-BE54-9A1E7A4F7556}") = "Catalyst.Documentation", "..\docs\Catalyst.Documentation.csproj", "{9B99940D-EBFA-40CC-9522-6776C687EAB3}"
EndProject
Project("{9A19103F-16F7-4668-BE54-9A1E7A4F7556}") = "Catalyst.Tools.KeyGenerator", "Catalyst.Tools.KeyGenerator\Catalyst.Tools.KeyGenerator.csproj", "{2FEC7DC6-A6C1-4692-B5C3-1415B86DE761}"
EndProject
Project("{9A19103F-16F7-4668-BE54-9A1E7A4F7556}") = "Catalyst.Benchmark", "Catalyst.Benchmark\Catalyst.Benchmark.csproj", "{EC7C0AAF-8EC0-491C-B98E-0EC9EBBA21CE}"
EndProject
Project("{9A19103F-16F7-4668-BE54-9A1E7A4F7556}") = "Catalyst.Cli", "Catalyst.Cli\Catalyst.Cli.csproj", "{8B9E2D74-AD77-4B43-B7A5-5557428CC8C8}"
EndProject
Project("{9A19103F-16F7-4668-BE54-9A1E7A4F7556}") = "Catalyst.Cli.Tests", "Catalyst.Cli.Tests\Catalyst.Cli.Tests.csproj", "{5EEA2638-769D-4094-A417-0FE1396C1700}"
EndProject
Project("{9A19103F-16F7-4668-BE54-9A1E7A4F7556}") = "Catalyst.Node.POA.CE", "Catalyst.Node.POA.CE\Catalyst.Node.POA.CE.csproj", "{3750275D-F73D-4078-80C4-734BBD830A4E}"
EndProject
Project("{9A19103F-16F7-4668-BE54-9A1E7A4F7556}") = "Catalyst.Node.POA.CE.Tests", "Catalyst.Node.POA.CE.Tests\Catalyst.Node.POA.CE.Tests.csproj", "{36F415B5-4101-476A-9BD2-F18A5879F388}"
EndProject
Project("{9A19103F-16F7-4668-BE54-9A1E7A4F7556}") = "Catalyst.Modules.Server.Blazor", "Catalyst.Modules.Server.Blazor\Catalyst.Modules.Server.Blazor.csproj", "{A2B05AD3-06DA-46E6-8662-DD9757F547B4}"
EndProject
Project("{9A19103F-16F7-4668-BE54-9A1E7A4F7556}") = "Lib.P2P", "Lib.P2P\Lib.P2P.csproj", "{767E3E1E-43AF-4A7D-8638-84E81EB13F6E}"
EndProject
Project("{9A19103F-16F7-4668-BE54-9A1E7A4F7556}") = "Catalyst.KBucket", "Catalyst.KBucket\Catalyst.KBucket.csproj", "{F81AF4DE-30BC-48F3-B396-27087997B700}"
EndProject
Project("{9A19103F-16F7-4668-BE54-9A1E7A4F7556}") = "Catalyst.KBucket.Tests", "Catalyst.KBucket.Tests\Catalyst.KBucket.Tests.csproj", "{D6C18FBF-8D79-4817-940C-BF066E4E363A}"
EndProject
Project("{9A19103F-16F7-4668-BE54-9A1E7A4F7556}") = "Lib.P2P.Tests", "Lib.P2P.Tests\Lib.P2P.Tests.csproj", "{5BABC322-0C56-4477-978A-8EF49D7901B3}"
EndProject
Project("{9A19103F-16F7-4668-BE54-9A1E7A4F7556}") = "MultiFormats", "MultiFormats\MultiFormats.csproj", "{76AF1E5A-94AC-44C5-B968-F816CB3A9B2E}"
EndProject
Project("{9A19103F-16F7-4668-BE54-9A1E7A4F7556}") = "MultiFormats.Tests", "MultiFormats.Tests\MultiFormats.Tests.csproj", "{F6142130-599A-452E-92E9-348D0560E3E7}"
EndProject
Global
	GlobalSection(SolutionConfigurationPlatforms) = preSolution
		Debug|Any CPU = Debug|Any CPU
		Release|Any CPU = Release|Any CPU
	EndGlobalSection
	GlobalSection(ProjectConfigurationPlatforms) = postSolution
		{B276137D-FB34-48DB-80CF-ADA34A2D2F96}.Debug|Any CPU.ActiveCfg = Debug|Any CPU
		{B276137D-FB34-48DB-80CF-ADA34A2D2F96}.Debug|Any CPU.Build.0 = Debug|Any CPU
		{B276137D-FB34-48DB-80CF-ADA34A2D2F96}.Release|Any CPU.ActiveCfg = Release|Any CPU
		{B276137D-FB34-48DB-80CF-ADA34A2D2F96}.Release|Any CPU.Build.0 = Release|Any CPU
		{EC74EF99-CF2A-4F19-9BE1-0D0639F76C36}.Debug|Any CPU.ActiveCfg = Debug|Any CPU
		{EC74EF99-CF2A-4F19-9BE1-0D0639F76C36}.Debug|Any CPU.Build.0 = Debug|Any CPU
		{EC74EF99-CF2A-4F19-9BE1-0D0639F76C36}.Release|Any CPU.ActiveCfg = Release|Any CPU
		{EC74EF99-CF2A-4F19-9BE1-0D0639F76C36}.Release|Any CPU.Build.0 = Release|Any CPU
		{91A5F73C-5FE6-4BF3-B437-10FA9DF785E9}.Debug|Any CPU.ActiveCfg = Debug|Any CPU
		{91A5F73C-5FE6-4BF3-B437-10FA9DF785E9}.Debug|Any CPU.Build.0 = Debug|Any CPU
		{91A5F73C-5FE6-4BF3-B437-10FA9DF785E9}.Release|Any CPU.ActiveCfg = Release|Any CPU
		{91A5F73C-5FE6-4BF3-B437-10FA9DF785E9}.Release|Any CPU.Build.0 = Release|Any CPU
		{ACD92B72-7D6C-4E61-A72F-3F86B1D81486}.Debug|Any CPU.ActiveCfg = Debug|Any CPU
		{ACD92B72-7D6C-4E61-A72F-3F86B1D81486}.Debug|Any CPU.Build.0 = Debug|Any CPU
		{ACD92B72-7D6C-4E61-A72F-3F86B1D81486}.Release|Any CPU.ActiveCfg = Release|Any CPU
		{ACD92B72-7D6C-4E61-A72F-3F86B1D81486}.Release|Any CPU.Build.0 = Release|Any CPU
		{A1B92EBC-D4FF-4E5A-BAE4-6DD8AABAA3C0}.Debug|Any CPU.ActiveCfg = Debug|Any CPU
		{A1B92EBC-D4FF-4E5A-BAE4-6DD8AABAA3C0}.Debug|Any CPU.Build.0 = Debug|Any CPU
		{A1B92EBC-D4FF-4E5A-BAE4-6DD8AABAA3C0}.Release|Any CPU.ActiveCfg = Release|Any CPU
		{A1B92EBC-D4FF-4E5A-BAE4-6DD8AABAA3C0}.Release|Any CPU.Build.0 = Release|Any CPU
		{CEC977D9-D46F-4523-9941-99BCF6B93EFE}.Debug|Any CPU.ActiveCfg = Debug|Any CPU
		{CEC977D9-D46F-4523-9941-99BCF6B93EFE}.Debug|Any CPU.Build.0 = Debug|Any CPU
		{CEC977D9-D46F-4523-9941-99BCF6B93EFE}.Release|Any CPU.ActiveCfg = Release|Any CPU
		{CEC977D9-D46F-4523-9941-99BCF6B93EFE}.Release|Any CPU.Build.0 = Release|Any CPU
		{9EED8D3C-F0EC-4D07-9021-5B1D8D7F11C2}.Debug|Any CPU.ActiveCfg = Debug|Any CPU
		{9EED8D3C-F0EC-4D07-9021-5B1D8D7F11C2}.Debug|Any CPU.Build.0 = Debug|Any CPU
		{9EED8D3C-F0EC-4D07-9021-5B1D8D7F11C2}.Release|Any CPU.ActiveCfg = Release|Any CPU
		{9EED8D3C-F0EC-4D07-9021-5B1D8D7F11C2}.Release|Any CPU.Build.0 = Release|Any CPU
		{A3386257-A47B-407B-AB5A-A2CBAF2CEDF9}.Debug|Any CPU.ActiveCfg = Debug|Any CPU
		{A3386257-A47B-407B-AB5A-A2CBAF2CEDF9}.Debug|Any CPU.Build.0 = Debug|Any CPU
		{A3386257-A47B-407B-AB5A-A2CBAF2CEDF9}.Release|Any CPU.ActiveCfg = Release|Any CPU
		{A3386257-A47B-407B-AB5A-A2CBAF2CEDF9}.Release|Any CPU.Build.0 = Release|Any CPU
		{F5BA5ECB-3C48-4379-9204-5BA30705D801}.Debug|Any CPU.ActiveCfg = Debug|Any CPU
		{F5BA5ECB-3C48-4379-9204-5BA30705D801}.Debug|Any CPU.Build.0 = Debug|Any CPU
		{F5BA5ECB-3C48-4379-9204-5BA30705D801}.Release|Any CPU.ActiveCfg = Release|Any CPU
		{F5BA5ECB-3C48-4379-9204-5BA30705D801}.Release|Any CPU.Build.0 = Release|Any CPU
		{6A2D2F12-3E0F-4784-A688-56DBB50AB955}.Debug|Any CPU.ActiveCfg = Debug|Any CPU
		{6A2D2F12-3E0F-4784-A688-56DBB50AB955}.Debug|Any CPU.Build.0 = Debug|Any CPU
		{6A2D2F12-3E0F-4784-A688-56DBB50AB955}.Release|Any CPU.ActiveCfg = Release|Any CPU
		{6A2D2F12-3E0F-4784-A688-56DBB50AB955}.Release|Any CPU.Build.0 = Release|Any CPU
		{6A7861F0-91CF-4BF5-B764-274E69443A11}.Debug|Any CPU.ActiveCfg = Debug|Any CPU
		{6A7861F0-91CF-4BF5-B764-274E69443A11}.Debug|Any CPU.Build.0 = Debug|Any CPU
		{6A7861F0-91CF-4BF5-B764-274E69443A11}.Release|Any CPU.ActiveCfg = Release|Any CPU
		{6A7861F0-91CF-4BF5-B764-274E69443A11}.Release|Any CPU.Build.0 = Release|Any CPU
		{E8534E32-59C1-4231-98AF-E2AD114F991A}.Debug|Any CPU.ActiveCfg = Debug|Any CPU
		{E8534E32-59C1-4231-98AF-E2AD114F991A}.Debug|Any CPU.Build.0 = Debug|Any CPU
		{E8534E32-59C1-4231-98AF-E2AD114F991A}.Release|Any CPU.ActiveCfg = Release|Any CPU
		{E8534E32-59C1-4231-98AF-E2AD114F991A}.Release|Any CPU.Build.0 = Release|Any CPU
		{A21B2A16-122E-4E72-AA74-B4FE37FC9F9E}.Debug|Any CPU.ActiveCfg = Debug|Any CPU
		{A21B2A16-122E-4E72-AA74-B4FE37FC9F9E}.Debug|Any CPU.Build.0 = Debug|Any CPU
		{A21B2A16-122E-4E72-AA74-B4FE37FC9F9E}.Release|Any CPU.ActiveCfg = Release|Any CPU
		{A21B2A16-122E-4E72-AA74-B4FE37FC9F9E}.Release|Any CPU.Build.0 = Release|Any CPU
		{8327FED8-4237-44AF-85F6-0B4772FDAAA5}.Debug|Any CPU.ActiveCfg = Debug|Any CPU
		{8327FED8-4237-44AF-85F6-0B4772FDAAA5}.Debug|Any CPU.Build.0 = Debug|Any CPU
		{8327FED8-4237-44AF-85F6-0B4772FDAAA5}.Release|Any CPU.ActiveCfg = Release|Any CPU
		{8327FED8-4237-44AF-85F6-0B4772FDAAA5}.Release|Any CPU.Build.0 = Release|Any CPU
		{16DA760A-6364-4FD7-8AB9-89E0613266AD}.Debug|Any CPU.ActiveCfg = Debug|Any CPU
		{16DA760A-6364-4FD7-8AB9-89E0613266AD}.Debug|Any CPU.Build.0 = Debug|Any CPU
		{16DA760A-6364-4FD7-8AB9-89E0613266AD}.Release|Any CPU.ActiveCfg = Release|Any CPU
		{16DA760A-6364-4FD7-8AB9-89E0613266AD}.Release|Any CPU.Build.0 = Release|Any CPU
		{72FDC54A-17F4-4047-87CC-D11690245EAC}.Debug|Any CPU.ActiveCfg = Debug|Any CPU
		{72FDC54A-17F4-4047-87CC-D11690245EAC}.Debug|Any CPU.Build.0 = Debug|Any CPU
		{72FDC54A-17F4-4047-87CC-D11690245EAC}.Release|Any CPU.ActiveCfg = Release|Any CPU
		{72FDC54A-17F4-4047-87CC-D11690245EAC}.Release|Any CPU.Build.0 = Release|Any CPU
		{F666A1F0-B794-44E3-926C-2A751F508A7E}.Debug|Any CPU.ActiveCfg = Debug|Any CPU
		{F666A1F0-B794-44E3-926C-2A751F508A7E}.Debug|Any CPU.Build.0 = Debug|Any CPU
		{F666A1F0-B794-44E3-926C-2A751F508A7E}.Release|Any CPU.ActiveCfg = Release|Any CPU
		{F666A1F0-B794-44E3-926C-2A751F508A7E}.Release|Any CPU.Build.0 = Release|Any CPU
		{9B5B367F-4719-4B7C-B7E6-863C778009EF}.Debug|Any CPU.ActiveCfg = Debug|Any CPU
		{9B5B367F-4719-4B7C-B7E6-863C778009EF}.Debug|Any CPU.Build.0 = Debug|Any CPU
		{9B5B367F-4719-4B7C-B7E6-863C778009EF}.Release|Any CPU.ActiveCfg = Release|Any CPU
		{9B5B367F-4719-4B7C-B7E6-863C778009EF}.Release|Any CPU.Build.0 = Release|Any CPU
		{0D8AFAD5-37AE-4E97-BD1D-2A9396A66810}.Debug|Any CPU.ActiveCfg = Debug|Any CPU
		{0D8AFAD5-37AE-4E97-BD1D-2A9396A66810}.Debug|Any CPU.Build.0 = Debug|Any CPU
		{0D8AFAD5-37AE-4E97-BD1D-2A9396A66810}.Release|Any CPU.ActiveCfg = Release|Any CPU
		{0D8AFAD5-37AE-4E97-BD1D-2A9396A66810}.Release|Any CPU.Build.0 = Release|Any CPU
		{F6972358-F1CB-48AA-AD13-C03EEDBBE91F}.Debug|Any CPU.ActiveCfg = Debug|Any CPU
		{F6972358-F1CB-48AA-AD13-C03EEDBBE91F}.Debug|Any CPU.Build.0 = Debug|Any CPU
		{F6972358-F1CB-48AA-AD13-C03EEDBBE91F}.Release|Any CPU.ActiveCfg = Release|Any CPU
		{F6972358-F1CB-48AA-AD13-C03EEDBBE91F}.Release|Any CPU.Build.0 = Release|Any CPU
		{C9440ABE-FDCC-4656-9C64-9B5BC594DA75}.Debug|Any CPU.ActiveCfg = Debug|Any CPU
		{C9440ABE-FDCC-4656-9C64-9B5BC594DA75}.Debug|Any CPU.Build.0 = Debug|Any CPU
		{C9440ABE-FDCC-4656-9C64-9B5BC594DA75}.Release|Any CPU.ActiveCfg = Release|Any CPU
		{C9440ABE-FDCC-4656-9C64-9B5BC594DA75}.Release|Any CPU.Build.0 = Release|Any CPU
		{2E15EFF5-A329-4035-A89F-8B442BBC24BC}.Debug|Any CPU.ActiveCfg = Debug|Any CPU
		{2E15EFF5-A329-4035-A89F-8B442BBC24BC}.Debug|Any CPU.Build.0 = Debug|Any CPU
		{2E15EFF5-A329-4035-A89F-8B442BBC24BC}.Release|Any CPU.ActiveCfg = Release|Any CPU
		{2E15EFF5-A329-4035-A89F-8B442BBC24BC}.Release|Any CPU.Build.0 = Release|Any CPU
		{F2E34968-96C4-425A-997D-5DAC9D508B2C}.Debug|Any CPU.ActiveCfg = Debug|Any CPU
		{F2E34968-96C4-425A-997D-5DAC9D508B2C}.Debug|Any CPU.Build.0 = Debug|Any CPU
		{F2E34968-96C4-425A-997D-5DAC9D508B2C}.Release|Any CPU.ActiveCfg = Release|Any CPU
		{F2E34968-96C4-425A-997D-5DAC9D508B2C}.Release|Any CPU.Build.0 = Release|Any CPU
		{E51CDF4F-CA66-4C4E-856A-E6CAAC20BC6E}.Debug|Any CPU.ActiveCfg = Debug|Any CPU
		{E51CDF4F-CA66-4C4E-856A-E6CAAC20BC6E}.Debug|Any CPU.Build.0 = Debug|Any CPU
		{E51CDF4F-CA66-4C4E-856A-E6CAAC20BC6E}.Release|Any CPU.ActiveCfg = Release|Any CPU
		{E51CDF4F-CA66-4C4E-856A-E6CAAC20BC6E}.Release|Any CPU.Build.0 = Release|Any CPU
		{4C8C4A88-8F19-4F22-BB99-EB42FC2EB94D}.Debug|Any CPU.ActiveCfg = Debug|Any CPU
		{4C8C4A88-8F19-4F22-BB99-EB42FC2EB94D}.Debug|Any CPU.Build.0 = Debug|Any CPU
		{4C8C4A88-8F19-4F22-BB99-EB42FC2EB94D}.Release|Any CPU.ActiveCfg = Release|Any CPU
		{4C8C4A88-8F19-4F22-BB99-EB42FC2EB94D}.Release|Any CPU.Build.0 = Release|Any CPU
		{7DDFB598-7D8C-4BDC-B160-3E2A21DC6511}.Debug|Any CPU.ActiveCfg = Debug|Any CPU
		{7DDFB598-7D8C-4BDC-B160-3E2A21DC6511}.Debug|Any CPU.Build.0 = Debug|Any CPU
		{7DDFB598-7D8C-4BDC-B160-3E2A21DC6511}.Release|Any CPU.ActiveCfg = Release|Any CPU
		{7DDFB598-7D8C-4BDC-B160-3E2A21DC6511}.Release|Any CPU.Build.0 = Release|Any CPU
		{2A8B5B25-6F43-4AC1-8BE5-A428D6821C3C}.Debug|Any CPU.ActiveCfg = Debug|Any CPU
		{2A8B5B25-6F43-4AC1-8BE5-A428D6821C3C}.Debug|Any CPU.Build.0 = Debug|Any CPU
		{2A8B5B25-6F43-4AC1-8BE5-A428D6821C3C}.Release|Any CPU.ActiveCfg = Release|Any CPU
		{2A8B5B25-6F43-4AC1-8BE5-A428D6821C3C}.Release|Any CPU.Build.0 = Release|Any CPU
		{C1AEE18D-698F-4099-90BA-02029C99F760}.Debug|Any CPU.ActiveCfg = Debug|Any CPU
		{C1AEE18D-698F-4099-90BA-02029C99F760}.Debug|Any CPU.Build.0 = Debug|Any CPU
		{C1AEE18D-698F-4099-90BA-02029C99F760}.Release|Any CPU.ActiveCfg = Release|Any CPU
		{C1AEE18D-698F-4099-90BA-02029C99F760}.Release|Any CPU.Build.0 = Release|Any CPU
		{78454B3C-ED81-4E2D-B0FE-C0CC1A1DF19C}.Debug|Any CPU.ActiveCfg = Debug|Any CPU
		{78454B3C-ED81-4E2D-B0FE-C0CC1A1DF19C}.Debug|Any CPU.Build.0 = Debug|Any CPU
		{78454B3C-ED81-4E2D-B0FE-C0CC1A1DF19C}.Release|Any CPU.ActiveCfg = Release|Any CPU
		{78454B3C-ED81-4E2D-B0FE-C0CC1A1DF19C}.Release|Any CPU.Build.0 = Release|Any CPU
		{7FBB8AD2-E5C8-4AE5-B89E-735A0737EBCB}.Debug|Any CPU.ActiveCfg = Debug|Any CPU
		{7FBB8AD2-E5C8-4AE5-B89E-735A0737EBCB}.Debug|Any CPU.Build.0 = Debug|Any CPU
		{7FBB8AD2-E5C8-4AE5-B89E-735A0737EBCB}.Release|Any CPU.ActiveCfg = Release|Any CPU
		{7FBB8AD2-E5C8-4AE5-B89E-735A0737EBCB}.Release|Any CPU.Build.0 = Release|Any CPU
		{7594E59C-115B-40E9-806A-F0FFF42B2894}.Debug|Any CPU.ActiveCfg = Debug|Any CPU
		{7594E59C-115B-40E9-806A-F0FFF42B2894}.Debug|Any CPU.Build.0 = Debug|Any CPU
		{7594E59C-115B-40E9-806A-F0FFF42B2894}.Release|Any CPU.ActiveCfg = Release|Any CPU
		{7594E59C-115B-40E9-806A-F0FFF42B2894}.Release|Any CPU.Build.0 = Release|Any CPU
		{4DE47B8A-A0C3-42C4-B00B-FFC3293D169F}.Debug|Any CPU.ActiveCfg = Debug|Any CPU
		{4DE47B8A-A0C3-42C4-B00B-FFC3293D169F}.Debug|Any CPU.Build.0 = Debug|Any CPU
		{4DE47B8A-A0C3-42C4-B00B-FFC3293D169F}.Release|Any CPU.ActiveCfg = Release|Any CPU
		{4DE47B8A-A0C3-42C4-B00B-FFC3293D169F}.Release|Any CPU.Build.0 = Release|Any CPU
		{D46348E9-850A-4654-AD62-D82E560A0CEB}.Debug|Any CPU.ActiveCfg = Debug|Any CPU
		{D46348E9-850A-4654-AD62-D82E560A0CEB}.Debug|Any CPU.Build.0 = Debug|Any CPU
		{D46348E9-850A-4654-AD62-D82E560A0CEB}.Release|Any CPU.ActiveCfg = Release|Any CPU
		{D46348E9-850A-4654-AD62-D82E560A0CEB}.Release|Any CPU.Build.0 = Release|Any CPU
		{C8414D13-5083-4EC8-92FC-4790C9966C7B}.Debug|Any CPU.ActiveCfg = Debug|Any CPU
		{C8414D13-5083-4EC8-92FC-4790C9966C7B}.Debug|Any CPU.Build.0 = Debug|Any CPU
		{C8414D13-5083-4EC8-92FC-4790C9966C7B}.Release|Any CPU.ActiveCfg = Release|Any CPU
		{C8414D13-5083-4EC8-92FC-4790C9966C7B}.Release|Any CPU.Build.0 = Release|Any CPU
		{93BE9DC8-E3E0-40CB-BD32-8A1170B88988}.Debug|Any CPU.ActiveCfg = Debug|Any CPU
		{93BE9DC8-E3E0-40CB-BD32-8A1170B88988}.Debug|Any CPU.Build.0 = Debug|Any CPU
		{93BE9DC8-E3E0-40CB-BD32-8A1170B88988}.Release|Any CPU.ActiveCfg = Release|Any CPU
		{93BE9DC8-E3E0-40CB-BD32-8A1170B88988}.Release|Any CPU.Build.0 = Release|Any CPU
		{67AB76B4-4AA1-4259-95CA-CC0A6735D976}.Debug|Any CPU.ActiveCfg = Debug|Any CPU
		{67AB76B4-4AA1-4259-95CA-CC0A6735D976}.Debug|Any CPU.Build.0 = Debug|Any CPU
		{67AB76B4-4AA1-4259-95CA-CC0A6735D976}.Release|Any CPU.ActiveCfg = Release|Any CPU
		{67AB76B4-4AA1-4259-95CA-CC0A6735D976}.Release|Any CPU.Build.0 = Release|Any CPU
		{4E9C90D9-081D-4992-8C21-E93C44EB427C}.Debug|Any CPU.ActiveCfg = Debug|Any CPU
		{4E9C90D9-081D-4992-8C21-E93C44EB427C}.Debug|Any CPU.Build.0 = Debug|Any CPU
		{4E9C90D9-081D-4992-8C21-E93C44EB427C}.Release|Any CPU.ActiveCfg = Release|Any CPU
		{4E9C90D9-081D-4992-8C21-E93C44EB427C}.Release|Any CPU.Build.0 = Release|Any CPU
		{A84C4347-5892-49B0-8568-354E830B3D9D}.Debug|Any CPU.ActiveCfg = Debug|Any CPU
		{A84C4347-5892-49B0-8568-354E830B3D9D}.Debug|Any CPU.Build.0 = Debug|Any CPU
		{A84C4347-5892-49B0-8568-354E830B3D9D}.Release|Any CPU.ActiveCfg = Release|Any CPU
		{A84C4347-5892-49B0-8568-354E830B3D9D}.Release|Any CPU.Build.0 = Release|Any CPU
		{E72CF774-9A2F-475C-ADA0-C061C35CEA91}.Debug|Any CPU.ActiveCfg = Debug|Any CPU
		{E72CF774-9A2F-475C-ADA0-C061C35CEA91}.Debug|Any CPU.Build.0 = Debug|Any CPU
		{E72CF774-9A2F-475C-ADA0-C061C35CEA91}.Release|Any CPU.ActiveCfg = Release|Any CPU
		{E72CF774-9A2F-475C-ADA0-C061C35CEA91}.Release|Any CPU.Build.0 = Release|Any CPU
		{410FCEA3-1BEC-4BF3-A12C-34EB13FAF34B}.Debug|Any CPU.ActiveCfg = Debug|Any CPU
		{410FCEA3-1BEC-4BF3-A12C-34EB13FAF34B}.Debug|Any CPU.Build.0 = Debug|Any CPU
		{410FCEA3-1BEC-4BF3-A12C-34EB13FAF34B}.Release|Any CPU.ActiveCfg = Release|Any CPU
		{410FCEA3-1BEC-4BF3-A12C-34EB13FAF34B}.Release|Any CPU.Build.0 = Release|Any CPU
		{70AF0C8D-A405-48A1-9914-7B6AAC66F1E2}.Debug|Any CPU.ActiveCfg = Debug|Any CPU
		{70AF0C8D-A405-48A1-9914-7B6AAC66F1E2}.Debug|Any CPU.Build.0 = Debug|Any CPU
		{70AF0C8D-A405-48A1-9914-7B6AAC66F1E2}.Release|Any CPU.ActiveCfg = Release|Any CPU
		{70AF0C8D-A405-48A1-9914-7B6AAC66F1E2}.Release|Any CPU.Build.0 = Release|Any CPU
		{BCF86A5A-8BF0-43B1-9D0C-E36108BD0F8A}.Debug|Any CPU.ActiveCfg = Debug|Any CPU
		{BCF86A5A-8BF0-43B1-9D0C-E36108BD0F8A}.Debug|Any CPU.Build.0 = Debug|Any CPU
		{BCF86A5A-8BF0-43B1-9D0C-E36108BD0F8A}.Release|Any CPU.ActiveCfg = Release|Any CPU
		{BCF86A5A-8BF0-43B1-9D0C-E36108BD0F8A}.Release|Any CPU.Build.0 = Release|Any CPU
		{1D5BB576-6C99-4071-89EB-09BADCE09912}.Debug|Any CPU.ActiveCfg = Debug|Any CPU
		{1D5BB576-6C99-4071-89EB-09BADCE09912}.Debug|Any CPU.Build.0 = Debug|Any CPU
		{1D5BB576-6C99-4071-89EB-09BADCE09912}.Release|Any CPU.ActiveCfg = Release|Any CPU
		{1D5BB576-6C99-4071-89EB-09BADCE09912}.Release|Any CPU.Build.0 = Release|Any CPU
		{58B03908-7E68-4F27-BF75-60B7B1866A70}.Debug|Any CPU.ActiveCfg = Debug|Any CPU
		{58B03908-7E68-4F27-BF75-60B7B1866A70}.Debug|Any CPU.Build.0 = Debug|Any CPU
		{58B03908-7E68-4F27-BF75-60B7B1866A70}.Release|Any CPU.ActiveCfg = Release|Any CPU
		{58B03908-7E68-4F27-BF75-60B7B1866A70}.Release|Any CPU.Build.0 = Release|Any CPU
		{CDB7C91F-BA03-4BA8-92B0-5EB398DCCA43}.Debug|Any CPU.ActiveCfg = Debug|Any CPU
		{CDB7C91F-BA03-4BA8-92B0-5EB398DCCA43}.Debug|Any CPU.Build.0 = Debug|Any CPU
		{CDB7C91F-BA03-4BA8-92B0-5EB398DCCA43}.Release|Any CPU.ActiveCfg = Release|Any CPU
		{CDB7C91F-BA03-4BA8-92B0-5EB398DCCA43}.Release|Any CPU.Build.0 = Release|Any CPU
		{719343C7-C1C1-4C23-8763-8FB493C33D66}.Debug|Any CPU.ActiveCfg = Debug|Any CPU
		{719343C7-C1C1-4C23-8763-8FB493C33D66}.Debug|Any CPU.Build.0 = Debug|Any CPU
		{719343C7-C1C1-4C23-8763-8FB493C33D66}.Release|Any CPU.ActiveCfg = Release|Any CPU
		{719343C7-C1C1-4C23-8763-8FB493C33D66}.Release|Any CPU.Build.0 = Release|Any CPU
		{2FF077F1-E652-4D17-83D2-C766E385BA5B}.Debug|Any CPU.ActiveCfg = Debug|Any CPU
		{2FF077F1-E652-4D17-83D2-C766E385BA5B}.Debug|Any CPU.Build.0 = Debug|Any CPU
		{2FF077F1-E652-4D17-83D2-C766E385BA5B}.Release|Any CPU.ActiveCfg = Release|Any CPU
		{2FF077F1-E652-4D17-83D2-C766E385BA5B}.Release|Any CPU.Build.0 = Release|Any CPU
		{9B99940D-EBFA-40CC-9522-6776C687EAB3}.Debug|Any CPU.ActiveCfg = Debug|Any CPU
		{9B99940D-EBFA-40CC-9522-6776C687EAB3}.Debug|Any CPU.Build.0 = Debug|Any CPU
		{9B99940D-EBFA-40CC-9522-6776C687EAB3}.Release|Any CPU.ActiveCfg = Release|Any CPU
		{9B99940D-EBFA-40CC-9522-6776C687EAB3}.Release|Any CPU.Build.0 = Release|Any CPU
		{2FEC7DC6-A6C1-4692-B5C3-1415B86DE761}.Debug|Any CPU.ActiveCfg = Debug|Any CPU
		{2FEC7DC6-A6C1-4692-B5C3-1415B86DE761}.Debug|Any CPU.Build.0 = Debug|Any CPU
		{2FEC7DC6-A6C1-4692-B5C3-1415B86DE761}.Release|Any CPU.ActiveCfg = Release|Any CPU
		{2FEC7DC6-A6C1-4692-B5C3-1415B86DE761}.Release|Any CPU.Build.0 = Release|Any CPU
		{EC7C0AAF-8EC0-491C-B98E-0EC9EBBA21CE}.Debug|Any CPU.ActiveCfg = Debug|Any CPU
		{EC7C0AAF-8EC0-491C-B98E-0EC9EBBA21CE}.Debug|Any CPU.Build.0 = Debug|Any CPU
		{EC7C0AAF-8EC0-491C-B98E-0EC9EBBA21CE}.Release|Any CPU.ActiveCfg = Release|Any CPU
		{EC7C0AAF-8EC0-491C-B98E-0EC9EBBA21CE}.Release|Any CPU.Build.0 = Release|Any CPU
		{8B9E2D74-AD77-4B43-B7A5-5557428CC8C8}.Debug|Any CPU.ActiveCfg = Debug|Any CPU
		{8B9E2D74-AD77-4B43-B7A5-5557428CC8C8}.Debug|Any CPU.Build.0 = Debug|Any CPU
		{8B9E2D74-AD77-4B43-B7A5-5557428CC8C8}.Release|Any CPU.ActiveCfg = Release|Any CPU
		{8B9E2D74-AD77-4B43-B7A5-5557428CC8C8}.Release|Any CPU.Build.0 = Release|Any CPU
		{5EEA2638-769D-4094-A417-0FE1396C1700}.Debug|Any CPU.ActiveCfg = Debug|Any CPU
		{5EEA2638-769D-4094-A417-0FE1396C1700}.Debug|Any CPU.Build.0 = Debug|Any CPU
		{5EEA2638-769D-4094-A417-0FE1396C1700}.Release|Any CPU.ActiveCfg = Release|Any CPU
		{5EEA2638-769D-4094-A417-0FE1396C1700}.Release|Any CPU.Build.0 = Release|Any CPU
		{3750275D-F73D-4078-80C4-734BBD830A4E}.Debug|Any CPU.ActiveCfg = Debug|Any CPU
		{3750275D-F73D-4078-80C4-734BBD830A4E}.Debug|Any CPU.Build.0 = Debug|Any CPU
		{3750275D-F73D-4078-80C4-734BBD830A4E}.Release|Any CPU.ActiveCfg = Release|Any CPU
		{3750275D-F73D-4078-80C4-734BBD830A4E}.Release|Any CPU.Build.0 = Release|Any CPU
		{36F415B5-4101-476A-9BD2-F18A5879F388}.Debug|Any CPU.ActiveCfg = Debug|Any CPU
		{36F415B5-4101-476A-9BD2-F18A5879F388}.Debug|Any CPU.Build.0 = Debug|Any CPU
		{36F415B5-4101-476A-9BD2-F18A5879F388}.Release|Any CPU.ActiveCfg = Release|Any CPU
		{36F415B5-4101-476A-9BD2-F18A5879F388}.Release|Any CPU.Build.0 = Release|Any CPU
		{A2B05AD3-06DA-46E6-8662-DD9757F547B4}.Debug|Any CPU.ActiveCfg = Debug|Any CPU
		{A2B05AD3-06DA-46E6-8662-DD9757F547B4}.Debug|Any CPU.Build.0 = Debug|Any CPU
		{A2B05AD3-06DA-46E6-8662-DD9757F547B4}.Release|Any CPU.ActiveCfg = Release|Any CPU
		{A2B05AD3-06DA-46E6-8662-DD9757F547B4}.Release|Any CPU.Build.0 = Release|Any CPU
		{767E3E1E-43AF-4A7D-8638-84E81EB13F6E}.Debug|Any CPU.ActiveCfg = Debug|Any CPU
		{767E3E1E-43AF-4A7D-8638-84E81EB13F6E}.Debug|Any CPU.Build.0 = Debug|Any CPU
		{767E3E1E-43AF-4A7D-8638-84E81EB13F6E}.Release|Any CPU.ActiveCfg = Release|Any CPU
		{767E3E1E-43AF-4A7D-8638-84E81EB13F6E}.Release|Any CPU.Build.0 = Release|Any CPU
		{F81AF4DE-30BC-48F3-B396-27087997B700}.Debug|Any CPU.ActiveCfg = Debug|Any CPU
		{F81AF4DE-30BC-48F3-B396-27087997B700}.Debug|Any CPU.Build.0 = Debug|Any CPU
		{F81AF4DE-30BC-48F3-B396-27087997B700}.Release|Any CPU.ActiveCfg = Release|Any CPU
		{F81AF4DE-30BC-48F3-B396-27087997B700}.Release|Any CPU.Build.0 = Release|Any CPU
		{D6C18FBF-8D79-4817-940C-BF066E4E363A}.Debug|Any CPU.ActiveCfg = Debug|Any CPU
		{D6C18FBF-8D79-4817-940C-BF066E4E363A}.Debug|Any CPU.Build.0 = Debug|Any CPU
		{D6C18FBF-8D79-4817-940C-BF066E4E363A}.Release|Any CPU.ActiveCfg = Release|Any CPU
		{D6C18FBF-8D79-4817-940C-BF066E4E363A}.Release|Any CPU.Build.0 = Release|Any CPU
		{5BABC322-0C56-4477-978A-8EF49D7901B3}.Debug|Any CPU.ActiveCfg = Debug|Any CPU
		{5BABC322-0C56-4477-978A-8EF49D7901B3}.Debug|Any CPU.Build.0 = Debug|Any CPU
		{5BABC322-0C56-4477-978A-8EF49D7901B3}.Release|Any CPU.ActiveCfg = Release|Any CPU
		{5BABC322-0C56-4477-978A-8EF49D7901B3}.Release|Any CPU.Build.0 = Release|Any CPU
		{76AF1E5A-94AC-44C5-B968-F816CB3A9B2E}.Debug|Any CPU.ActiveCfg = Debug|Any CPU
		{76AF1E5A-94AC-44C5-B968-F816CB3A9B2E}.Debug|Any CPU.Build.0 = Debug|Any CPU
		{76AF1E5A-94AC-44C5-B968-F816CB3A9B2E}.Release|Any CPU.ActiveCfg = Release|Any CPU
		{76AF1E5A-94AC-44C5-B968-F816CB3A9B2E}.Release|Any CPU.Build.0 = Release|Any CPU
		{F6142130-599A-452E-92E9-348D0560E3E7}.Debug|Any CPU.ActiveCfg = Debug|Any CPU
		{F6142130-599A-452E-92E9-348D0560E3E7}.Debug|Any CPU.Build.0 = Debug|Any CPU
		{F6142130-599A-452E-92E9-348D0560E3E7}.Release|Any CPU.ActiveCfg = Release|Any CPU
		{F6142130-599A-452E-92E9-348D0560E3E7}.Release|Any CPU.Build.0 = Release|Any CPU
	EndGlobalSection
	GlobalSection(SolutionProperties) = preSolution
		HideSolutionNode = FALSE
	EndGlobalSection
	GlobalSection(NestedProjects) = preSolution
		{ACD92B72-7D6C-4E61-A72F-3F86B1D81486} = {6074E807-FBBC-41D0-9205-C7B79513D683}
		{A1B92EBC-D4FF-4E5A-BAE4-6DD8AABAA3C0} = {6074E807-FBBC-41D0-9205-C7B79513D683}
		{CEC977D9-D46F-4523-9941-99BCF6B93EFE} = {6074E807-FBBC-41D0-9205-C7B79513D683}
		{9EED8D3C-F0EC-4D07-9021-5B1D8D7F11C2} = {6074E807-FBBC-41D0-9205-C7B79513D683}
		{A3386257-A47B-407B-AB5A-A2CBAF2CEDF9} = {6074E807-FBBC-41D0-9205-C7B79513D683}
		{F5BA5ECB-3C48-4379-9204-5BA30705D801} = {6074E807-FBBC-41D0-9205-C7B79513D683}
		{AA88D78E-377B-4452-864A-C1D5DFB06854} = {3339A04C-D933-4712-A556-F8F1B74B9753}
		{46B22170-3D54-43F4-9474-C9F02DEF3A14} = {3339A04C-D933-4712-A556-F8F1B74B9753}
		{70AF0C8D-A405-48A1-9914-7B6AAC66F1E2} = {6074E807-FBBC-41D0-9205-C7B79513D683}
		{BAB02934-9818-4691-91AF-8B56980C82C7} = {3339A04C-D933-4712-A556-F8F1B74B9753}
	EndGlobalSection
	GlobalSection(ExtensibilityGlobals) = postSolution
		SolutionGuid = {34F221DE-645E-4697-BCC2-818F1F10FE8A}
	EndGlobalSection
EndGlobal
