
Microsoft Visual Studio Solution File, Format Version 12.00
# Visual Studio Version 16
VisualStudioVersion = 16.0.28902.138
MinimumVisualStudioVersion = 15.0.26124.0
Project("{2150E333-8FDC-42A3-9474-1A3956D46DE8}") = "Solution Items", "Solution Items", "{0C509045-8F0C-4864-9FC2-4ABD4AABCB08}"
	ProjectSection(SolutionItems) = preProject
		..\.dockerignore = ..\.dockerignore
		..\.gitignore = ..\.gitignore
		Catalyst.sln.DotSettings = Catalyst.sln.DotSettings
		Common.IntegrationTests.props = Common.IntegrationTests.props
		Common.Projects.props = Common.Projects.props
		Common.TestProjects.props = Common.TestProjects.props
		Common.UnitTests.props = Common.UnitTests.props
		..\CONTRIBUTING.md = ..\CONTRIBUTING.md
		..\COPYING = ..\COPYING
		..\Dockerfile = ..\Dockerfile
		..\GUIDELINES.md = ..\GUIDELINES.md
		..\README.md = ..\README.md
		..\scripts\addLicenseHeader.sh = ..\scripts\addLicenseHeader.sh
		..\scripts\run-node.sh = ..\scripts\run-node.sh
		..\devnet-docker-compose.yml = ..\devnet-docker-compose.yml
		..\azure-pipelines.yml = ..\azure-pipelines.yml
	EndProjectSection
EndProject
Project("{9A19103F-16F7-4668-BE54-9A1E7A4F7556}") = "Catalyst.Core", "Catalyst.Core\Catalyst.Core.csproj", "{70A9269E-666A-4F38-8FCB-BCF96B03FD15}"
EndProject
Project("{9A19103F-16F7-4668-BE54-9A1E7A4F7556}") = "Catalyst.Core.UnitTests", "Catalyst.Core.UnitTests\Catalyst.Core.UnitTests.csproj", "{DB23BB56-8802-4AB1-BAF2-D8ABFF78D01C}"
EndProject
Project("{9A19103F-16F7-4668-BE54-9A1E7A4F7556}") = "Catalyst.TestUtils", "Catalyst.TestUtils\Catalyst.TestUtils.csproj", "{B276137D-FB34-48DB-80CF-ADA34A2D2F96}"
EndProject
Project("{9A19103F-16F7-4668-BE54-9A1E7A4F7556}") = "Catalyst.Cli", "Catalyst.Cli\Catalyst.Cli.csproj", "{065CC0E0-1DE7-4692-990C-B4663A62F044}"
EndProject
Project("{9A19103F-16F7-4668-BE54-9A1E7A4F7556}") = "Catalyst.Cli.IntegrationTests", "Catalyst.Cli.IntegrationTests\Catalyst.Cli.IntegrationTests.csproj", "{402730AA-14E5-4C71-9A50-F1EB5B4180E1}"
EndProject
Project("{9A19103F-16F7-4668-BE54-9A1E7A4F7556}") = "Catalyst.Cli.UnitTests", "Catalyst.Cli.UnitTests\Catalyst.Cli.UnitTests.csproj", "{3E239CE8-A45A-4DD9-ADE3-4DB337F50B44}"
EndProject
Project("{9A19103F-16F7-4668-BE54-9A1E7A4F7556}") = "Catalyst.Node.POA.CE", "Catalyst.Node.POA.CE\Catalyst.Node.POA.CE.csproj", "{D3CCB18E-2C8C-4D69-B090-F39C8420ED54}"
EndProject
Project("{9A19103F-16F7-4668-BE54-9A1E7A4F7556}") = "Catalyst.Node.POA.CE.UnitTests", "Catalyst.Node.POA.CE.UnitTests\Catalyst.Node.POA.CE.UnitTests.csproj", "{4B03A2FD-8898-44A1-89E0-C386E17F1909}"
EndProject
Project("{9A19103F-16F7-4668-BE54-9A1E7A4F7556}") = "Catalyst.Node.POA.CE.IntegrationTests", "Catalyst.Node.POA.CE.IntegrationTests\Catalyst.Node.POA.CE.IntegrationTests.csproj", "{C1F2BB90-BEF9-463D-85AF-95A27069C2AB}"
EndProject
Project("{FAE04EC0-301F-11D3-BF4B-00C04F79EFBC}") = "Catalyst.Simulator", "Catalyst.Simulator\Catalyst.Simulator.csproj", "{EC74EF99-CF2A-4F19-9BE1-0D0639F76C36}"
EndProject
Project("{FAE04EC0-301F-11D3-BF4B-00C04F79EFBC}") = "Catalyst.Abstractions", "Catalyst.Abstractions\Catalyst.Abstractions.csproj", "{91A5F73C-5FE6-4BF3-B437-10FA9DF785E9}"
EndProject
Project("{FAE04EC0-301F-11D3-BF4B-00C04F79EFBC}") = "Catalyst.Core.IntegrationTests", "Catalyst.Core.IntegrationTests\Catalyst.Core.IntegrationTests.csproj", "{86B317E2-3A1E-426D-A20B-C270EBC14CE1}"
EndProject
Project("{2150E333-8FDC-42A3-9474-1A3956D46DE8}") = "nethermind", "nethermind", "{6074E807-FBBC-41D0-9205-C7B79513D683}"
EndProject
Project("{FAE04EC0-301F-11D3-BF4B-00C04F79EFBC}") = "Nethermind.Evm", "..\submodules\nethermind\src\Nethermind\Nethermind.Evm\Nethermind.Evm.csproj", "{ACD92B72-7D6C-4E61-A72F-3F86B1D81486}"
EndProject
Project("{FAE04EC0-301F-11D3-BF4B-00C04F79EFBC}") = "Nethermind.Core", "..\submodules\nethermind\src\Nethermind\Nethermind.Core\Nethermind.Core.csproj", "{A1B92EBC-D4FF-4E5A-BAE4-6DD8AABAA3C0}"
EndProject
Project("{FAE04EC0-301F-11D3-BF4B-00C04F79EFBC}") = "Nethermind.Secp256k1", "..\submodules\nethermind\src\Nethermind\Nethermind.Secp256k1\Nethermind.Secp256k1.csproj", "{CEC977D9-D46F-4523-9941-99BCF6B93EFE}"
EndProject
Project("{FAE04EC0-301F-11D3-BF4B-00C04F79EFBC}") = "Nethermind.Dirichlet.Numerics", "..\submodules\nethermind\src\Dirichlet\Nethermind.Dirichlet.Numerics\Nethermind.Dirichlet.Numerics.csproj", "{AF1AAF8E-77C9-4B86-9093-D54338E5FE5B}"
EndProject
Project("{FAE04EC0-301F-11D3-BF4B-00C04F79EFBC}") = "Nethermind.HashLib", "..\submodules\nethermind\src\Nethermind\Nethermind.HashLib\Nethermind.HashLib.csproj", "{9EED8D3C-F0EC-4D07-9021-5B1D8D7F11C2}"
EndProject
Project("{FAE04EC0-301F-11D3-BF4B-00C04F79EFBC}") = "Nethermind.Logging", "..\submodules\nethermind\src\Nethermind\Nethermind.Logging\Nethermind.Logging.csproj", "{A3386257-A47B-407B-AB5A-A2CBAF2CEDF9}"
EndProject
Project("{FAE04EC0-301F-11D3-BF4B-00C04F79EFBC}") = "Nethermind.Store", "..\submodules\nethermind\src\Nethermind\Nethermind.Store\Nethermind.Store.csproj", "{F5BA5ECB-3C48-4379-9204-5BA30705D801}"
EndProject
Project("{FAE04EC0-301F-11D3-BF4B-00C04F79EFBC}") = "Catalyst.Kvm", "Catalyst.Kvm\Catalyst.Kvm.csproj", "{6A2D2F12-3E0F-4784-A688-56DBB50AB955}"
EndProject
Project("{FAE04EC0-301F-11D3-BF4B-00C04F79EFBC}") = "Catalyst.Kvm.UnitTests", "Catalyst.Kvm.UnitTests\Catalyst.Kvm.UnitTests.csproj", "{6A7861F0-91CF-4BF5-B764-274E69443A11}"
EndProject
Project("{FAE04EC0-301F-11D3-BF4B-00C04F79EFBC}") = "Catalyst.Kvm.IntegrationTests", "Catalyst.Kvm.IntegrationTests\Catalyst.Kvm.IntegrationTests.csproj", "{A0634729-DDE3-47AB-A89D-9AFC2829CEE4}"
EndProject
Global
	GlobalSection(SolutionConfigurationPlatforms) = preSolution
		Debug|Any CPU = Debug|Any CPU
		Release|Any CPU = Release|Any CPU
	EndGlobalSection
	GlobalSection(ProjectConfigurationPlatforms) = postSolution
		{70A9269E-666A-4F38-8FCB-BCF96B03FD15}.Debug|Any CPU.ActiveCfg = Debug|Any CPU
		{70A9269E-666A-4F38-8FCB-BCF96B03FD15}.Debug|Any CPU.Build.0 = Debug|Any CPU
		{70A9269E-666A-4F38-8FCB-BCF96B03FD15}.Release|Any CPU.ActiveCfg = Release|Any CPU
		{70A9269E-666A-4F38-8FCB-BCF96B03FD15}.Release|Any CPU.Build.0 = Release|Any CPU
		{DB23BB56-8802-4AB1-BAF2-D8ABFF78D01C}.Debug|Any CPU.ActiveCfg = Debug|Any CPU
		{DB23BB56-8802-4AB1-BAF2-D8ABFF78D01C}.Debug|Any CPU.Build.0 = Debug|Any CPU
		{DB23BB56-8802-4AB1-BAF2-D8ABFF78D01C}.Release|Any CPU.ActiveCfg = Release|Any CPU
		{DB23BB56-8802-4AB1-BAF2-D8ABFF78D01C}.Release|Any CPU.Build.0 = Release|Any CPU
		{B276137D-FB34-48DB-80CF-ADA34A2D2F96}.Debug|Any CPU.ActiveCfg = Debug|Any CPU
		{B276137D-FB34-48DB-80CF-ADA34A2D2F96}.Debug|Any CPU.Build.0 = Debug|Any CPU
		{B276137D-FB34-48DB-80CF-ADA34A2D2F96}.Release|Any CPU.ActiveCfg = Release|Any CPU
		{B276137D-FB34-48DB-80CF-ADA34A2D2F96}.Release|Any CPU.Build.0 = Release|Any CPU
		{065CC0E0-1DE7-4692-990C-B4663A62F044}.Debug|Any CPU.ActiveCfg = Debug|Any CPU
		{065CC0E0-1DE7-4692-990C-B4663A62F044}.Debug|Any CPU.Build.0 = Debug|Any CPU
		{065CC0E0-1DE7-4692-990C-B4663A62F044}.Release|Any CPU.ActiveCfg = Release|Any CPU
		{065CC0E0-1DE7-4692-990C-B4663A62F044}.Release|Any CPU.Build.0 = Release|Any CPU
		{402730AA-14E5-4C71-9A50-F1EB5B4180E1}.Debug|Any CPU.ActiveCfg = Debug|Any CPU
		{402730AA-14E5-4C71-9A50-F1EB5B4180E1}.Debug|Any CPU.Build.0 = Debug|Any CPU
		{402730AA-14E5-4C71-9A50-F1EB5B4180E1}.Release|Any CPU.ActiveCfg = Release|Any CPU
		{402730AA-14E5-4C71-9A50-F1EB5B4180E1}.Release|Any CPU.Build.0 = Release|Any CPU
		{3E239CE8-A45A-4DD9-ADE3-4DB337F50B44}.Debug|Any CPU.ActiveCfg = Debug|Any CPU
		{3E239CE8-A45A-4DD9-ADE3-4DB337F50B44}.Debug|Any CPU.Build.0 = Debug|Any CPU
		{3E239CE8-A45A-4DD9-ADE3-4DB337F50B44}.Release|Any CPU.ActiveCfg = Release|Any CPU
		{3E239CE8-A45A-4DD9-ADE3-4DB337F50B44}.Release|Any CPU.Build.0 = Release|Any CPU
		{D3CCB18E-2C8C-4D69-B090-F39C8420ED54}.Debug|Any CPU.ActiveCfg = Debug|Any CPU
		{D3CCB18E-2C8C-4D69-B090-F39C8420ED54}.Debug|Any CPU.Build.0 = Debug|Any CPU
		{D3CCB18E-2C8C-4D69-B090-F39C8420ED54}.Release|Any CPU.ActiveCfg = Release|Any CPU
		{D3CCB18E-2C8C-4D69-B090-F39C8420ED54}.Release|Any CPU.Build.0 = Release|Any CPU
		{4B03A2FD-8898-44A1-89E0-C386E17F1909}.Debug|Any CPU.ActiveCfg = Debug|Any CPU
		{4B03A2FD-8898-44A1-89E0-C386E17F1909}.Debug|Any CPU.Build.0 = Debug|Any CPU
		{4B03A2FD-8898-44A1-89E0-C386E17F1909}.Release|Any CPU.ActiveCfg = Release|Any CPU
		{4B03A2FD-8898-44A1-89E0-C386E17F1909}.Release|Any CPU.Build.0 = Release|Any CPU
		{C1F2BB90-BEF9-463D-85AF-95A27069C2AB}.Debug|Any CPU.ActiveCfg = Debug|Any CPU
		{C1F2BB90-BEF9-463D-85AF-95A27069C2AB}.Debug|Any CPU.Build.0 = Debug|Any CPU
		{C1F2BB90-BEF9-463D-85AF-95A27069C2AB}.Release|Any CPU.ActiveCfg = Release|Any CPU
		{C1F2BB90-BEF9-463D-85AF-95A27069C2AB}.Release|Any CPU.Build.0 = Release|Any CPU
		{EC74EF99-CF2A-4F19-9BE1-0D0639F76C36}.Debug|Any CPU.ActiveCfg = Debug|Any CPU
		{EC74EF99-CF2A-4F19-9BE1-0D0639F76C36}.Debug|Any CPU.Build.0 = Debug|Any CPU
		{EC74EF99-CF2A-4F19-9BE1-0D0639F76C36}.Release|Any CPU.ActiveCfg = Release|Any CPU
		{EC74EF99-CF2A-4F19-9BE1-0D0639F76C36}.Release|Any CPU.Build.0 = Release|Any CPU
		{ACD92B72-7D6C-4E61-A72F-3F86B1D81486}.Debug|Any CPU.ActiveCfg = Debug|Any CPU
		{ACD92B72-7D6C-4E61-A72F-3F86B1D81486}.Debug|Any CPU.Build.0 = Debug|Any CPU
		{ACD92B72-7D6C-4E61-A72F-3F86B1D81486}.Release|Any CPU.ActiveCfg = Release|Any CPU
		{ACD92B72-7D6C-4E61-A72F-3F86B1D81486}.Release|Any CPU.Build.0 = Release|Any CPU
		{A1B92EBC-D4FF-4E5A-BAE4-6DD8AABAA3C0}.Debug|Any CPU.ActiveCfg = Debug|Any CPU
		{A1B92EBC-D4FF-4E5A-BAE4-6DD8AABAA3C0}.Debug|Any CPU.Build.0 = Debug|Any CPU
		{A1B92EBC-D4FF-4E5A-BAE4-6DD8AABAA3C0}.Release|Any CPU.ActiveCfg = Release|Any CPU
		{A1B92EBC-D4FF-4E5A-BAE4-6DD8AABAA3C0}.Release|Any CPU.Build.0 = Release|Any CPU
		{CEC977D9-D46F-4523-9941-99BCF6B93EFE}.Debug|Any CPU.ActiveCfg = Debug|Any CPU
		{CEC977D9-D46F-4523-9941-99BCF6B93EFE}.Debug|Any CPU.Build.0 = Debug|Any CPU
		{CEC977D9-D46F-4523-9941-99BCF6B93EFE}.Release|Any CPU.ActiveCfg = Release|Any CPU
		{CEC977D9-D46F-4523-9941-99BCF6B93EFE}.Release|Any CPU.Build.0 = Release|Any CPU
		{AF1AAF8E-77C9-4B86-9093-D54338E5FE5B}.Debug|Any CPU.ActiveCfg = Debug|Any CPU
		{AF1AAF8E-77C9-4B86-9093-D54338E5FE5B}.Debug|Any CPU.Build.0 = Debug|Any CPU
		{AF1AAF8E-77C9-4B86-9093-D54338E5FE5B}.Release|Any CPU.ActiveCfg = Release|Any CPU
		{AF1AAF8E-77C9-4B86-9093-D54338E5FE5B}.Release|Any CPU.Build.0 = Release|Any CPU
		{9EED8D3C-F0EC-4D07-9021-5B1D8D7F11C2}.Debug|Any CPU.ActiveCfg = Debug|Any CPU
		{9EED8D3C-F0EC-4D07-9021-5B1D8D7F11C2}.Debug|Any CPU.Build.0 = Debug|Any CPU
		{9EED8D3C-F0EC-4D07-9021-5B1D8D7F11C2}.Release|Any CPU.ActiveCfg = Release|Any CPU
		{9EED8D3C-F0EC-4D07-9021-5B1D8D7F11C2}.Release|Any CPU.Build.0 = Release|Any CPU
		{A3386257-A47B-407B-AB5A-A2CBAF2CEDF9}.Debug|Any CPU.ActiveCfg = Debug|Any CPU
		{A3386257-A47B-407B-AB5A-A2CBAF2CEDF9}.Debug|Any CPU.Build.0 = Debug|Any CPU
		{A3386257-A47B-407B-AB5A-A2CBAF2CEDF9}.Release|Any CPU.ActiveCfg = Release|Any CPU
		{A3386257-A47B-407B-AB5A-A2CBAF2CEDF9}.Release|Any CPU.Build.0 = Release|Any CPU
		{F5BA5ECB-3C48-4379-9204-5BA30705D801}.Debug|Any CPU.ActiveCfg = Debug|Any CPU
		{F5BA5ECB-3C48-4379-9204-5BA30705D801}.Debug|Any CPU.Build.0 = Debug|Any CPU
		{F5BA5ECB-3C48-4379-9204-5BA30705D801}.Release|Any CPU.ActiveCfg = Release|Any CPU
		{F5BA5ECB-3C48-4379-9204-5BA30705D801}.Release|Any CPU.Build.0 = Release|Any CPU
		{6A2D2F12-3E0F-4784-A688-56DBB50AB955}.Debug|Any CPU.ActiveCfg = Debug|Any CPU
		{6A2D2F12-3E0F-4784-A688-56DBB50AB955}.Debug|Any CPU.Build.0 = Debug|Any CPU
		{6A2D2F12-3E0F-4784-A688-56DBB50AB955}.Release|Any CPU.ActiveCfg = Release|Any CPU
		{6A2D2F12-3E0F-4784-A688-56DBB50AB955}.Release|Any CPU.Build.0 = Release|Any CPU
		{6A7861F0-91CF-4BF5-B764-274E69443A11}.Debug|Any CPU.ActiveCfg = Debug|Any CPU
		{6A7861F0-91CF-4BF5-B764-274E69443A11}.Debug|Any CPU.Build.0 = Debug|Any CPU
		{6A7861F0-91CF-4BF5-B764-274E69443A11}.Release|Any CPU.ActiveCfg = Release|Any CPU
		{6A7861F0-91CF-4BF5-B764-274E69443A11}.Release|Any CPU.Build.0 = Release|Any CPU
		{A0634729-DDE3-47AB-A89D-9AFC2829CEE4}.Debug|Any CPU.ActiveCfg = Debug|Any CPU
		{A0634729-DDE3-47AB-A89D-9AFC2829CEE4}.Debug|Any CPU.Build.0 = Debug|Any CPU
		{A0634729-DDE3-47AB-A89D-9AFC2829CEE4}.Release|Any CPU.ActiveCfg = Release|Any CPU
		{A0634729-DDE3-47AB-A89D-9AFC2829CEE4}.Release|Any CPU.Build.0 = Release|Any CPU
		{91A5F73C-5FE6-4BF3-B437-10FA9DF785E9}.Debug|Any CPU.ActiveCfg = Debug|Any CPU
		{91A5F73C-5FE6-4BF3-B437-10FA9DF785E9}.Debug|Any CPU.Build.0 = Debug|Any CPU
		{91A5F73C-5FE6-4BF3-B437-10FA9DF785E9}.Release|Any CPU.ActiveCfg = Release|Any CPU
		{91A5F73C-5FE6-4BF3-B437-10FA9DF785E9}.Release|Any CPU.Build.0 = Release|Any CPU
		{86B317E2-3A1E-426D-A20B-C270EBC14CE1}.Debug|Any CPU.ActiveCfg = Debug|Any CPU
		{86B317E2-3A1E-426D-A20B-C270EBC14CE1}.Debug|Any CPU.Build.0 = Debug|Any CPU
		{86B317E2-3A1E-426D-A20B-C270EBC14CE1}.Release|Any CPU.ActiveCfg = Release|Any CPU
		{86B317E2-3A1E-426D-A20B-C270EBC14CE1}.Release|Any CPU.Build.0 = Release|Any CPU
	EndGlobalSection
	GlobalSection(SolutionProperties) = preSolution
		HideSolutionNode = FALSE
	EndGlobalSection
	GlobalSection(ExtensibilityGlobals) = postSolution
		SolutionGuid = {34F221DE-645E-4697-BCC2-818F1F10FE8A}
	EndGlobalSection
	GlobalSection(NestedProjects) = preSolution
		{ACD92B72-7D6C-4E61-A72F-3F86B1D81486} = {6074E807-FBBC-41D0-9205-C7B79513D683}
		{A1B92EBC-D4FF-4E5A-BAE4-6DD8AABAA3C0} = {6074E807-FBBC-41D0-9205-C7B79513D683}
		{CEC977D9-D46F-4523-9941-99BCF6B93EFE} = {6074E807-FBBC-41D0-9205-C7B79513D683}
		{AF1AAF8E-77C9-4B86-9093-D54338E5FE5B} = {6074E807-FBBC-41D0-9205-C7B79513D683}
		{9EED8D3C-F0EC-4D07-9021-5B1D8D7F11C2} = {6074E807-FBBC-41D0-9205-C7B79513D683}
		{A3386257-A47B-407B-AB5A-A2CBAF2CEDF9} = {6074E807-FBBC-41D0-9205-C7B79513D683}
		{F5BA5ECB-3C48-4379-9204-5BA30705D801} = {6074E807-FBBC-41D0-9205-C7B79513D683}
	EndGlobalSection
EndGlobal
